// !$*UTF8*$!
{
	archiveVersion = 1;
	classes = {
	};
	objectVersion = 46;
	objects = {

/* Begin PBXBuildFile section */
		2A9235D20E2FB5D2001EA6E3 /* AppContext.cpp in Sources */ = {isa = PBXBuildFile; fileRef = 2A9235CC0E2FB5D2001EA6E3 /* AppContext.cpp */; };
		2A9235D30E2FB5D2001EA6E3 /* Main.cpp in Sources */ = {isa = PBXBuildFile; fileRef = 2A9235CD0E2FB5D2001EA6E3 /* Main.cpp */; };
		2A9235D40E2FB5D2001EA6E3 /* Plugin.cpp in Sources */ = {isa = PBXBuildFile; fileRef = 2A9235CE0E2FB5D2001EA6E3 /* Plugin.cpp */; };
		2A9235D70E2FB5D2001EA6E3 /* Suites.cpp in Sources */ = {isa = PBXBuildFile; fileRef = 2A9235D10E2FB5D2001EA6E3 /* Suites.cpp */; };
		2A9235DD0E2FB5EC001EA6E3 /* IAIUnicodeString.cpp in Sources */ = {isa = PBXBuildFile; fileRef = 2A9235DA0E2FB5EC001EA6E3 /* IAIUnicodeString.cpp */; };
		2AE03E3E0CF6F76A00C6B585 /* IllustratorSDK.cpp in Sources */ = {isa = PBXBuildFile; fileRef = 2AE03E3D0CF6F76A00C6B585 /* IllustratorSDK.cpp */; };
		6868C925150BA192003DAAF2 /* ColorToolsID.h in Headers */ = {isa = PBXBuildFile; fileRef = 6868C920150BA192003DAAF2 /* ColorToolsID.h */; };
		6868C926150BA192003DAAF2 /* ColorToolsPlugin.cpp in Sources */ = {isa = PBXBuildFile; fileRef = 6868C921150BA192003DAAF2 /* ColorToolsPlugin.cpp */; };
		6868C927150BA192003DAAF2 /* ColorToolsPlugin.h in Headers */ = {isa = PBXBuildFile; fileRef = 6868C922150BA192003DAAF2 /* ColorToolsPlugin.h */; };
		6868C928150BA192003DAAF2 /* ColorToolsSuites.cpp in Sources */ = {isa = PBXBuildFile; fileRef = 6868C923150BA192003DAAF2 /* ColorToolsSuites.cpp */; };
		6868C929150BA192003DAAF2 /* ColorToolsSuites.h in Headers */ = {isa = PBXBuildFile; fileRef = 6868C924150BA192003DAAF2 /* ColorToolsSuites.h */; };
		6868C941150BA219003DAAF2 /* ColorTools.r in Rez */ = {isa = PBXBuildFile; fileRef = 6868C940150BA219003DAAF2 /* ColorTools.r */; };
		68B2247215063ED00035B025 /* SDKAboutPluginsHelper.cpp in Sources */ = {isa = PBXBuildFile; fileRef = 68B2247115063ED00035B025 /* SDKAboutPluginsHelper.cpp */; };
		9E9C47171423A25E004EA572 /* FlashUIController.cpp in Sources */ = {isa = PBXBuildFile; fileRef = 9E9C47151423A25E004EA572 /* FlashUIController.cpp */; };
		9E9C475A1423AD0C004EA572 /* IAIFilePath.cpp in Sources */ = {isa = PBXBuildFile; fileRef = 9E9C47591423AD0C004EA572 /* IAIFilePath.cpp */; };
		C4A3F955134C5AA500128D2D /* Cocoa.framework in Frameworks */ = {isa = PBXBuildFile; fileRef = C4A3F954134C5AA500128D2D /* Cocoa.framework */; };
		E3A4392A1A2E3C4E00182823 /* IText.cpp in Sources */ = {isa = PBXBuildFile; fileRef = E3A439291A2E3C4E00182823 /* IText.cpp */; };
		E3A4392D1A2E3C7B00182823 /* IThrowException.cpp in Sources */ = {isa = PBXBuildFile; fileRef = E3A4392C1A2E3C7B00182823 /* IThrowException.cpp */; };
		E3AB01A01A1BDCB70061D19F /* FixBlack.cpp in Sources */ = {isa = PBXBuildFile; fileRef = E3AB019E1A1BDCB70061D19F /* FixBlack.cpp */; };
		E3AB01A11A1BDCB70061D19F /* FixBlack.h in Headers */ = {isa = PBXBuildFile; fileRef = E3AB019F1A1BDCB70061D19F /* FixBlack.h */; };
		E3AB01A51A1BDD700061D19F /* ColorFuncs.cpp in Sources */ = {isa = PBXBuildFile; fileRef = E3AB01A31A1BDD700061D19F /* ColorFuncs.cpp */; };
		E3AB01A61A1BDD700061D19F /* ColorFuncs.h in Headers */ = {isa = PBXBuildFile; fileRef = E3AB01A41A1BDD700061D19F /* ColorFuncs.h */; };
		E3AB01A91A1BE0290061D19F /* ATEFuncs.cpp in Sources */ = {isa = PBXBuildFile; fileRef = E3AB01A71A1BE0290061D19F /* ATEFuncs.cpp */; };
		E3AB01AA1A1BE0290061D19F /* ATEFuncs.h in Headers */ = {isa = PBXBuildFile; fileRef = E3AB01A81A1BE0290061D19F /* ATEFuncs.h */; };
		F90DCE1E1AE7F64E002B36C0 /* IAIRect.h in Headers */ = {isa = PBXBuildFile; fileRef = F90DCE1D1AE7F64E002B36C0 /* IAIRect.h */; };
		F953355D1A92220400BA5AD5 /* BtColor.cpp in Sources */ = {isa = PBXBuildFile; fileRef = F953355B1A92220300BA5AD5 /* BtColor.cpp */; };
		F953355E1A92220400BA5AD5 /* BtColor.h in Headers */ = {isa = PBXBuildFile; fileRef = F953355C1A92220400BA5AD5 /* BtColor.h */; };
		F9722DDF1A976FB6002492E0 /* BtSwatchList.cpp in Sources */ = {isa = PBXBuildFile; fileRef = F9722DDD1A976FB6002492E0 /* BtSwatchList.cpp */; };
		F9722DE01A976FB6002492E0 /* BtSwatchList.h in Headers */ = {isa = PBXBuildFile; fileRef = F9722DDE1A976FB6002492E0 /* BtSwatchList.h */; };
		F976FE6A1B0BC2D3006BFB48 /* ColorToolsUIController.cpp in Sources */ = {isa = PBXBuildFile; fileRef = F976FE681B0BC2D3006BFB48 /* ColorToolsUIController.cpp */; };
		F976FE6B1B0BC2D3006BFB48 /* ColorToolsUIController.h in Headers */ = {isa = PBXBuildFile; fileRef = F976FE691B0BC2D3006BFB48 /* ColorToolsUIController.h */; };
		F976FE711B0BCACE006BFB48 /* SDKPlugPlug.cpp in Sources */ = {isa = PBXBuildFile; fileRef = F976FE701B0BCACE006BFB48 /* SDKPlugPlug.cpp */; };
		F9AF52081BC55486001AFEA2 /* ReplaceData.cpp in Sources */ = {isa = PBXBuildFile; fileRef = F9AF52061BC55486001AFEA2 /* ReplaceData.cpp */; };
		F9AF52091BC55486001AFEA2 /* ReplaceData.h in Headers */ = {isa = PBXBuildFile; fileRef = F9AF52071BC55486001AFEA2 /* ReplaceData.h */; };
		F9FEE7091B0E1B0C00DA45E4 /* FindReplaceGraphics.cpp in Sources */ = {isa = PBXBuildFile; fileRef = F9FEE7071B0E1B0C00DA45E4 /* FindReplaceGraphics.cpp */; };
		F9FEE70A1B0E1B0C00DA45E4 /* FindReplaceGraphics.h in Headers */ = {isa = PBXBuildFile; fileRef = F9FEE7081B0E1B0C00DA45E4 /* FindReplaceGraphics.h */; };
/* End PBXBuildFile section */

/* Begin PBXFileReference section */
		2A9235CC0E2FB5D2001EA6E3 /* AppContext.cpp */ = {isa = PBXFileReference; fileEncoding = 30; lastKnownFileType = sourcecode.cpp.cpp; name = AppContext.cpp; path = ../common/source/AppContext.cpp; sourceTree = SOURCE_ROOT; };
		2A9235CD0E2FB5D2001EA6E3 /* Main.cpp */ = {isa = PBXFileReference; fileEncoding = 30; lastKnownFileType = sourcecode.cpp.cpp; name = Main.cpp; path = ../common/source/Main.cpp; sourceTree = SOURCE_ROOT; };
		2A9235CE0E2FB5D2001EA6E3 /* Plugin.cpp */ = {isa = PBXFileReference; fileEncoding = 30; lastKnownFileType = sourcecode.cpp.cpp; name = Plugin.cpp; path = ../common/source/Plugin.cpp; sourceTree = SOURCE_ROOT; };
		2A9235D10E2FB5D2001EA6E3 /* Suites.cpp */ = {isa = PBXFileReference; fileEncoding = 30; lastKnownFileType = sourcecode.cpp.cpp; name = Suites.cpp; path = ../common/source/Suites.cpp; sourceTree = SOURCE_ROOT; };
		2A9235DA0E2FB5EC001EA6E3 /* IAIUnicodeString.cpp */ = {isa = PBXFileReference; fileEncoding = 30; lastKnownFileType = sourcecode.cpp.cpp; name = IAIUnicodeString.cpp; path = ../../illustratorapi/illustrator/IAIUnicodeString.cpp; sourceTree = SOURCE_ROOT; };
		2AE03E3D0CF6F76A00C6B585 /* IllustratorSDK.cpp */ = {isa = PBXFileReference; fileEncoding = 30; lastKnownFileType = sourcecode.cpp.cpp; name = IllustratorSDK.cpp; path = ../common/source/IllustratorSDK.cpp; sourceTree = SOURCE_ROOT; };
		6868C920150BA192003DAAF2 /* ColorToolsID.h */ = {isa = PBXFileReference; fileEncoding = 4; lastKnownFileType = sourcecode.c.h; name = ColorToolsID.h; path = Source/ColorToolsID.h; sourceTree = "<group>"; };
		6868C921150BA192003DAAF2 /* ColorToolsPlugin.cpp */ = {isa = PBXFileReference; fileEncoding = 4; lastKnownFileType = sourcecode.cpp.cpp; name = ColorToolsPlugin.cpp; path = Source/ColorToolsPlugin.cpp; sourceTree = "<group>"; };
		6868C922150BA192003DAAF2 /* ColorToolsPlugin.h */ = {isa = PBXFileReference; fileEncoding = 4; lastKnownFileType = sourcecode.c.h; name = ColorToolsPlugin.h; path = Source/ColorToolsPlugin.h; sourceTree = "<group>"; };
		6868C923150BA192003DAAF2 /* ColorToolsSuites.cpp */ = {isa = PBXFileReference; fileEncoding = 4; lastKnownFileType = sourcecode.cpp.cpp; name = ColorToolsSuites.cpp; path = Source/ColorToolsSuites.cpp; sourceTree = "<group>"; };
		6868C924150BA192003DAAF2 /* ColorToolsSuites.h */ = {isa = PBXFileReference; fileEncoding = 4; lastKnownFileType = sourcecode.c.h; name = ColorToolsSuites.h; path = Source/ColorToolsSuites.h; sourceTree = "<group>"; };
		6868C940150BA219003DAAF2 /* ColorTools.r */ = {isa = PBXFileReference; fileEncoding = 4; lastKnownFileType = sourcecode.rez; name = ColorTools.r; path = Resources/Mac/ColorTools.r; sourceTree = "<group>"; };
		68B2247115063ED00035B025 /* SDKAboutPluginsHelper.cpp */ = {isa = PBXFileReference; fileEncoding = 4; lastKnownFileType = sourcecode.cpp.cpp; name = SDKAboutPluginsHelper.cpp; path = ../common/source/SDKAboutPluginsHelper.cpp; sourceTree = SOURCE_ROOT; };
		6EE2BA530A40BB2600CC7CE2 /* ColorTools.aip */ = {isa = PBXFileReference; explicitFileType = wrapper.cfbundle; includeInIndex = 0; path = ColorTools.aip; sourceTree = BUILT_PRODUCTS_DIR; };
		9E9C47151423A25E004EA572 /* FlashUIController.cpp */ = {isa = PBXFileReference; fileEncoding = 4; lastKnownFileType = sourcecode.cpp.cpp; name = FlashUIController.cpp; path = ../common/source/FlashUIController.cpp; sourceTree = SOURCE_ROOT; };
		9E9C47591423AD0C004EA572 /* IAIFilePath.cpp */ = {isa = PBXFileReference; fileEncoding = 4; lastKnownFileType = sourcecode.cpp.cpp; name = IAIFilePath.cpp; path = ../../illustratorapi/illustrator/IAIFilePath.cpp; sourceTree = SOURCE_ROOT; };
		C4A3F954134C5AA500128D2D /* Cocoa.framework */ = {isa = PBXFileReference; lastKnownFileType = wrapper.framework; name = Cocoa.framework; path = /System/Library/Frameworks/Cocoa.framework; sourceTree = "<absolute>"; };
		E3A439291A2E3C4E00182823 /* IText.cpp */ = {isa = PBXFileReference; fileEncoding = 4; lastKnownFileType = sourcecode.cpp.cpp; name = IText.cpp; path = ../../illustratorapi/ate/IText.cpp; sourceTree = "<group>"; };
		E3A4392C1A2E3C7B00182823 /* IThrowException.cpp */ = {isa = PBXFileReference; fileEncoding = 4; lastKnownFileType = sourcecode.cpp.cpp; name = IThrowException.cpp; path = ../../illustratorapi/ate/IThrowException.cpp; sourceTree = "<group>"; };
		E3AB019E1A1BDCB70061D19F /* FixBlack.cpp */ = {isa = PBXFileReference; fileEncoding = 4; lastKnownFileType = sourcecode.cpp.cpp; name = FixBlack.cpp; path = Source/FixBlack.cpp; sourceTree = "<group>"; };
		E3AB019F1A1BDCB70061D19F /* FixBlack.h */ = {isa = PBXFileReference; fileEncoding = 4; lastKnownFileType = sourcecode.c.h; name = FixBlack.h; path = Source/FixBlack.h; sourceTree = "<group>"; };
		E3AB01A31A1BDD700061D19F /* ColorFuncs.cpp */ = {isa = PBXFileReference; fileEncoding = 4; lastKnownFileType = sourcecode.cpp.cpp; name = ColorFuncs.cpp; path = "../My Custom Headers/ColorFuncs.cpp"; sourceTree = "<group>"; };
		E3AB01A41A1BDD700061D19F /* ColorFuncs.h */ = {isa = PBXFileReference; fileEncoding = 4; lastKnownFileType = sourcecode.c.h; name = ColorFuncs.h; path = "../My Custom Headers/ColorFuncs.h"; sourceTree = "<group>"; };
		E3AB01A71A1BE0290061D19F /* ATEFuncs.cpp */ = {isa = PBXFileReference; fileEncoding = 4; lastKnownFileType = sourcecode.cpp.cpp; name = ATEFuncs.cpp; path = "../My Custom Headers/ATEFuncs.cpp"; sourceTree = "<group>"; };
		E3AB01A81A1BE0290061D19F /* ATEFuncs.h */ = {isa = PBXFileReference; fileEncoding = 4; lastKnownFileType = sourcecode.c.h; name = ATEFuncs.h; path = "../My Custom Headers/ATEFuncs.h"; sourceTree = "<group>"; };
		F90DCE1D1AE7F64E002B36C0 /* IAIRect.h */ = {isa = PBXFileReference; fileEncoding = 4; lastKnownFileType = sourcecode.c.h; name = IAIRect.h; path = ../../illustratorapi/illustrator/IAIRect.h; sourceTree = "<group>"; };
		F953355B1A92220300BA5AD5 /* BtColor.cpp */ = {isa = PBXFileReference; fileEncoding = 4; lastKnownFileType = sourcecode.cpp.cpp; name = BtColor.cpp; path = "../My Custom Headers/BtColor.cpp"; sourceTree = "<group>"; };
		F953355C1A92220400BA5AD5 /* BtColor.h */ = {isa = PBXFileReference; fileEncoding = 4; lastKnownFileType = sourcecode.c.h; name = BtColor.h; path = "../My Custom Headers/BtColor.h"; sourceTree = "<group>"; };
		F9722DDD1A976FB6002492E0 /* BtSwatchList.cpp */ = {isa = PBXFileReference; fileEncoding = 4; lastKnownFileType = sourcecode.cpp.cpp; name = BtSwatchList.cpp; path = "../My Custom Headers/BtSwatchList.cpp"; sourceTree = "<group>"; };
		F9722DDE1A976FB6002492E0 /* BtSwatchList.h */ = {isa = PBXFileReference; fileEncoding = 4; lastKnownFileType = sourcecode.c.h; name = BtSwatchList.h; path = "../My Custom Headers/BtSwatchList.h"; sourceTree = "<group>"; };
		F976FE681B0BC2D3006BFB48 /* ColorToolsUIController.cpp */ = {isa = PBXFileReference; fileEncoding = 4; lastKnownFileType = sourcecode.cpp.cpp; name = ColorToolsUIController.cpp; path = Source/ColorToolsUIController.cpp; sourceTree = "<group>"; };
		F976FE691B0BC2D3006BFB48 /* ColorToolsUIController.h */ = {isa = PBXFileReference; fileEncoding = 4; lastKnownFileType = sourcecode.c.h; name = ColorToolsUIController.h; path = Source/ColorToolsUIController.h; sourceTree = "<group>"; };
		F976FE701B0BCACE006BFB48 /* SDKPlugPlug.cpp */ = {isa = PBXFileReference; fileEncoding = 4; lastKnownFileType = sourcecode.cpp.cpp; name = SDKPlugPlug.cpp; path = ../common/source/SDKPlugPlug.cpp; sourceTree = "<group>"; };
		F9AF52061BC55486001AFEA2 /* ReplaceData.cpp */ = {isa = PBXFileReference; fileEncoding = 4; lastKnownFileType = sourcecode.cpp.cpp; name = ReplaceData.cpp; path = Source/ReplaceData.cpp; sourceTree = "<group>"; };
		F9AF52071BC55486001AFEA2 /* ReplaceData.h */ = {isa = PBXFileReference; fileEncoding = 4; lastKnownFileType = sourcecode.c.h; name = ReplaceData.h; path = Source/ReplaceData.h; sourceTree = "<group>"; };
		F9FEE7071B0E1B0C00DA45E4 /* FindReplaceGraphics.cpp */ = {isa = PBXFileReference; fileEncoding = 4; lastKnownFileType = sourcecode.cpp.cpp; name = FindReplaceGraphics.cpp; path = Source/FindReplaceGraphics.cpp; sourceTree = "<group>"; };
		F9FEE7081B0E1B0C00DA45E4 /* FindReplaceGraphics.h */ = {isa = PBXFileReference; fileEncoding = 4; lastKnownFileType = sourcecode.c.h; name = FindReplaceGraphics.h; path = Source/FindReplaceGraphics.h; sourceTree = "<group>"; };
/* End PBXFileReference section */

/* Begin PBXFrameworksBuildPhase section */
		508817D209F0C9AD0071BF1A /* Frameworks */ = {
			isa = PBXFrameworksBuildPhase;
			buildActionMask = 2147483647;
			files = (
				C4A3F955134C5AA500128D2D /* Cocoa.framework in Frameworks */,
			);
			runOnlyForDeploymentPostprocessing = 0;
		};
/* End PBXFrameworksBuildPhase section */

/* Begin PBXGroup section */
		2A7772AA0BE6387700A9D493 /* Shared */ = {
			isa = PBXGroup;
			children = (
				2A9235CC0E2FB5D2001EA6E3 /* AppContext.cpp */,
				9E9C47151423A25E004EA572 /* FlashUIController.cpp */,
				9E9C47591423AD0C004EA572 /* IAIFilePath.cpp */,
				F90DCE1D1AE7F64E002B36C0 /* IAIRect.h */,
				2A9235DA0E2FB5EC001EA6E3 /* IAIUnicodeString.cpp */,
				2AE03E3D0CF6F76A00C6B585 /* IllustratorSDK.cpp */,
				E3A439291A2E3C4E00182823 /* IText.cpp */,
				E3A4392C1A2E3C7B00182823 /* IThrowException.cpp */,
				2A9235CD0E2FB5D2001EA6E3 /* Main.cpp */,
				2A9235CE0E2FB5D2001EA6E3 /* Plugin.cpp */,
				F976FE701B0BCACE006BFB48 /* SDKPlugPlug.cpp */,
				2A9235D10E2FB5D2001EA6E3 /* Suites.cpp */,
			);
			name = Shared;
			sourceTree = "<group>";
		};
		2AE97C910BBC0FAB0041212F /* Sources */ = {
			isa = PBXGroup;
			children = (
				E3AB01A21A1BDD620061D19F /* My Headers */,
				E3AB019E1A1BDCB70061D19F /* FixBlack.cpp */,
				E3AB019F1A1BDCB70061D19F /* FixBlack.h */,
				F9FEE7071B0E1B0C00DA45E4 /* FindReplaceGraphics.cpp */,
				F9FEE7081B0E1B0C00DA45E4 /* FindReplaceGraphics.h */,
				6868C920150BA192003DAAF2 /* ColorToolsID.h */,
				6868C921150BA192003DAAF2 /* ColorToolsPlugin.cpp */,
				6868C922150BA192003DAAF2 /* ColorToolsPlugin.h */,
				F976FE681B0BC2D3006BFB48 /* ColorToolsUIController.cpp */,
				F976FE691B0BC2D3006BFB48 /* ColorToolsUIController.h */,
				F9AF52061BC55486001AFEA2 /* ReplaceData.cpp */,
				F9AF52071BC55486001AFEA2 /* ReplaceData.h */,
				6868C923150BA192003DAAF2 /* ColorToolsSuites.cpp */,
				6868C924150BA192003DAAF2 /* ColorToolsSuites.h */,
				68B2247115063ED00035B025 /* SDKAboutPluginsHelper.cpp */,
				2A7772AA0BE6387700A9D493 /* Shared */,
			);
			name = Sources;
			sourceTree = "<group>";
		};
		508817C209F0C9740071BF1A = {
			isa = PBXGroup;
			children = (
				C4A3F94D134C5A7F00128D2D /* Libraries */,
				2AE97C910BBC0FAB0041212F /* Sources */,
				6EE2BA590A40BDD300CC7CE2 /* Resources */,
				508817D509F0C9AD0071BF1A /* Products */,
			);
			sourceTree = "<group>";
		};
		508817D509F0C9AD0071BF1A /* Products */ = {
			isa = PBXGroup;
			children = (
				6EE2BA530A40BB2600CC7CE2 /* ColorTools.aip */,
			);
			name = Products;
			sourceTree = "<group>";
		};
		6EE2BA590A40BDD300CC7CE2 /* Resources */ = {
			isa = PBXGroup;
			children = (
				6868C940150BA219003DAAF2 /* ColorTools.r */,
			);
			name = Resources;
			sourceTree = "<group>";
		};
		C4A3F94D134C5A7F00128D2D /* Libraries */ = {
			isa = PBXGroup;
			children = (
				C4A3F954134C5AA500128D2D /* Cocoa.framework */,
			);
			name = Libraries;
			sourceTree = "<group>";
		};
		E3AB01A21A1BDD620061D19F /* My Headers */ = {
			isa = PBXGroup;
			children = (
				F953355B1A92220300BA5AD5 /* BtColor.cpp */,
				F953355C1A92220400BA5AD5 /* BtColor.h */,
				F9722DDD1A976FB6002492E0 /* BtSwatchList.cpp */,
				F9722DDE1A976FB6002492E0 /* BtSwatchList.h */,
				E3AB01A71A1BE0290061D19F /* ATEFuncs.cpp */,
				E3AB01A81A1BE0290061D19F /* ATEFuncs.h */,
				E3AB01A31A1BDD700061D19F /* ColorFuncs.cpp */,
				E3AB01A41A1BDD700061D19F /* ColorFuncs.h */,
			);
			name = "My Headers";
			sourceTree = "<group>";
		};
/* End PBXGroup section */

/* Begin PBXHeadersBuildPhase section */
		6EE2BA0A0A40B76300CC7CE2 /* Headers */ = {
			isa = PBXHeadersBuildPhase;
			buildActionMask = 2147483647;
			files = (
				F9722DE01A976FB6002492E0 /* BtSwatchList.h in Headers */,
				6868C925150BA192003DAAF2 /* ColorToolsID.h in Headers */,
				6868C927150BA192003DAAF2 /* ColorToolsPlugin.h in Headers */,
				F9FEE70A1B0E1B0C00DA45E4 /* FindReplaceGraphics.h in Headers */,
				6868C929150BA192003DAAF2 /* ColorToolsSuites.h in Headers */,
				F9AF52091BC55486001AFEA2 /* ReplaceData.h in Headers */,
				F90DCE1E1AE7F64E002B36C0 /* IAIRect.h in Headers */,
				E3AB01A11A1BDCB70061D19F /* FixBlack.h in Headers */,
				F953355E1A92220400BA5AD5 /* BtColor.h in Headers */,
				E3AB01A61A1BDD700061D19F /* ColorFuncs.h in Headers */,
				E3AB01AA1A1BE0290061D19F /* ATEFuncs.h in Headers */,
				F976FE6B1B0BC2D3006BFB48 /* ColorToolsUIController.h in Headers */,
			);
			runOnlyForDeploymentPostprocessing = 0;
		};
/* End PBXHeadersBuildPhase section */

/* Begin PBXNativeTarget section */
		508817D309F0C9AD0071BF1A /* ColorTools */ = {
			isa = PBXNativeTarget;
			buildConfigurationList = 508817D709F0C9AE0071BF1A /* Build configuration list for PBXNativeTarget "ColorTools" */;
			buildPhases = (
				6EE2BA0A0A40B76300CC7CE2 /* Headers */,
				508817D109F0C9AD0071BF1A /* Sources */,
				508817D009F0C9AD0071BF1A /* Resources */,
				508817D209F0C9AD0071BF1A /* Frameworks */,
				6EE2BA0C0A40B77400CC7CE2 /* Rez */,
			);
			buildRules = (
			);
			dependencies = (
			);
			name = ColorTools;
			productName = ColorTools;
			productReference = 6EE2BA530A40BB2600CC7CE2 /* ColorTools.aip */;
			productType = "com.apple.product-type.bundle";
		};
/* End PBXNativeTarget section */

/* Begin PBXProject section */
		508817C409F0C9740071BF1A /* Project object */ = {
			isa = PBXProject;
			attributes = {
				LastUpgradeCheck = 0450;
			};
			buildConfigurationList = 508817C509F0C9740071BF1A /* Build configuration list for PBXProject "ColorTools" */;
			compatibilityVersion = "Xcode 3.2";
			developmentRegion = English;
			hasScannedForEncodings = 0;
			knownRegions = (
				English,
				Japanese,
				French,
				German,
			);
			mainGroup = 508817C209F0C9740071BF1A;
			productRefGroup = 508817D509F0C9AD0071BF1A /* Products */;
			projectDirPath = "";
			projectRoot = "";
			targets = (
				508817D309F0C9AD0071BF1A /* ColorTools */,
			);
		};
/* End PBXProject section */

/* Begin PBXResourcesBuildPhase section */
		508817D009F0C9AD0071BF1A /* Resources */ = {
			isa = PBXResourcesBuildPhase;
			buildActionMask = 2147483647;
			files = (
			);
			runOnlyForDeploymentPostprocessing = 0;
		};
/* End PBXResourcesBuildPhase section */

/* Begin PBXRezBuildPhase section */
		6EE2BA0C0A40B77400CC7CE2 /* Rez */ = {
			isa = PBXRezBuildPhase;
			buildActionMask = 2147483647;
			files = (
				6868C941150BA219003DAAF2 /* ColorTools.r in Rez */,
			);
			runOnlyForDeploymentPostprocessing = 0;
		};
/* End PBXRezBuildPhase section */

/* Begin PBXSourcesBuildPhase section */
		508817D109F0C9AD0071BF1A /* Sources */ = {
			isa = PBXSourcesBuildPhase;
			buildActionMask = 2147483647;
			files = (
				F9722DDF1A976FB6002492E0 /* BtSwatchList.cpp in Sources */,
				2AE03E3E0CF6F76A00C6B585 /* IllustratorSDK.cpp in Sources */,
				2A9235D20E2FB5D2001EA6E3 /* AppContext.cpp in Sources */,
				2A9235D30E2FB5D2001EA6E3 /* Main.cpp in Sources */,
				F976FE6A1B0BC2D3006BFB48 /* ColorToolsUIController.cpp in Sources */,
				2A9235D40E2FB5D2001EA6E3 /* Plugin.cpp in Sources */,
				F9AF52081BC55486001AFEA2 /* ReplaceData.cpp in Sources */,
				2A9235D70E2FB5D2001EA6E3 /* Suites.cpp in Sources */,
				2A9235DD0E2FB5EC001EA6E3 /* IAIUnicodeString.cpp in Sources */,
				9E9C47171423A25E004EA572 /* FlashUIController.cpp in Sources */,
				9E9C475A1423AD0C004EA572 /* IAIFilePath.cpp in Sources */,
				F953355D1A92220400BA5AD5 /* BtColor.cpp in Sources */,
				68B2247215063ED00035B025 /* SDKAboutPluginsHelper.cpp in Sources */,
				6868C926150BA192003DAAF2 /* ColorToolsPlugin.cpp in Sources */,
				F9FEE7091B0E1B0C00DA45E4 /* FindReplaceGraphics.cpp in Sources */,
				6868C928150BA192003DAAF2 /* ColorToolsSuites.cpp in Sources */,
				E3AB01A01A1BDCB70061D19F /* FixBlack.cpp in Sources */,
				E3AB01A51A1BDD700061D19F /* ColorFuncs.cpp in Sources */,
				E3AB01A91A1BE0290061D19F /* ATEFuncs.cpp in Sources */,
				E3A4392A1A2E3C4E00182823 /* IText.cpp in Sources */,
				F976FE711B0BCACE006BFB48 /* SDKPlugPlug.cpp in Sources */,
				E3A4392D1A2E3C7B00182823 /* IThrowException.cpp in Sources */,
			);
			runOnlyForDeploymentPostprocessing = 0;
		};
/* End PBXSourcesBuildPhase section */

/* Begin XCBuildConfiguration section */
		508817C609F0C9740071BF1A /* debug */ = {
			isa = XCBuildConfiguration;
			buildSettings = {
				AI_CONFIGURATION = debug;
				AI_LOCALE = en_US;
				AI_PLATFORM = xcode;
				ALWAYS_SEARCH_USER_PATHS = NO;
				ARCHS = "$(ARCHS_STANDARD_64_BIT)";
				CONFIGURATION_BUILD_DIR = "./../output/mac/$(AI_CONFIGURATION)";
				CONFIGURATION_TEMP_DIR = "$(PROJECT_TEMP_DIR)/Default";
				COPY_PHASE_STRIP = YES;
				DEAD_CODE_STRIPPING = YES;
				DEBUG_INFORMATION_FORMAT = dwarf;
				DSTROOT = "/tmp/$(PROJECT_NAME).dst";
				EXPORTED_SYMBOLS_FILE = "";
				FRAMEWORK_SEARCH_PATHS = "$(FRAMEWORK_SEARCH_PATHS_QUOTED_1)";
				GCC_DEBUGGING_SYMBOLS = used;
				GCC_INCREASE_PRECOMPILED_HEADER_SHARING = YES;
				GCC_INPUT_FILETYPE = sourcecode.cpp.cpp;
				GCC_OPTIMIZATION_LEVEL = 0;
				GCC_PRECOMPILE_PREFIX_HEADER = YES;
				GCC_PREFIX_HEADER = "./../common/includes/IllustratorSDK$(AI_CONFIGURATION).pch";
				GCC_SYMBOLS_PRIVATE_EXTERN = YES;
				GCC_WARN_ABOUT_MISSING_PROTOTYPES = YES;
				GCC_WARN_UNKNOWN_PRAGMAS = YES;
				GCC_WARN_UNUSED_VARIABLE = YES;
				GENERATE_PKGINFO_FILE = YES;
				HEADER_SEARCH_PATHS = (
					"./../../illustratorapi/**",
					"/Developer/Headers/FlatCarbon/**",
					"./**",
					"./../common/**",
					/Users/t431962/Desktop/rapidjson/include/rapidjson,
				);
				INFOPLIST_FILE = ../common/mac/Info.plist;
				INFOPLIST_PREFIX_HEADER = ../common/includes/SDKDef.h;
				INFOPLIST_PREPROCESS = YES;
				LIBRARY_SEARCH_PATHS = "";
				MACOSX_DEPLOYMENT_TARGET = 10.6;
				OBJROOT = .;
				ONLY_LINK_ESSENTIAL_SYMBOLS = YES;
				OTHER_LDFLAGS = "";
				PRECOMPS_INCLUDE_HEADERS_FROM_BUILT_PRODUCTS_DIR = NO;
				PRESERVE_DEAD_CODE_INITS_AND_TERMS = NO;
				PRODUCT_NAME = ColorTools;
				PROJECTNAME = ColorTools;
				REZ_SEARCH_PATHS = "";
				SCAN_ALL_SOURCE_FILES_FOR_INCLUDES = YES;
				SDKROOT = macosx;
				SEPARATE_STRIP = NO;
				SHARED_PRECOMPS_DIR = "./../output/mac/sharedprecompiledheaders/$(AI_CONFIGURATION)";
				SKIP_INSTALL = NO;
				STRIP_INSTALLED_PRODUCT = YES;
				STRIP_STYLE = all;
				SYMROOT = "./../output/mac/$(AI_CONFIGURATION)";
				VALID_ARCHS = "i386 x86_64";
				WRAPPER_EXTENSION = aip;
				ZERO_LINK = NO;
			};
			name = debug;
		};
		508817C709F0C9740071BF1A /* release */ = {
			isa = XCBuildConfiguration;
			buildSettings = {
				AI_CONFIGURATION = release;
				AI_LOCALE = en_US;
				AI_PLATFORM = xcode;
				ALWAYS_SEARCH_USER_PATHS = NO;
				ARCHS = "$(ARCHS_STANDARD_64_BIT)";
				CONFIGURATION_BUILD_DIR = "./../output/mac/$(AI_CONFIGURATION)";
				CONFIGURATION_TEMP_DIR = "$(PROJECT_TEMP_DIR)/Default";
				COPY_PHASE_STRIP = YES;
				DEAD_CODE_STRIPPING = YES;
				DEBUG_INFORMATION_FORMAT = dwarf;
				DSTROOT = "/tmp/$(PROJECT_NAME).dst";
				EXPORTED_SYMBOLS_FILE = "";
				FRAMEWORK_SEARCH_PATHS = "$(FRAMEWORK_SEARCH_PATHS_QUOTED_1)";
				GCC_DEBUGGING_SYMBOLS = used;
				GCC_INCREASE_PRECOMPILED_HEADER_SHARING = YES;
				GCC_INPUT_FILETYPE = sourcecode.cpp.cpp;
				GCC_OPTIMIZATION_LEVEL = 3;
				GCC_PRECOMPILE_PREFIX_HEADER = YES;
				GCC_PREFIX_HEADER = "./../common/includes/IllustratorSDK$(AI_CONFIGURATION).pch";
				GCC_SYMBOLS_PRIVATE_EXTERN = YES;
				GCC_WARN_ABOUT_MISSING_PROTOTYPES = YES;
				GCC_WARN_UNKNOWN_PRAGMAS = YES;
				GCC_WARN_UNUSED_VARIABLE = YES;
				GENERATE_PKGINFO_FILE = YES;
				HEADER_SEARCH_PATHS = (
					"./../../illustratorapi/**",
					"/Developer/Headers/FlatCarbon/**",
					"./**",
					"./../common/**",
					/Users/t431962/Desktop/rapidjson/include/rapidjson,
				);
				INFOPLIST_FILE = ../common/mac/Info.plist;
				INFOPLIST_PREFIX_HEADER = ../common/includes/SDKDef.h;
				INFOPLIST_PREPROCESS = YES;
				LIBRARY_SEARCH_PATHS = "";
				MACOSX_DEPLOYMENT_TARGET = 10.6;
				OBJROOT = .;
				ONLY_LINK_ESSENTIAL_SYMBOLS = YES;
				OTHER_LDFLAGS = "";
				PRECOMPS_INCLUDE_HEADERS_FROM_BUILT_PRODUCTS_DIR = NO;
				PRESERVE_DEAD_CODE_INITS_AND_TERMS = NO;
				PRODUCT_NAME = ColorTools;
				PROJECTNAME = ColorTools;
				REZ_SEARCH_PATHS = "";
				SCAN_ALL_SOURCE_FILES_FOR_INCLUDES = YES;
				SDKROOT = macosx;
				SEPARATE_STRIP = NO;
				SHARED_PRECOMPS_DIR = "./../output/mac/sharedprecompiledheaders/$(AI_CONFIGURATION)";
				SKIP_INSTALL = NO;
				STRIP_INSTALLED_PRODUCT = YES;
				STRIP_STYLE = all;
				SYMROOT = "./../output/mac/$(AI_CONFIGURATION)";
				VALID_ARCHS = "i386 x86_64";
				WRAPPER_EXTENSION = aip;
				ZERO_LINK = NO;
			};
			name = release;
		};
		508817D809F0C9AE0071BF1A /* debug */ = {
			isa = XCBuildConfiguration;
			buildSettings = {
				ARCHS = "$(ARCHS_STANDARD_64_BIT)";
				CLANG_CXX_LANGUAGE_STANDARD = "c++0x";
				CLANG_CXX_LIBRARY = "libc++";
				COMBINE_HIDPI_IMAGES = YES;
				GCC_C_LANGUAGE_STANDARD = "compiler-default";
				GCC_VERSION = com.apple.compilers.llvm.clang.1_0;
				GCC_WARN_ABOUT_MISSING_PROTOTYPES = NO;
				MACOSX_DEPLOYMENT_TARGET = 10.7;
				SDKROOT = macosx;
				STRIP_STYLE = "non-global";
			};
			name = debug;
		};
		508817D909F0C9AE0071BF1A /* release */ = {
			isa = XCBuildConfiguration;
			buildSettings = {
				ARCHS = "$(ARCHS_STANDARD_64_BIT)";
				CLANG_CXX_LANGUAGE_STANDARD = "c++0x";
				CLANG_CXX_LIBRARY = "libc++";
				COMBINE_HIDPI_IMAGES = YES;
				GCC_C_LANGUAGE_STANDARD = "compiler-default";
				GCC_VERSION = com.apple.compilers.llvm.clang.1_0;
				GCC_WARN_ABOUT_MISSING_PROTOTYPES = NO;
				MACOSX_DEPLOYMENT_TARGET = 10.7;
				SDKROOT = macosx;
				STRIP_STYLE = "non-global";
			};
			name = release;
		};
/* End XCBuildConfiguration section */

/* Begin XCConfigurationList section */
		508817C509F0C9740071BF1A /* Build configuration list for PBXProject "ColorTools" */ = {
			isa = XCConfigurationList;
			buildConfigurations = (
				508817C609F0C9740071BF1A /* debug */,
				508817C709F0C9740071BF1A /* release */,
			);
			defaultConfigurationIsVisible = 0;
			defaultConfigurationName = debug;
		};
		508817D709F0C9AE0071BF1A /* Build configuration list for PBXNativeTarget "ColorTools" */ = {
			isa = XCConfigurationList;
			buildConfigurations = (
				508817D809F0C9AE0071BF1A /* debug */,
				508817D909F0C9AE0071BF1A /* release */,
			);
			defaultConfigurationIsVisible = 0;
			defaultConfigurationName = debug;
		};
/* End XCConfigurationList section */
	};
	rootObject = 508817C409F0C9740071BF1A /* Project object */;
}
