// !$*UTF8*$!
{
	archiveVersion = 1;
	classes = {
	};
	objectVersion = 46;
	objects = {

/* Begin PBXBuildFile section */
		DA576AF916E8A8BD00C0AD7E /* SafeguardTools2x.r in Rez */ = {isa = PBXBuildFile; fileRef = DA576AF816E8A8BD00C0AD7E /* SafeguardTools2x.r */; };
		F938CB930B8B9E6D0039754D /* SafeguardTools.r in Rez */ = {isa = PBXBuildFile; fileRef = F938CB920B8B9E6D0039754D /* SafeguardTools.r */; };
		F94536EB260CE96100C14943 /* SafeguardTools.Release.xcconfig in Resources */ = {isa = PBXBuildFile; fileRef = F94536EA260CE96100C14943 /* SafeguardTools.Release.xcconfig */; };
		F945372D260E27AB00C14943 /* Cocoa.framework in Frameworks */ = {isa = PBXBuildFile; fileRef = F945372C260E27AB00C14943 /* Cocoa.framework */; };
		F9667C092608DE7B0026EB06 /* libboost_filesystem.a in Frameworks */ = {isa = PBXBuildFile; fileRef = F9667C082608DE7B0026EB06 /* libboost_filesystem.a */; };
		F9667C0B2608DE8B0026EB06 /* libboost_system.a in Frameworks */ = {isa = PBXBuildFile; fileRef = F9667C0A2608DE8B0026EB06 /* libboost_system.a */; };
		F9667C1B2608DF840026EB06 /* SafeguardToolsPlugin.cpp in Sources */ = {isa = PBXBuildFile; fileRef = F9667C162608DF840026EB06 /* SafeguardToolsPlugin.cpp */; };
		F9667C1C2608DF840026EB06 /* SafeguardToolsPlugin.h in Headers */ = {isa = PBXBuildFile; fileRef = F9667C172608DF840026EB06 /* SafeguardToolsPlugin.h */; };
		F9667C1D2608DF840026EB06 /* SafeguardToolsSuites.h in Headers */ = {isa = PBXBuildFile; fileRef = F9667C182608DF840026EB06 /* SafeguardToolsSuites.h */; };
		F9667C1E2608DF840026EB06 /* SafeguardToolsSuites.cpp in Sources */ = {isa = PBXBuildFile; fileRef = F9667C192608DF840026EB06 /* SafeguardToolsSuites.cpp */; };
		F9667C1F2608DF840026EB06 /* SafeguardToolsID.h in Headers */ = {isa = PBXBuildFile; fileRef = F9667C1A2608DF840026EB06 /* SafeguardToolsID.h */; };
		F9667C2D2608E1690026EB06 /* IAIArtboards.cpp in Sources */ = {isa = PBXBuildFile; fileRef = F9667C2A2608E1690026EB06 /* IAIArtboards.cpp */; };
		F9667C2E2608E1690026EB06 /* IAIUnicodeString.cpp in Sources */ = {isa = PBXBuildFile; fileRef = F9667C2B2608E1690026EB06 /* IAIUnicodeString.cpp */; };
		F9667C2F2608E1690026EB06 /* IAIFilePath.cpp in Sources */ = {isa = PBXBuildFile; fileRef = F9667C2C2608E1690026EB06 /* IAIFilePath.cpp */; };
		F9667C332608E1850026EB06 /* IThrowException.cpp in Sources */ = {isa = PBXBuildFile; fileRef = F9667C312608E1850026EB06 /* IThrowException.cpp */; };
		F9667C342608E1850026EB06 /* IText.cpp in Sources */ = {isa = PBXBuildFile; fileRef = F9667C322608E1850026EB06 /* IText.cpp */; };
		F9667CB22608E2B80026EB06 /* BtLayer.hpp in Headers */ = {isa = PBXBuildFile; fileRef = F9667C562608E2B70026EB06 /* BtLayer.hpp */; };
		F9667CB32608E2B80026EB06 /* ColorList.h in Headers */ = {isa = PBXBuildFile; fileRef = F9667C572608E2B70026EB06 /* ColorList.h */; };
		F9667CB42608E2B80026EB06 /* ICanBeTextRange.h in Headers */ = {isa = PBXBuildFile; fileRef = F9667C582608E2B70026EB06 /* ICanBeTextRange.h */; };
		F9667CB62608E2B80026EB06 /* BtTransformArt.cpp in Sources */ = {isa = PBXBuildFile; fileRef = F9667C5A2608E2B70026EB06 /* BtTransformArt.cpp */; };
		F9667CB72608E2B80026EB06 /* BtAteTextFeatures.cpp in Sources */ = {isa = PBXBuildFile; fileRef = F9667C5B2608E2B70026EB06 /* BtAteTextFeatures.cpp */; };
		F9667CB82608E2B80026EB06 /* BtAteTextFeatures.h in Headers */ = {isa = PBXBuildFile; fileRef = F9667C5C2608E2B70026EB06 /* BtAteTextFeatures.h */; };
		F9667CB92608E2B80026EB06 /* ColorFuncs.h in Headers */ = {isa = PBXBuildFile; fileRef = F9667C5D2608E2B70026EB06 /* ColorFuncs.h */; };
		F9667CBA2608E2B80026EB06 /* IDrawer.h in Headers */ = {isa = PBXBuildFile; fileRef = F9667C5E2608E2B70026EB06 /* IDrawer.h */; };
		F9667CBB2608E2B80026EB06 /* VPB.cpp in Sources */ = {isa = PBXBuildFile; fileRef = F9667C5F2608E2B80026EB06 /* VPB.cpp */; };
		F9667CBC2608E2B80026EB06 /* BtAiMenuItem.cpp in Sources */ = {isa = PBXBuildFile; fileRef = F9667C602608E2B80026EB06 /* BtAiMenuItem.cpp */; };
		F9667CBD2608E2B80026EB06 /* VPB.h in Headers */ = {isa = PBXBuildFile; fileRef = F9667C612608E2B80026EB06 /* VPB.h */; };
		F9667CBE2608E2B80026EB06 /* ColorEnumerator.cpp in Sources */ = {isa = PBXBuildFile; fileRef = F9667C622608E2B80026EB06 /* ColorEnumerator.cpp */; };
		F9667CBF2608E2B80026EB06 /* IDrawable.hpp in Headers */ = {isa = PBXBuildFile; fileRef = F9667C632608E2B80026EB06 /* IDrawable.hpp */; };
		F9667CC02608E2B80026EB06 /* IBtCommand.hpp in Headers */ = {isa = PBXBuildFile; fileRef = F9667C642608E2B80026EB06 /* IBtCommand.hpp */; };
		F9667CC12608E2B80026EB06 /* ColorListChecker.hpp in Headers */ = {isa = PBXBuildFile; fileRef = F9667C652608E2B80026EB06 /* ColorListChecker.hpp */; };
		F9667CC22608E2B80026EB06 /* BtAiMenuItemHandles.cpp in Sources */ = {isa = PBXBuildFile; fileRef = F9667C662608E2B80026EB06 /* BtAiMenuItemHandles.cpp */; };
		F9667CC32608E2B80026EB06 /* BtArtHandle.hpp in Headers */ = {isa = PBXBuildFile; fileRef = F9667C672608E2B80026EB06 /* BtArtHandle.hpp */; };
		F9667CC42608E2B80026EB06 /* ColorList.cpp in Sources */ = {isa = PBXBuildFile; fileRef = F9667C682608E2B80026EB06 /* ColorList.cpp */; };
		F9667CC52608E2B80026EB06 /* BtSwatchList.cpp in Sources */ = {isa = PBXBuildFile; fileRef = F9667C692608E2B80026EB06 /* BtSwatchList.cpp */; };
		F9667CC62608E2B80026EB06 /* AIArtboardMessage.h in Headers */ = {isa = PBXBuildFile; fileRef = F9667C6A2608E2B80026EB06 /* AIArtboardMessage.h */; };
		F9667CC72608E2B80026EB06 /* ExistingFileDeleter.cpp in Sources */ = {isa = PBXBuildFile; fileRef = F9667C6C2608E2B80026EB06 /* ExistingFileDeleter.cpp */; };
		F9667CC82608E2B80026EB06 /* ExistingFileDeleter.h in Headers */ = {isa = PBXBuildFile; fileRef = F9667C6D2608E2B80026EB06 /* ExistingFileDeleter.h */; };
		F9667CC92608E2B80026EB06 /* DirectoryChooser.hpp in Headers */ = {isa = PBXBuildFile; fileRef = F9667C6E2608E2B80026EB06 /* DirectoryChooser.hpp */; };
		F9667CCA2608E2B80026EB06 /* FilesystemResults.hpp in Headers */ = {isa = PBXBuildFile; fileRef = F9667C6F2608E2B80026EB06 /* FilesystemResults.hpp */; };
		F9667CCB2608E2B80026EB06 /* SgPathConstants.hpp in Headers */ = {isa = PBXBuildFile; fileRef = F9667C702608E2B80026EB06 /* SgPathConstants.hpp */; };
		F9667CCC2608E2B80026EB06 /* PathCreator.cpp in Sources */ = {isa = PBXBuildFile; fileRef = F9667C712608E2B80026EB06 /* PathCreator.cpp */; };
		F9667CCD2608E2B80026EB06 /* CommandLineDirectoryChooser.hpp in Headers */ = {isa = PBXBuildFile; fileRef = F9667C722608E2B80026EB06 /* CommandLineDirectoryChooser.hpp */; };
		F9667CCE2608E2B80026EB06 /* CurrentFilenameRetriever.hpp in Headers */ = {isa = PBXBuildFile; fileRef = F9667C732608E2B80026EB06 /* CurrentFilenameRetriever.hpp */; };
		F9667CCF2608E2B80026EB06 /* FilesystemResults.cpp in Sources */ = {isa = PBXBuildFile; fileRef = F9667C742608E2B80026EB06 /* FilesystemResults.cpp */; };
		F9667CD02608E2B80026EB06 /* PathBuilder.h in Headers */ = {isa = PBXBuildFile; fileRef = F9667C752608E2B80026EB06 /* PathBuilder.h */; };
		F9667CD12608E2B80026EB06 /* PathBuilder.cpp in Sources */ = {isa = PBXBuildFile; fileRef = F9667C762608E2B80026EB06 /* PathBuilder.cpp */; };
		F9667CD22608E2B80026EB06 /* AiDirectoryChooser.hpp in Headers */ = {isa = PBXBuildFile; fileRef = F9667C772608E2B80026EB06 /* AiDirectoryChooser.hpp */; };
		F9667CD32608E2B80026EB06 /* PathCreator.h in Headers */ = {isa = PBXBuildFile; fileRef = F9667C782608E2B80026EB06 /* PathCreator.h */; };
		F9667CD42608E2B80026EB06 /* BtDocumentView.hpp in Headers */ = {isa = PBXBuildFile; fileRef = F9667C792608E2B80026EB06 /* BtDocumentView.hpp */; };
		F9667CD52608E2B80026EB06 /* ATEFuncs.h in Headers */ = {isa = PBXBuildFile; fileRef = F9667C7A2608E2B80026EB06 /* ATEFuncs.h */; };
		F9667CD62608E2B80026EB06 /* ATEFuncs.cpp in Sources */ = {isa = PBXBuildFile; fileRef = F9667C7B2608E2B80026EB06 /* ATEFuncs.cpp */; };
		F9667CD72608E2B80026EB06 /* ArtObjectFilter.cpp in Sources */ = {isa = PBXBuildFile; fileRef = F9667C7C2608E2B80026EB06 /* ArtObjectFilter.cpp */; };
		F9667CD82608E2B80026EB06 /* GetIllustratorErrorCode.h in Headers */ = {isa = PBXBuildFile; fileRef = F9667C7D2608E2B80026EB06 /* GetIllustratorErrorCode.h */; };
		F9667CD92608E2B80026EB06 /* BtAiMenuItem.h in Headers */ = {isa = PBXBuildFile; fileRef = F9667C7E2608E2B80026EB06 /* BtAiMenuItem.h */; };
		F9667CDA2608E2B80026EB06 /* ColorEnumerator.hpp in Headers */ = {isa = PBXBuildFile; fileRef = F9667C7F2608E2B80026EB06 /* ColorEnumerator.hpp */; };
		F9667CDB2608E2B80026EB06 /* BtColor.h in Headers */ = {isa = PBXBuildFile; fileRef = F9667C802608E2B80026EB06 /* BtColor.h */; };
		F9667CDC2608E2B80026EB06 /* ColorListChecker.cpp in Sources */ = {isa = PBXBuildFile; fileRef = F9667C812608E2B80026EB06 /* ColorListChecker.cpp */; };
		F9667CDD2608E2B80026EB06 /* ColorFuncs.cpp in Sources */ = {isa = PBXBuildFile; fileRef = F9667C822608E2B80026EB06 /* ColorFuncs.cpp */; };
		F9667CDE2608E2B80026EB06 /* BtArtHandle.cpp in Sources */ = {isa = PBXBuildFile; fileRef = F9667C832608E2B80026EB06 /* BtArtHandle.cpp */; };
		F9667CDF2608E2B80026EB06 /* ArtTree.cpp in Sources */ = {isa = PBXBuildFile; fileRef = F9667C842608E2B80026EB06 /* ArtTree.cpp */; };
		F9667CE02608E2B80026EB06 /* BtDocumentView.cpp in Sources */ = {isa = PBXBuildFile; fileRef = F9667C852608E2B80026EB06 /* BtDocumentView.cpp */; };
		F9667CE12608E2B80026EB06 /* BtArtboardRange.h in Headers */ = {isa = PBXBuildFile; fileRef = F9667C862608E2B80026EB06 /* BtArtboardRange.h */; };
		F9667CE22608E2B80026EB06 /* ArtObjectFilter.hpp in Headers */ = {isa = PBXBuildFile; fileRef = F9667C872608E2B80026EB06 /* ArtObjectFilter.hpp */; };
		F9667CE32608E2B80026EB06 /* BtLayer.cpp in Sources */ = {isa = PBXBuildFile; fileRef = F9667C882608E2B80026EB06 /* BtLayer.cpp */; };
		F9667CE42608E2B80026EB06 /* FilesystemCommand.cpp in Sources */ = {isa = PBXBuildFile; fileRef = F9667C8A2608E2B80026EB06 /* FilesystemCommand.cpp */; };
		F9667CE52608E2B80026EB06 /* ColorListCommand.cpp in Sources */ = {isa = PBXBuildFile; fileRef = F9667C8B2608E2B80026EB06 /* ColorListCommand.cpp */; };
		F9667CE62608E2B80026EB06 /* DrawDrawableCommand.hpp in Headers */ = {isa = PBXBuildFile; fileRef = F9667C8C2608E2B80026EB06 /* DrawDrawableCommand.hpp */; };
		F9667CE72608E2B80026EB06 /* PrintToPdfCommand.cpp in Sources */ = {isa = PBXBuildFile; fileRef = F9667C8D2608E2B80026EB06 /* PrintToPdfCommand.cpp */; };
		F9667CE82608E2B80026EB06 /* ArtObjectCommand.cpp in Sources */ = {isa = PBXBuildFile; fileRef = F9667C8E2608E2B80026EB06 /* ArtObjectCommand.cpp */; };
		F9667CE92608E2B80026EB06 /* DrawDrawableCommand.cpp in Sources */ = {isa = PBXBuildFile; fileRef = F9667C8F2608E2B80026EB06 /* DrawDrawableCommand.cpp */; };
		F9667CEA2608E2B80026EB06 /* ColorListCommand.hpp in Headers */ = {isa = PBXBuildFile; fileRef = F9667C902608E2B80026EB06 /* ColorListCommand.hpp */; };
		F9667CEB2608E2B80026EB06 /* PrintToPdfCommand.hpp in Headers */ = {isa = PBXBuildFile; fileRef = F9667C912608E2B80026EB06 /* PrintToPdfCommand.hpp */; };
		F9667CEC2608E2B80026EB06 /* ArtObjectCommand.hpp in Headers */ = {isa = PBXBuildFile; fileRef = F9667C922608E2B80026EB06 /* ArtObjectCommand.hpp */; };
		F9667CED2608E2B80026EB06 /* FilesystemCommand.hpp in Headers */ = {isa = PBXBuildFile; fileRef = F9667C932608E2B80026EB06 /* FilesystemCommand.hpp */; };
		F9667CEE2608E2B80026EB06 /* BtSwatchList.h in Headers */ = {isa = PBXBuildFile; fileRef = F9667C942608E2B80026EB06 /* BtSwatchList.h */; };
		F9667CEF2608E2B80026EB06 /* ArtTree.h in Headers */ = {isa = PBXBuildFile; fileRef = F9667C952608E2B80026EB06 /* ArtTree.h */; };
		F9667CF02608E2B80026EB06 /* BtTransformArt.hpp in Headers */ = {isa = PBXBuildFile; fileRef = F9667C962608E2B80026EB06 /* BtTransformArt.hpp */; };
		F9667CF12608E2B80026EB06 /* ArtboardNameRetriever.hpp in Headers */ = {isa = PBXBuildFile; fileRef = F9667C972608E2B80026EB06 /* ArtboardNameRetriever.hpp */; };
		F9667CF22608E2B80026EB06 /* BtColor.cpp in Sources */ = {isa = PBXBuildFile; fileRef = F9667C982608E2B80026EB06 /* BtColor.cpp */; };
		F9667CF32608E2B80026EB06 /* BtArtboardRange.cpp in Sources */ = {isa = PBXBuildFile; fileRef = F9667C992608E2B80026EB06 /* BtArtboardRange.cpp */; };
		F9667CF42608E2B80026EB06 /* BtAiMenuItemHandles.h in Headers */ = {isa = PBXBuildFile; fileRef = F9667C9A2608E2B80026EB06 /* BtAiMenuItemHandles.h */; };
		F9667D8F2608EE010026EB06 /* TextTools.h in Headers */ = {isa = PBXBuildFile; fileRef = F9667D342608EE000026EB06 /* TextTools.h */; };
		F9667D902608EE010026EB06 /* TextTools.cpp in Sources */ = {isa = PBXBuildFile; fileRef = F9667D352608EE000026EB06 /* TextTools.cpp */; };
		F9667D912608EE010026EB06 /* FixFreehandType.h in Headers */ = {isa = PBXBuildFile; fileRef = F9667D362608EE000026EB06 /* FixFreehandType.h */; };
		F9667D922608EE010026EB06 /* FixFreehandType.cpp in Sources */ = {isa = PBXBuildFile; fileRef = F9667D372608EE000026EB06 /* FixFreehandType.cpp */; };
		F9667D932608EE010026EB06 /* Plate.cpp in Sources */ = {isa = PBXBuildFile; fileRef = F9667D392608EE000026EB06 /* Plate.cpp */; };
		F9667D942608EE010026EB06 /* TokenCreator.hpp in Headers */ = {isa = PBXBuildFile; fileRef = F9667D3A2608EE010026EB06 /* TokenCreator.hpp */; };
		F9667D952608EE010026EB06 /* PlateNumberToATETextRangeConverter.hpp in Headers */ = {isa = PBXBuildFile; fileRef = F9667D3B2608EE010026EB06 /* PlateNumberToATETextRangeConverter.hpp */; };
		F9667D962608EE010026EB06 /* PlateNumber.h in Headers */ = {isa = PBXBuildFile; fileRef = F9667D3C2608EE010026EB06 /* PlateNumber.h */; };
		F9667D972608EE010026EB06 /* SafeguardJobFile.h in Headers */ = {isa = PBXBuildFile; fileRef = F9667D3D2608EE010026EB06 /* SafeguardJobFile.h */; };
		F9667D982608EE010026EB06 /* PlateNumberToATETextRangeConverter.cpp in Sources */ = {isa = PBXBuildFile; fileRef = F9667D3E2608EE010026EB06 /* PlateNumberToATETextRangeConverter.cpp */; };
		F9667D992608EE010026EB06 /* SafeguardJobFile.cpp in Sources */ = {isa = PBXBuildFile; fileRef = F9667D3F2608EE010026EB06 /* SafeguardJobFile.cpp */; };
		F9667D9A2608EE010026EB06 /* Plate.h in Headers */ = {isa = PBXBuildFile; fileRef = F9667D402608EE010026EB06 /* Plate.h */; };
		F9667D9B2608EE010026EB06 /* PlateNumber.cpp in Sources */ = {isa = PBXBuildFile; fileRef = F9667D412608EE010026EB06 /* PlateNumber.cpp */; };
		F9667D9C2608EE010026EB06 /* SafeguardFileConstants.h in Headers */ = {isa = PBXBuildFile; fileRef = F9667D422608EE010026EB06 /* SafeguardFileConstants.h */; };
		F9667D9D2608EE010026EB06 /* TokenCreator.cpp in Sources */ = {isa = PBXBuildFile; fileRef = F9667D432608EE010026EB06 /* TokenCreator.cpp */; };
		F9667D9E2608EE010026EB06 /* PdfPrinter.cpp in Sources */ = {isa = PBXBuildFile; fileRef = F9667D452608EE010026EB06 /* PdfPrinter.cpp */; };
		F9667D9F2608EE010026EB06 /* PasswordRetriever.cpp in Sources */ = {isa = PBXBuildFile; fileRef = F9667D462608EE010026EB06 /* PasswordRetriever.cpp */; };
		F9667DA02608EE010026EB06 /* TypeToPathsConverter.hpp in Headers */ = {isa = PBXBuildFile; fileRef = F9667D472608EE010026EB06 /* TypeToPathsConverter.hpp */; };
		F9667DA12608EE010026EB06 /* PrintToPdfUIController.cpp in Sources */ = {isa = PBXBuildFile; fileRef = F9667D482608EE010026EB06 /* PrintToPdfUIController.cpp */; };
		F9667DA22608EE010026EB06 /* PdfSettings.cpp in Sources */ = {isa = PBXBuildFile; fileRef = F9667D492608EE010026EB06 /* PdfSettings.cpp */; };
		F9667DA32608EE010026EB06 /* PdfArtObjectCommand.cpp in Sources */ = {isa = PBXBuildFile; fileRef = F9667D4A2608EE010026EB06 /* PdfArtObjectCommand.cpp */; };
		F9667DA42608EE010026EB06 /* PrintToPdfFolderPrefsUIController.cpp in Sources */ = {isa = PBXBuildFile; fileRef = F9667D4B2608EE010026EB06 /* PrintToPdfFolderPrefsUIController.cpp */; };
		F9667DA52608EE010026EB06 /* LayerVisibility.cpp in Sources */ = {isa = PBXBuildFile; fileRef = F9667D4C2608EE010026EB06 /* LayerVisibility.cpp */; };
		F9667DA62608EE010026EB06 /* PdfSettings.h in Headers */ = {isa = PBXBuildFile; fileRef = F9667D4D2608EE010026EB06 /* PdfSettings.h */; };
		F9667DA72608EE010026EB06 /* PasswordRetriever.h in Headers */ = {isa = PBXBuildFile; fileRef = F9667D4E2608EE010026EB06 /* PasswordRetriever.h */; };
		F9667DA82608EE010026EB06 /* PdfArtObjectCommand.hpp in Headers */ = {isa = PBXBuildFile; fileRef = F9667D4F2608EE010026EB06 /* PdfArtObjectCommand.hpp */; };
		F9667DA92608EE010026EB06 /* PrintToPdfFolderPrefsUIController.hpp in Headers */ = {isa = PBXBuildFile; fileRef = F9667D502608EE010026EB06 /* PrintToPdfFolderPrefsUIController.hpp */; };
		F9667DAA2608EE010026EB06 /* PrintToPdfConstants.h in Headers */ = {isa = PBXBuildFile; fileRef = F9667D512608EE010026EB06 /* PrintToPdfConstants.h */; };
		F9667DAB2608EE010026EB06 /* LayerVisibility.hpp in Headers */ = {isa = PBXBuildFile; fileRef = F9667D522608EE010026EB06 /* LayerVisibility.hpp */; };
		F9667DAC2608EE010026EB06 /* PrintToPdfUIController.h in Headers */ = {isa = PBXBuildFile; fileRef = F9667D532608EE010026EB06 /* PrintToPdfUIController.h */; };
		F9667DAD2608EE010026EB06 /* PdfPrinter.h in Headers */ = {isa = PBXBuildFile; fileRef = F9667D542608EE010026EB06 /* PdfPrinter.h */; };
		F9667DAE2608EE010026EB06 /* TypeToPathsConverter.cpp in Sources */ = {isa = PBXBuildFile; fileRef = F9667D552608EE010026EB06 /* TypeToPathsConverter.cpp */; };
		F9667DAF2608EE010026EB06 /* ListFonts.h in Headers */ = {isa = PBXBuildFile; fileRef = F9667D572608EE010026EB06 /* ListFonts.h */; };
		F9667DB02608EE010026EB06 /* ListFonts.cpp in Sources */ = {isa = PBXBuildFile; fileRef = F9667D582608EE010026EB06 /* ListFonts.cpp */; };
		F9667DB12608EE010026EB06 /* PlaceFileSearcher.hpp in Headers */ = {isa = PBXBuildFile; fileRef = F9667D5A2608EE010026EB06 /* PlaceFileSearcher.hpp */; };
		F9667DB22608EE010026EB06 /* FilePlacer.cpp in Sources */ = {isa = PBXBuildFile; fileRef = F9667D5B2608EE010026EB06 /* FilePlacer.cpp */; };
		F9667DB32608EE010026EB06 /* PlaceFileSearchUIController.cpp in Sources */ = {isa = PBXBuildFile; fileRef = F9667D5C2608EE010026EB06 /* PlaceFileSearchUIController.cpp */; };
		F9667DB42608EE010026EB06 /* FilePlacer.hpp in Headers */ = {isa = PBXBuildFile; fileRef = F9667D5D2608EE010026EB06 /* FilePlacer.hpp */; };
		F9667DB52608EE010026EB06 /* PlaceFileSearchUIController.hpp in Headers */ = {isa = PBXBuildFile; fileRef = F9667D5E2608EE010026EB06 /* PlaceFileSearchUIController.hpp */; };
		F9667DB62608EE010026EB06 /* PlaceFileSearcher.cpp in Sources */ = {isa = PBXBuildFile; fileRef = F9667D5F2608EE010026EB06 /* PlaceFileSearcher.cpp */; };
		F9667DB72608EE010026EB06 /* PreferenceWriter.hpp in Headers */ = {isa = PBXBuildFile; fileRef = F9667D612608EE010026EB06 /* PreferenceWriter.hpp */; };
		F9667DB82608EE010026EB06 /* CommandLinePreferenceWriter.hpp in Headers */ = {isa = PBXBuildFile; fileRef = F9667D622608EE010026EB06 /* CommandLinePreferenceWriter.hpp */; };
		F9667DB92608EE010026EB06 /* AiPreferenceWriter.hpp in Headers */ = {isa = PBXBuildFile; fileRef = F9667D632608EE010026EB06 /* AiPreferenceWriter.hpp */; };
		F9667DBA2608EE010026EB06 /* ColorToolsUIController.cpp in Sources */ = {isa = PBXBuildFile; fileRef = F9667D652608EE010026EB06 /* ColorToolsUIController.cpp */; };
		F9667DBB2608EE010026EB06 /* FindReplaceGraphics.cpp in Sources */ = {isa = PBXBuildFile; fileRef = F9667D662608EE010026EB06 /* FindReplaceGraphics.cpp */; };
		F9667DBC2608EE010026EB06 /* FixBlack.h in Headers */ = {isa = PBXBuildFile; fileRef = F9667D672608EE010026EB06 /* FixBlack.h */; };
		F9667DBD2608EE010026EB06 /* FindReplaceGraphics.h in Headers */ = {isa = PBXBuildFile; fileRef = F9667D682608EE010026EB06 /* FindReplaceGraphics.h */; };
		F9667DBE2608EE010026EB06 /* ReplaceDataBuilder.h in Headers */ = {isa = PBXBuildFile; fileRef = F9667D692608EE010026EB06 /* ReplaceDataBuilder.h */; };
		F9667DBF2608EE010026EB06 /* FixBlack.cpp in Sources */ = {isa = PBXBuildFile; fileRef = F9667D6A2608EE010026EB06 /* FixBlack.cpp */; };
		F9667DC02608EE010026EB06 /* ColorToolsUIController.h in Headers */ = {isa = PBXBuildFile; fileRef = F9667D6B2608EE010026EB06 /* ColorToolsUIController.h */; };
		F9667DC12608EE010026EB06 /* ReplaceDataBuilder.cpp in Sources */ = {isa = PBXBuildFile; fileRef = F9667D6C2608EE010026EB06 /* ReplaceDataBuilder.cpp */; };
		F9667DC22608EE010026EB06 /* ReplaceData.cpp in Sources */ = {isa = PBXBuildFile; fileRef = F9667D6D2608EE010026EB06 /* ReplaceData.cpp */; };
		F9667DC32608EE010026EB06 /* ReplaceData.h in Headers */ = {isa = PBXBuildFile; fileRef = F9667D6E2608EE010026EB06 /* ReplaceData.h */; };
		F9667DC42608EE010026EB06 /* BleedInfoController.hpp in Headers */ = {isa = PBXBuildFile; fileRef = F9667D702608EE010026EB06 /* BleedInfoController.hpp */; };
		F9667DC52608EE010026EB06 /* BleedInfoWriter.cpp in Sources */ = {isa = PBXBuildFile; fileRef = F9667D712608EE010026EB06 /* BleedInfoWriter.cpp */; };
		F9667DC62608EE010026EB06 /* SafeguardJobFileDTO.cpp in Sources */ = {isa = PBXBuildFile; fileRef = F9667D722608EE010026EB06 /* SafeguardJobFileDTO.cpp */; };
		F9667DC72608EE010026EB06 /* BleedTextInfoDrawer.cpp in Sources */ = {isa = PBXBuildFile; fileRef = F9667D732608EE010026EB06 /* BleedTextInfoDrawer.cpp */; };
		F9667DC82608EE010026EB06 /* ColorListDrawer.h in Headers */ = {isa = PBXBuildFile; fileRef = F9667D742608EE010026EB06 /* ColorListDrawer.h */; };
		F9667DC92608EE010026EB06 /* TickMarkDrawer.cpp in Sources */ = {isa = PBXBuildFile; fileRef = F9667D752608EE010026EB06 /* TickMarkDrawer.cpp */; };
		F9667DCA2608EE010026EB06 /* BleedInfoPluginArtToArtboardMatcher.cpp in Sources */ = {isa = PBXBuildFile; fileRef = F9667D762608EE010026EB06 /* BleedInfoPluginArtToArtboardMatcher.cpp */; };
		F9667DCB2608EE010026EB06 /* RequiredLayersCreator.cpp in Sources */ = {isa = PBXBuildFile; fileRef = F9667D772608EE010026EB06 /* RequiredLayersCreator.cpp */; };
		F9667DCC2608EE010026EB06 /* BleedInfoDrawableController.h in Headers */ = {isa = PBXBuildFile; fileRef = F9667D782608EE010026EB06 /* BleedInfoDrawableController.h */; };
		F9667DCD2608EE010026EB06 /* BleedInfo.h in Headers */ = {isa = PBXBuildFile; fileRef = F9667D792608EE010026EB06 /* BleedInfo.h */; };
		F9667DCE2608EE010026EB06 /* BleedTextInfoDrawer.h in Headers */ = {isa = PBXBuildFile; fileRef = F9667D7A2608EE010026EB06 /* BleedTextInfoDrawer.h */; };
		F9667DCF2608EE010026EB06 /* TickMarkSettings.cpp in Sources */ = {isa = PBXBuildFile; fileRef = F9667D7B2608EE010026EB06 /* TickMarkSettings.cpp */; };
		F9667DD02608EE010026EB06 /* FileNameDateDrawer.cpp in Sources */ = {isa = PBXBuildFile; fileRef = F9667D7C2608EE010026EB06 /* FileNameDateDrawer.cpp */; };
		F9667DD12608EE010026EB06 /* SgSymbolDrawer.hpp in Headers */ = {isa = PBXBuildFile; fileRef = F9667D7D2608EE010026EB06 /* SgSymbolDrawer.hpp */; };
		F9667DD22608EE010026EB06 /* PlateBleedInfoUIController.hpp in Headers */ = {isa = PBXBuildFile; fileRef = F9667D7E2608EE010026EB06 /* PlateBleedInfoUIController.hpp */; };
		F9667DD32608EE010026EB06 /* ColorListDrawer.cpp in Sources */ = {isa = PBXBuildFile; fileRef = F9667D7F2608EE010026EB06 /* ColorListDrawer.cpp */; };
		F9667DD42608EE010026EB06 /* BleedInfo.cpp in Sources */ = {isa = PBXBuildFile; fileRef = F9667D802608EE010026EB06 /* BleedInfo.cpp */; };
		F9667DD52608EE010026EB06 /* BleedInfoPluginArtToArtboardMatcher.hpp in Headers */ = {isa = PBXBuildFile; fileRef = F9667D812608EE010026EB06 /* BleedInfoPluginArtToArtboardMatcher.hpp */; };
		F9667DD62608EE010026EB06 /* RequiredLayersCreator.hpp in Headers */ = {isa = PBXBuildFile; fileRef = F9667D822608EE010026EB06 /* RequiredLayersCreator.hpp */; };
		F9667DD72608EE010026EB06 /* BleedInfoDrawableController.cpp in Sources */ = {isa = PBXBuildFile; fileRef = F9667D832608EE010026EB06 /* BleedInfoDrawableController.cpp */; };
		F9667DD82608EE010026EB06 /* TickMarkSettings.hpp in Headers */ = {isa = PBXBuildFile; fileRef = F9667D842608EE010026EB06 /* TickMarkSettings.hpp */; };
		F9667DD92608EE010026EB06 /* SgSymbolDrawer.cpp in Sources */ = {isa = PBXBuildFile; fileRef = F9667D852608EE010026EB06 /* SgSymbolDrawer.cpp */; };
		F9667DDA2608EE010026EB06 /* PlateBleedInfoUIController.cpp in Sources */ = {isa = PBXBuildFile; fileRef = F9667D862608EE010026EB06 /* PlateBleedInfoUIController.cpp */; };
		F9667DDB2608EE010026EB06 /* BleedInfoController.cpp in Sources */ = {isa = PBXBuildFile; fileRef = F9667D872608EE010026EB06 /* BleedInfoController.cpp */; };
		F9667DDC2608EE010026EB06 /* BleedInfoWriter.hpp in Headers */ = {isa = PBXBuildFile; fileRef = F9667D882608EE010026EB06 /* BleedInfoWriter.hpp */; };
		F9667DDD2608EE010026EB06 /* SafeguardJobFileDTO.hpp in Headers */ = {isa = PBXBuildFile; fileRef = F9667D892608EE010026EB06 /* SafeguardJobFileDTO.hpp */; };
		F9667DDE2608EE010026EB06 /* FileNameDateDrawer.h in Headers */ = {isa = PBXBuildFile; fileRef = F9667D8A2608EE010026EB06 /* FileNameDateDrawer.h */; };
		F9667DDF2608EE010026EB06 /* TickMarkDrawer.h in Headers */ = {isa = PBXBuildFile; fileRef = F9667D8B2608EE010026EB06 /* TickMarkDrawer.h */; };
		F9667DE02608EE010026EB06 /* DictionaryWriter.cpp in Sources */ = {isa = PBXBuildFile; fileRef = F9667D8D2608EE010026EB06 /* DictionaryWriter.cpp */; };
		F9667DE12608EE010026EB06 /* DictionaryWriter.h in Headers */ = {isa = PBXBuildFile; fileRef = F9667D8E2608EE010026EB06 /* DictionaryWriter.h */; };
		F9667DED2608EF110026EB06 /* com.gosafeguard.SafeguardTools in CopyFiles */ = {isa = PBXBuildFile; fileRef = F9667DE42608EE570026EB06 /* com.gosafeguard.SafeguardTools */; };
		F9667DFE2608F0790026EB06 /* fontlist.txt in Resources */ = {isa = PBXBuildFile; fileRef = F9667DFA2608F0790026EB06 /* fontlist.txt */; };
		F9667E012608F0870026EB06 /* sg_Symbols.ai in CopyFiles */ = {isa = PBXBuildFile; fileRef = F9667DF82608F0790026EB06 /* sg_Symbols.ai */; };
		F9667E032608F08E0026EB06 /* fontlist.txt in CopyFiles */ = {isa = PBXBuildFile; fileRef = F9667DFA2608F0790026EB06 /* fontlist.txt */; };
		F9667E0F260B83C90026EB06 /* AppContext.cpp in Sources */ = {isa = PBXBuildFile; fileRef = F9667E07260B83C80026EB06 /* AppContext.cpp */; };
		F9667E10260B83C90026EB06 /* FlashUIController.cpp in Sources */ = {isa = PBXBuildFile; fileRef = F9667E08260B83C80026EB06 /* FlashUIController.cpp */; };
		F9667E11260B83C90026EB06 /* SDKErrors.cpp in Sources */ = {isa = PBXBuildFile; fileRef = F9667E09260B83C80026EB06 /* SDKErrors.cpp */; };
		F9667E12260B83C90026EB06 /* IllustratorSDK.cpp in Sources */ = {isa = PBXBuildFile; fileRef = F9667E0A260B83C90026EB06 /* IllustratorSDK.cpp */; };
		F9667E13260B83C90026EB06 /* Suites.cpp in Sources */ = {isa = PBXBuildFile; fileRef = F9667E0B260B83C90026EB06 /* Suites.cpp */; };
		F9667E14260B83C90026EB06 /* SDKPlugPlug.cpp in Sources */ = {isa = PBXBuildFile; fileRef = F9667E0C260B83C90026EB06 /* SDKPlugPlug.cpp */; };
		F9667E15260B83C90026EB06 /* Main.cpp in Sources */ = {isa = PBXBuildFile; fileRef = F9667E0D260B83C90026EB06 /* Main.cpp */; };
		F9667E16260B83C90026EB06 /* Plugin.cpp in Sources */ = {isa = PBXBuildFile; fileRef = F9667E0E260B83C90026EB06 /* Plugin.cpp */; };
/* End PBXBuildFile section */

/* Begin PBXCopyFilesBuildPhase section */
		F9667DEC2608EED70026EB06 /* CopyFiles */ = {
			isa = PBXCopyFilesBuildPhase;
			buildActionMask = 2147483647;
			dstPath = "/Library/Application Support/Adobe/CEP/extensions";
			dstSubfolderSpec = 0;
			files = (
				F9667DED2608EF110026EB06 /* com.gosafeguard.SafeguardTools in CopyFiles */,
			);
			runOnlyForDeploymentPostprocessing = 0;
		};
		F9667DEF2608EF1E0026EB06 /* CopyFiles */ = {
			isa = PBXCopyFilesBuildPhase;
			buildActionMask = 2147483647;
			dstPath = "/Applications/Adobe Illustrator 2021/Presets.localized/en_US/Symbols";
			dstSubfolderSpec = 0;
			files = (
				F9667E012608F0870026EB06 /* sg_Symbols.ai in CopyFiles */,
			);
			runOnlyForDeploymentPostprocessing = 0;
		};
		F9667DF32608EFB00026EB06 /* CopyFiles */ = {
			isa = PBXCopyFilesBuildPhase;
			buildActionMask = 2147483647;
			dstPath = "/Applications/Adobe Illustrator 2021/Plug-ins.localized/Safeguard/SafeguardTools.aip/Contents/Resources/ListFonts";
			dstSubfolderSpec = 0;
			files = (
				F9667E032608F08E0026EB06 /* fontlist.txt in CopyFiles */,
			);
			runOnlyForDeploymentPostprocessing = 0;
		};
/* End PBXCopyFilesBuildPhase section */

/* Begin PBXFileReference section */
		6E81FF0A0A8CBABC002569B5 /* Info.plist */ = {isa = PBXFileReference; fileEncoding = 30; lastKnownFileType = text.plist.xml; name = Info.plist; path = "../Adobe Illustrator SDK/samplecode/common/mac/Info.plist"; sourceTree = SOURCE_ROOT; };
		6EE2BA530A40BB2600CC7CE2 /* SafeguardTools.aip */ = {isa = PBXFileReference; explicitFileType = wrapper.cfbundle; includeInIndex = 0; path = SafeguardTools.aip; sourceTree = BUILT_PRODUCTS_DIR; };
		DA576AF816E8A8BD00C0AD7E /* SafeguardTools2x.r */ = {isa = PBXFileReference; fileEncoding = 4; lastKnownFileType = sourcecode.rez; name = SafeguardTools2x.r; path = Resources/Mac/SafeguardTools2x.r; sourceTree = "<group>"; };
		F938CB920B8B9E6D0039754D /* SafeguardTools.r */ = {isa = PBXFileReference; fileEncoding = 30; lastKnownFileType = sourcecode.rez; name = SafeguardTools.r; path = Resources/Mac/SafeguardTools.r; sourceTree = "<group>"; };
		F94536E9260CD64E00C14943 /* SafeguardTools.Debug.xcconfig */ = {isa = PBXFileReference; lastKnownFileType = text.xcconfig; path = SafeguardTools.Debug.xcconfig; sourceTree = "<group>"; };
		F94536EA260CE96100C14943 /* SafeguardTools.Release.xcconfig */ = {isa = PBXFileReference; fileEncoding = 4; lastKnownFileType = text.xcconfig; path = SafeguardTools.Release.xcconfig; sourceTree = "<group>"; };
		F945372C260E27AB00C14943 /* Cocoa.framework */ = {isa = PBXFileReference; lastKnownFileType = wrapper.framework; name = Cocoa.framework; path = ../../../../System/Library/Frameworks/Cocoa.framework; sourceTree = "<group>"; };
		F9667C072608DE510026EB06 /* CoreFoundation.framework */ = {isa = PBXFileReference; lastKnownFileType = wrapper.framework; name = CoreFoundation.framework; path = ../../../../System/Library/Frameworks/CoreFoundation.framework; sourceTree = "<group>"; };
		F9667C082608DE7B0026EB06 /* libboost_filesystem.a */ = {isa = PBXFileReference; lastKnownFileType = archive.ar; name = libboost_filesystem.a; path = ../boost/stage/lib/libboost_filesystem.a; sourceTree = "<group>"; };
		F9667C0A2608DE8B0026EB06 /* libboost_system.a */ = {isa = PBXFileReference; lastKnownFileType = archive.ar; name = libboost_system.a; path = ../boost/stage/lib/libboost_system.a; sourceTree = "<group>"; };
		F9667C162608DF840026EB06 /* SafeguardToolsPlugin.cpp */ = {isa = PBXFileReference; fileEncoding = 4; lastKnownFileType = sourcecode.cpp.cpp; name = SafeguardToolsPlugin.cpp; path = Source/SafeguardToolsPlugin.cpp; sourceTree = "<group>"; };
		F9667C172608DF840026EB06 /* SafeguardToolsPlugin.h */ = {isa = PBXFileReference; fileEncoding = 4; lastKnownFileType = sourcecode.c.h; name = SafeguardToolsPlugin.h; path = Source/SafeguardToolsPlugin.h; sourceTree = "<group>"; };
		F9667C182608DF840026EB06 /* SafeguardToolsSuites.h */ = {isa = PBXFileReference; fileEncoding = 4; lastKnownFileType = sourcecode.c.h; name = SafeguardToolsSuites.h; path = Source/SafeguardToolsSuites.h; sourceTree = "<group>"; };
		F9667C192608DF840026EB06 /* SafeguardToolsSuites.cpp */ = {isa = PBXFileReference; fileEncoding = 4; lastKnownFileType = sourcecode.cpp.cpp; name = SafeguardToolsSuites.cpp; path = Source/SafeguardToolsSuites.cpp; sourceTree = "<group>"; };
		F9667C1A2608DF840026EB06 /* SafeguardToolsID.h */ = {isa = PBXFileReference; fileEncoding = 4; lastKnownFileType = sourcecode.c.h; name = SafeguardToolsID.h; path = Source/SafeguardToolsID.h; sourceTree = "<group>"; };
		F9667C2A2608E1690026EB06 /* IAIArtboards.cpp */ = {isa = PBXFileReference; fileEncoding = 4; lastKnownFileType = sourcecode.cpp.cpp; name = IAIArtboards.cpp; path = "../Adobe Illustrator SDK/illustratorapi/illustrator/IAIArtboards.cpp"; sourceTree = "<group>"; };
		F9667C2B2608E1690026EB06 /* IAIUnicodeString.cpp */ = {isa = PBXFileReference; fileEncoding = 4; lastKnownFileType = sourcecode.cpp.cpp; name = IAIUnicodeString.cpp; path = "../Adobe Illustrator SDK/illustratorapi/illustrator/IAIUnicodeString.cpp"; sourceTree = "<group>"; };
		F9667C2C2608E1690026EB06 /* IAIFilePath.cpp */ = {isa = PBXFileReference; fileEncoding = 4; lastKnownFileType = sourcecode.cpp.cpp; name = IAIFilePath.cpp; path = "../Adobe Illustrator SDK/illustratorapi/illustrator/IAIFilePath.cpp"; sourceTree = "<group>"; };
		F9667C312608E1850026EB06 /* IThrowException.cpp */ = {isa = PBXFileReference; fileEncoding = 4; lastKnownFileType = sourcecode.cpp.cpp; name = IThrowException.cpp; path = "../Adobe Illustrator SDK/illustratorapi/ate/IThrowException.cpp"; sourceTree = "<group>"; };
		F9667C322608E1850026EB06 /* IText.cpp */ = {isa = PBXFileReference; fileEncoding = 4; lastKnownFileType = sourcecode.cpp.cpp; name = IText.cpp; path = "../Adobe Illustrator SDK/illustratorapi/ate/IText.cpp"; sourceTree = "<group>"; };
		F9667C562608E2B70026EB06 /* BtLayer.hpp */ = {isa = PBXFileReference; fileEncoding = 4; lastKnownFileType = sourcecode.cpp.h; path = BtLayer.hpp; sourceTree = "<group>"; };
		F9667C572608E2B70026EB06 /* ColorList.h */ = {isa = PBXFileReference; fileEncoding = 4; lastKnownFileType = sourcecode.c.h; path = ColorList.h; sourceTree = "<group>"; };
		F9667C582608E2B70026EB06 /* ICanBeTextRange.h */ = {isa = PBXFileReference; fileEncoding = 4; lastKnownFileType = sourcecode.c.h; path = ICanBeTextRange.h; sourceTree = "<group>"; };
		F9667C592608E2B70026EB06 /* BtColor.tpp */ = {isa = PBXFileReference; fileEncoding = 4; lastKnownFileType = text; path = BtColor.tpp; sourceTree = "<group>"; };
		F9667C5A2608E2B70026EB06 /* BtTransformArt.cpp */ = {isa = PBXFileReference; fileEncoding = 4; lastKnownFileType = sourcecode.cpp.cpp; path = BtTransformArt.cpp; sourceTree = "<group>"; };
		F9667C5B2608E2B70026EB06 /* BtAteTextFeatures.cpp */ = {isa = PBXFileReference; fileEncoding = 4; lastKnownFileType = sourcecode.cpp.cpp; path = BtAteTextFeatures.cpp; sourceTree = "<group>"; };
		F9667C5C2608E2B70026EB06 /* BtAteTextFeatures.h */ = {isa = PBXFileReference; fileEncoding = 4; lastKnownFileType = sourcecode.c.h; path = BtAteTextFeatures.h; sourceTree = "<group>"; };
		F9667C5D2608E2B70026EB06 /* ColorFuncs.h */ = {isa = PBXFileReference; fileEncoding = 4; lastKnownFileType = sourcecode.c.h; path = ColorFuncs.h; sourceTree = "<group>"; };
		F9667C5E2608E2B70026EB06 /* IDrawer.h */ = {isa = PBXFileReference; fileEncoding = 4; lastKnownFileType = sourcecode.c.h; path = IDrawer.h; sourceTree = "<group>"; };
		F9667C5F2608E2B80026EB06 /* VPB.cpp */ = {isa = PBXFileReference; fileEncoding = 4; lastKnownFileType = sourcecode.cpp.cpp; path = VPB.cpp; sourceTree = "<group>"; };
		F9667C602608E2B80026EB06 /* BtAiMenuItem.cpp */ = {isa = PBXFileReference; fileEncoding = 4; lastKnownFileType = sourcecode.cpp.cpp; path = BtAiMenuItem.cpp; sourceTree = "<group>"; };
		F9667C612608E2B80026EB06 /* VPB.h */ = {isa = PBXFileReference; fileEncoding = 4; lastKnownFileType = sourcecode.c.h; path = VPB.h; sourceTree = "<group>"; };
		F9667C622608E2B80026EB06 /* ColorEnumerator.cpp */ = {isa = PBXFileReference; fileEncoding = 4; lastKnownFileType = sourcecode.cpp.cpp; path = ColorEnumerator.cpp; sourceTree = "<group>"; };
		F9667C632608E2B80026EB06 /* IDrawable.hpp */ = {isa = PBXFileReference; fileEncoding = 4; lastKnownFileType = sourcecode.cpp.h; path = IDrawable.hpp; sourceTree = "<group>"; };
		F9667C642608E2B80026EB06 /* IBtCommand.hpp */ = {isa = PBXFileReference; fileEncoding = 4; lastKnownFileType = sourcecode.cpp.h; path = IBtCommand.hpp; sourceTree = "<group>"; };
		F9667C652608E2B80026EB06 /* ColorListChecker.hpp */ = {isa = PBXFileReference; fileEncoding = 4; lastKnownFileType = sourcecode.cpp.h; path = ColorListChecker.hpp; sourceTree = "<group>"; };
		F9667C662608E2B80026EB06 /* BtAiMenuItemHandles.cpp */ = {isa = PBXFileReference; fileEncoding = 4; lastKnownFileType = sourcecode.cpp.cpp; path = BtAiMenuItemHandles.cpp; sourceTree = "<group>"; };
		F9667C672608E2B80026EB06 /* BtArtHandle.hpp */ = {isa = PBXFileReference; fileEncoding = 4; lastKnownFileType = sourcecode.cpp.h; path = BtArtHandle.hpp; sourceTree = "<group>"; };
		F9667C682608E2B80026EB06 /* ColorList.cpp */ = {isa = PBXFileReference; fileEncoding = 4; lastKnownFileType = sourcecode.cpp.cpp; path = ColorList.cpp; sourceTree = "<group>"; };
		F9667C692608E2B80026EB06 /* BtSwatchList.cpp */ = {isa = PBXFileReference; fileEncoding = 4; lastKnownFileType = sourcecode.cpp.cpp; path = BtSwatchList.cpp; sourceTree = "<group>"; };
		F9667C6A2608E2B80026EB06 /* AIArtboardMessage.h */ = {isa = PBXFileReference; fileEncoding = 4; lastKnownFileType = sourcecode.c.h; path = AIArtboardMessage.h; sourceTree = "<group>"; };
		F9667C6C2608E2B80026EB06 /* ExistingFileDeleter.cpp */ = {isa = PBXFileReference; fileEncoding = 4; lastKnownFileType = sourcecode.cpp.cpp; path = ExistingFileDeleter.cpp; sourceTree = "<group>"; };
		F9667C6D2608E2B80026EB06 /* ExistingFileDeleter.h */ = {isa = PBXFileReference; fileEncoding = 4; lastKnownFileType = sourcecode.c.h; path = ExistingFileDeleter.h; sourceTree = "<group>"; };
		F9667C6E2608E2B80026EB06 /* DirectoryChooser.hpp */ = {isa = PBXFileReference; fileEncoding = 4; lastKnownFileType = sourcecode.cpp.h; path = DirectoryChooser.hpp; sourceTree = "<group>"; };
		F9667C6F2608E2B80026EB06 /* FilesystemResults.hpp */ = {isa = PBXFileReference; fileEncoding = 4; lastKnownFileType = sourcecode.cpp.h; path = FilesystemResults.hpp; sourceTree = "<group>"; };
		F9667C702608E2B80026EB06 /* SgPathConstants.hpp */ = {isa = PBXFileReference; fileEncoding = 4; lastKnownFileType = sourcecode.cpp.h; path = SgPathConstants.hpp; sourceTree = "<group>"; };
		F9667C712608E2B80026EB06 /* PathCreator.cpp */ = {isa = PBXFileReference; fileEncoding = 4; lastKnownFileType = sourcecode.cpp.cpp; path = PathCreator.cpp; sourceTree = "<group>"; };
		F9667C722608E2B80026EB06 /* CommandLineDirectoryChooser.hpp */ = {isa = PBXFileReference; fileEncoding = 4; lastKnownFileType = sourcecode.cpp.h; path = CommandLineDirectoryChooser.hpp; sourceTree = "<group>"; };
		F9667C732608E2B80026EB06 /* CurrentFilenameRetriever.hpp */ = {isa = PBXFileReference; fileEncoding = 4; lastKnownFileType = sourcecode.cpp.h; path = CurrentFilenameRetriever.hpp; sourceTree = "<group>"; };
		F9667C742608E2B80026EB06 /* FilesystemResults.cpp */ = {isa = PBXFileReference; fileEncoding = 4; lastKnownFileType = sourcecode.cpp.cpp; path = FilesystemResults.cpp; sourceTree = "<group>"; };
		F9667C752608E2B80026EB06 /* PathBuilder.h */ = {isa = PBXFileReference; fileEncoding = 4; lastKnownFileType = sourcecode.c.h; path = PathBuilder.h; sourceTree = "<group>"; };
		F9667C762608E2B80026EB06 /* PathBuilder.cpp */ = {isa = PBXFileReference; fileEncoding = 4; lastKnownFileType = sourcecode.cpp.cpp; path = PathBuilder.cpp; sourceTree = "<group>"; };
		F9667C772608E2B80026EB06 /* AiDirectoryChooser.hpp */ = {isa = PBXFileReference; fileEncoding = 4; lastKnownFileType = sourcecode.cpp.h; path = AiDirectoryChooser.hpp; sourceTree = "<group>"; };
		F9667C782608E2B80026EB06 /* PathCreator.h */ = {isa = PBXFileReference; fileEncoding = 4; lastKnownFileType = sourcecode.c.h; path = PathCreator.h; sourceTree = "<group>"; };
		F9667C792608E2B80026EB06 /* BtDocumentView.hpp */ = {isa = PBXFileReference; fileEncoding = 4; lastKnownFileType = sourcecode.cpp.h; path = BtDocumentView.hpp; sourceTree = "<group>"; };
		F9667C7A2608E2B80026EB06 /* ATEFuncs.h */ = {isa = PBXFileReference; fileEncoding = 4; lastKnownFileType = sourcecode.c.h; path = ATEFuncs.h; sourceTree = "<group>"; };
		F9667C7B2608E2B80026EB06 /* ATEFuncs.cpp */ = {isa = PBXFileReference; fileEncoding = 4; lastKnownFileType = sourcecode.cpp.cpp; path = ATEFuncs.cpp; sourceTree = "<group>"; };
		F9667C7C2608E2B80026EB06 /* ArtObjectFilter.cpp */ = {isa = PBXFileReference; fileEncoding = 4; lastKnownFileType = sourcecode.cpp.cpp; path = ArtObjectFilter.cpp; sourceTree = "<group>"; };
		F9667C7D2608E2B80026EB06 /* GetIllustratorErrorCode.h */ = {isa = PBXFileReference; fileEncoding = 4; lastKnownFileType = sourcecode.c.h; path = GetIllustratorErrorCode.h; sourceTree = "<group>"; };
		F9667C7E2608E2B80026EB06 /* BtAiMenuItem.h */ = {isa = PBXFileReference; fileEncoding = 4; lastKnownFileType = sourcecode.c.h; path = BtAiMenuItem.h; sourceTree = "<group>"; };
		F9667C7F2608E2B80026EB06 /* ColorEnumerator.hpp */ = {isa = PBXFileReference; fileEncoding = 4; lastKnownFileType = sourcecode.cpp.h; path = ColorEnumerator.hpp; sourceTree = "<group>"; };
		F9667C802608E2B80026EB06 /* BtColor.h */ = {isa = PBXFileReference; fileEncoding = 4; lastKnownFileType = sourcecode.c.h; path = BtColor.h; sourceTree = "<group>"; };
		F9667C812608E2B80026EB06 /* ColorListChecker.cpp */ = {isa = PBXFileReference; fileEncoding = 4; lastKnownFileType = sourcecode.cpp.cpp; path = ColorListChecker.cpp; sourceTree = "<group>"; };
		F9667C822608E2B80026EB06 /* ColorFuncs.cpp */ = {isa = PBXFileReference; fileEncoding = 4; lastKnownFileType = sourcecode.cpp.cpp; path = ColorFuncs.cpp; sourceTree = "<group>"; };
		F9667C832608E2B80026EB06 /* BtArtHandle.cpp */ = {isa = PBXFileReference; fileEncoding = 4; lastKnownFileType = sourcecode.cpp.cpp; path = BtArtHandle.cpp; sourceTree = "<group>"; };
		F9667C842608E2B80026EB06 /* ArtTree.cpp */ = {isa = PBXFileReference; fileEncoding = 4; lastKnownFileType = sourcecode.cpp.cpp; path = ArtTree.cpp; sourceTree = "<group>"; };
		F9667C852608E2B80026EB06 /* BtDocumentView.cpp */ = {isa = PBXFileReference; fileEncoding = 4; lastKnownFileType = sourcecode.cpp.cpp; path = BtDocumentView.cpp; sourceTree = "<group>"; };
		F9667C862608E2B80026EB06 /* BtArtboardRange.h */ = {isa = PBXFileReference; fileEncoding = 4; lastKnownFileType = sourcecode.c.h; path = BtArtboardRange.h; sourceTree = "<group>"; };
		F9667C872608E2B80026EB06 /* ArtObjectFilter.hpp */ = {isa = PBXFileReference; fileEncoding = 4; lastKnownFileType = sourcecode.cpp.h; path = ArtObjectFilter.hpp; sourceTree = "<group>"; };
		F9667C882608E2B80026EB06 /* BtLayer.cpp */ = {isa = PBXFileReference; fileEncoding = 4; lastKnownFileType = sourcecode.cpp.cpp; path = BtLayer.cpp; sourceTree = "<group>"; };
		F9667C8A2608E2B80026EB06 /* FilesystemCommand.cpp */ = {isa = PBXFileReference; fileEncoding = 4; lastKnownFileType = sourcecode.cpp.cpp; path = FilesystemCommand.cpp; sourceTree = "<group>"; };
		F9667C8B2608E2B80026EB06 /* ColorListCommand.cpp */ = {isa = PBXFileReference; fileEncoding = 4; lastKnownFileType = sourcecode.cpp.cpp; path = ColorListCommand.cpp; sourceTree = "<group>"; };
		F9667C8C2608E2B80026EB06 /* DrawDrawableCommand.hpp */ = {isa = PBXFileReference; fileEncoding = 4; lastKnownFileType = sourcecode.cpp.h; path = DrawDrawableCommand.hpp; sourceTree = "<group>"; };
		F9667C8D2608E2B80026EB06 /* PrintToPdfCommand.cpp */ = {isa = PBXFileReference; fileEncoding = 4; lastKnownFileType = sourcecode.cpp.cpp; path = PrintToPdfCommand.cpp; sourceTree = "<group>"; };
		F9667C8E2608E2B80026EB06 /* ArtObjectCommand.cpp */ = {isa = PBXFileReference; fileEncoding = 4; lastKnownFileType = sourcecode.cpp.cpp; path = ArtObjectCommand.cpp; sourceTree = "<group>"; };
		F9667C8F2608E2B80026EB06 /* DrawDrawableCommand.cpp */ = {isa = PBXFileReference; fileEncoding = 4; lastKnownFileType = sourcecode.cpp.cpp; path = DrawDrawableCommand.cpp; sourceTree = "<group>"; };
		F9667C902608E2B80026EB06 /* ColorListCommand.hpp */ = {isa = PBXFileReference; fileEncoding = 4; lastKnownFileType = sourcecode.cpp.h; path = ColorListCommand.hpp; sourceTree = "<group>"; };
		F9667C912608E2B80026EB06 /* PrintToPdfCommand.hpp */ = {isa = PBXFileReference; fileEncoding = 4; lastKnownFileType = sourcecode.cpp.h; path = PrintToPdfCommand.hpp; sourceTree = "<group>"; };
		F9667C922608E2B80026EB06 /* ArtObjectCommand.hpp */ = {isa = PBXFileReference; fileEncoding = 4; lastKnownFileType = sourcecode.cpp.h; path = ArtObjectCommand.hpp; sourceTree = "<group>"; };
		F9667C932608E2B80026EB06 /* FilesystemCommand.hpp */ = {isa = PBXFileReference; fileEncoding = 4; lastKnownFileType = sourcecode.cpp.h; path = FilesystemCommand.hpp; sourceTree = "<group>"; };
		F9667C942608E2B80026EB06 /* BtSwatchList.h */ = {isa = PBXFileReference; fileEncoding = 4; lastKnownFileType = sourcecode.c.h; path = BtSwatchList.h; sourceTree = "<group>"; };
		F9667C952608E2B80026EB06 /* ArtTree.h */ = {isa = PBXFileReference; fileEncoding = 4; lastKnownFileType = sourcecode.c.h; path = ArtTree.h; sourceTree = "<group>"; };
		F9667C962608E2B80026EB06 /* BtTransformArt.hpp */ = {isa = PBXFileReference; fileEncoding = 4; lastKnownFileType = sourcecode.cpp.h; path = BtTransformArt.hpp; sourceTree = "<group>"; };
		F9667C972608E2B80026EB06 /* ArtboardNameRetriever.hpp */ = {isa = PBXFileReference; fileEncoding = 4; lastKnownFileType = sourcecode.cpp.h; path = ArtboardNameRetriever.hpp; sourceTree = "<group>"; };
		F9667C982608E2B80026EB06 /* BtColor.cpp */ = {isa = PBXFileReference; fileEncoding = 4; lastKnownFileType = sourcecode.cpp.cpp; path = BtColor.cpp; sourceTree = "<group>"; };
		F9667C992608E2B80026EB06 /* BtArtboardRange.cpp */ = {isa = PBXFileReference; fileEncoding = 4; lastKnownFileType = sourcecode.cpp.cpp; path = BtArtboardRange.cpp; sourceTree = "<group>"; };
		F9667C9A2608E2B80026EB06 /* BtAiMenuItemHandles.h */ = {isa = PBXFileReference; fileEncoding = 4; lastKnownFileType = sourcecode.c.h; path = BtAiMenuItemHandles.h; sourceTree = "<group>"; };
		F9667D342608EE000026EB06 /* TextTools.h */ = {isa = PBXFileReference; fileEncoding = 4; lastKnownFileType = sourcecode.c.h; path = TextTools.h; sourceTree = "<group>"; };
		F9667D352608EE000026EB06 /* TextTools.cpp */ = {isa = PBXFileReference; fileEncoding = 4; lastKnownFileType = sourcecode.cpp.cpp; path = TextTools.cpp; sourceTree = "<group>"; };
		F9667D362608EE000026EB06 /* FixFreehandType.h */ = {isa = PBXFileReference; fileEncoding = 4; lastKnownFileType = sourcecode.c.h; path = FixFreehandType.h; sourceTree = "<group>"; };
		F9667D372608EE000026EB06 /* FixFreehandType.cpp */ = {isa = PBXFileReference; fileEncoding = 4; lastKnownFileType = sourcecode.cpp.cpp; path = FixFreehandType.cpp; sourceTree = "<group>"; };
		F9667D392608EE000026EB06 /* Plate.cpp */ = {isa = PBXFileReference; fileEncoding = 4; lastKnownFileType = sourcecode.cpp.cpp; path = Plate.cpp; sourceTree = "<group>"; };
		F9667D3A2608EE010026EB06 /* TokenCreator.hpp */ = {isa = PBXFileReference; fileEncoding = 4; lastKnownFileType = sourcecode.cpp.h; path = TokenCreator.hpp; sourceTree = "<group>"; };
		F9667D3B2608EE010026EB06 /* PlateNumberToATETextRangeConverter.hpp */ = {isa = PBXFileReference; fileEncoding = 4; lastKnownFileType = sourcecode.cpp.h; path = PlateNumberToATETextRangeConverter.hpp; sourceTree = "<group>"; };
		F9667D3C2608EE010026EB06 /* PlateNumber.h */ = {isa = PBXFileReference; fileEncoding = 4; lastKnownFileType = sourcecode.c.h; path = PlateNumber.h; sourceTree = "<group>"; };
		F9667D3D2608EE010026EB06 /* SafeguardJobFile.h */ = {isa = PBXFileReference; fileEncoding = 4; lastKnownFileType = sourcecode.c.h; path = SafeguardJobFile.h; sourceTree = "<group>"; };
		F9667D3E2608EE010026EB06 /* PlateNumberToATETextRangeConverter.cpp */ = {isa = PBXFileReference; fileEncoding = 4; lastKnownFileType = sourcecode.cpp.cpp; path = PlateNumberToATETextRangeConverter.cpp; sourceTree = "<group>"; };
		F9667D3F2608EE010026EB06 /* SafeguardJobFile.cpp */ = {isa = PBXFileReference; fileEncoding = 4; lastKnownFileType = sourcecode.cpp.cpp; path = SafeguardJobFile.cpp; sourceTree = "<group>"; };
		F9667D402608EE010026EB06 /* Plate.h */ = {isa = PBXFileReference; fileEncoding = 4; lastKnownFileType = sourcecode.c.h; path = Plate.h; sourceTree = "<group>"; };
		F9667D412608EE010026EB06 /* PlateNumber.cpp */ = {isa = PBXFileReference; fileEncoding = 4; lastKnownFileType = sourcecode.cpp.cpp; path = PlateNumber.cpp; sourceTree = "<group>"; };
		F9667D422608EE010026EB06 /* SafeguardFileConstants.h */ = {isa = PBXFileReference; fileEncoding = 4; lastKnownFileType = sourcecode.c.h; path = SafeguardFileConstants.h; sourceTree = "<group>"; };
		F9667D432608EE010026EB06 /* TokenCreator.cpp */ = {isa = PBXFileReference; fileEncoding = 4; lastKnownFileType = sourcecode.cpp.cpp; path = TokenCreator.cpp; sourceTree = "<group>"; };
		F9667D452608EE010026EB06 /* PdfPrinter.cpp */ = {isa = PBXFileReference; fileEncoding = 4; lastKnownFileType = sourcecode.cpp.cpp; path = PdfPrinter.cpp; sourceTree = "<group>"; };
		F9667D462608EE010026EB06 /* PasswordRetriever.cpp */ = {isa = PBXFileReference; fileEncoding = 4; lastKnownFileType = sourcecode.cpp.cpp; path = PasswordRetriever.cpp; sourceTree = "<group>"; };
		F9667D472608EE010026EB06 /* TypeToPathsConverter.hpp */ = {isa = PBXFileReference; fileEncoding = 4; lastKnownFileType = sourcecode.cpp.h; path = TypeToPathsConverter.hpp; sourceTree = "<group>"; };
		F9667D482608EE010026EB06 /* PrintToPdfUIController.cpp */ = {isa = PBXFileReference; fileEncoding = 4; lastKnownFileType = sourcecode.cpp.cpp; path = PrintToPdfUIController.cpp; sourceTree = "<group>"; };
		F9667D492608EE010026EB06 /* PdfSettings.cpp */ = {isa = PBXFileReference; fileEncoding = 4; lastKnownFileType = sourcecode.cpp.cpp; path = PdfSettings.cpp; sourceTree = "<group>"; };
		F9667D4A2608EE010026EB06 /* PdfArtObjectCommand.cpp */ = {isa = PBXFileReference; fileEncoding = 4; lastKnownFileType = sourcecode.cpp.cpp; path = PdfArtObjectCommand.cpp; sourceTree = "<group>"; };
		F9667D4B2608EE010026EB06 /* PrintToPdfFolderPrefsUIController.cpp */ = {isa = PBXFileReference; fileEncoding = 4; lastKnownFileType = sourcecode.cpp.cpp; path = PrintToPdfFolderPrefsUIController.cpp; sourceTree = "<group>"; };
		F9667D4C2608EE010026EB06 /* LayerVisibility.cpp */ = {isa = PBXFileReference; fileEncoding = 4; lastKnownFileType = sourcecode.cpp.cpp; path = LayerVisibility.cpp; sourceTree = "<group>"; };
		F9667D4D2608EE010026EB06 /* PdfSettings.h */ = {isa = PBXFileReference; fileEncoding = 4; lastKnownFileType = sourcecode.c.h; path = PdfSettings.h; sourceTree = "<group>"; };
		F9667D4E2608EE010026EB06 /* PasswordRetriever.h */ = {isa = PBXFileReference; fileEncoding = 4; lastKnownFileType = sourcecode.c.h; path = PasswordRetriever.h; sourceTree = "<group>"; };
		F9667D4F2608EE010026EB06 /* PdfArtObjectCommand.hpp */ = {isa = PBXFileReference; fileEncoding = 4; lastKnownFileType = sourcecode.cpp.h; path = PdfArtObjectCommand.hpp; sourceTree = "<group>"; };
		F9667D502608EE010026EB06 /* PrintToPdfFolderPrefsUIController.hpp */ = {isa = PBXFileReference; fileEncoding = 4; lastKnownFileType = sourcecode.cpp.h; path = PrintToPdfFolderPrefsUIController.hpp; sourceTree = "<group>"; };
		F9667D512608EE010026EB06 /* PrintToPdfConstants.h */ = {isa = PBXFileReference; fileEncoding = 4; lastKnownFileType = sourcecode.c.h; path = PrintToPdfConstants.h; sourceTree = "<group>"; };
		F9667D522608EE010026EB06 /* LayerVisibility.hpp */ = {isa = PBXFileReference; fileEncoding = 4; lastKnownFileType = sourcecode.cpp.h; path = LayerVisibility.hpp; sourceTree = "<group>"; };
		F9667D532608EE010026EB06 /* PrintToPdfUIController.h */ = {isa = PBXFileReference; fileEncoding = 4; lastKnownFileType = sourcecode.c.h; path = PrintToPdfUIController.h; sourceTree = "<group>"; };
		F9667D542608EE010026EB06 /* PdfPrinter.h */ = {isa = PBXFileReference; fileEncoding = 4; lastKnownFileType = sourcecode.c.h; path = PdfPrinter.h; sourceTree = "<group>"; };
		F9667D552608EE010026EB06 /* TypeToPathsConverter.cpp */ = {isa = PBXFileReference; fileEncoding = 4; lastKnownFileType = sourcecode.cpp.cpp; path = TypeToPathsConverter.cpp; sourceTree = "<group>"; };
		F9667D572608EE010026EB06 /* ListFonts.h */ = {isa = PBXFileReference; fileEncoding = 4; lastKnownFileType = sourcecode.c.h; path = ListFonts.h; sourceTree = "<group>"; };
		F9667D582608EE010026EB06 /* ListFonts.cpp */ = {isa = PBXFileReference; fileEncoding = 4; lastKnownFileType = sourcecode.cpp.cpp; path = ListFonts.cpp; sourceTree = "<group>"; };
		F9667D5A2608EE010026EB06 /* PlaceFileSearcher.hpp */ = {isa = PBXFileReference; fileEncoding = 4; lastKnownFileType = sourcecode.cpp.h; path = PlaceFileSearcher.hpp; sourceTree = "<group>"; };
		F9667D5B2608EE010026EB06 /* FilePlacer.cpp */ = {isa = PBXFileReference; fileEncoding = 4; lastKnownFileType = sourcecode.cpp.cpp; path = FilePlacer.cpp; sourceTree = "<group>"; };
		F9667D5C2608EE010026EB06 /* PlaceFileSearchUIController.cpp */ = {isa = PBXFileReference; fileEncoding = 4; lastKnownFileType = sourcecode.cpp.cpp; path = PlaceFileSearchUIController.cpp; sourceTree = "<group>"; };
		F9667D5D2608EE010026EB06 /* FilePlacer.hpp */ = {isa = PBXFileReference; fileEncoding = 4; lastKnownFileType = sourcecode.cpp.h; path = FilePlacer.hpp; sourceTree = "<group>"; };
		F9667D5E2608EE010026EB06 /* PlaceFileSearchUIController.hpp */ = {isa = PBXFileReference; fileEncoding = 4; lastKnownFileType = sourcecode.cpp.h; path = PlaceFileSearchUIController.hpp; sourceTree = "<group>"; };
		F9667D5F2608EE010026EB06 /* PlaceFileSearcher.cpp */ = {isa = PBXFileReference; fileEncoding = 4; lastKnownFileType = sourcecode.cpp.cpp; path = PlaceFileSearcher.cpp; sourceTree = "<group>"; };
		F9667D612608EE010026EB06 /* PreferenceWriter.hpp */ = {isa = PBXFileReference; fileEncoding = 4; lastKnownFileType = sourcecode.cpp.h; path = PreferenceWriter.hpp; sourceTree = "<group>"; };
		F9667D622608EE010026EB06 /* CommandLinePreferenceWriter.hpp */ = {isa = PBXFileReference; fileEncoding = 4; lastKnownFileType = sourcecode.cpp.h; path = CommandLinePreferenceWriter.hpp; sourceTree = "<group>"; };
		F9667D632608EE010026EB06 /* AiPreferenceWriter.hpp */ = {isa = PBXFileReference; fileEncoding = 4; lastKnownFileType = sourcecode.cpp.h; path = AiPreferenceWriter.hpp; sourceTree = "<group>"; };
		F9667D652608EE010026EB06 /* ColorToolsUIController.cpp */ = {isa = PBXFileReference; fileEncoding = 4; lastKnownFileType = sourcecode.cpp.cpp; path = ColorToolsUIController.cpp; sourceTree = "<group>"; };
		F9667D662608EE010026EB06 /* FindReplaceGraphics.cpp */ = {isa = PBXFileReference; fileEncoding = 4; lastKnownFileType = sourcecode.cpp.cpp; path = FindReplaceGraphics.cpp; sourceTree = "<group>"; };
		F9667D672608EE010026EB06 /* FixBlack.h */ = {isa = PBXFileReference; fileEncoding = 4; lastKnownFileType = sourcecode.c.h; path = FixBlack.h; sourceTree = "<group>"; };
		F9667D682608EE010026EB06 /* FindReplaceGraphics.h */ = {isa = PBXFileReference; fileEncoding = 4; lastKnownFileType = sourcecode.c.h; path = FindReplaceGraphics.h; sourceTree = "<group>"; };
		F9667D692608EE010026EB06 /* ReplaceDataBuilder.h */ = {isa = PBXFileReference; fileEncoding = 4; lastKnownFileType = sourcecode.c.h; path = ReplaceDataBuilder.h; sourceTree = "<group>"; };
		F9667D6A2608EE010026EB06 /* FixBlack.cpp */ = {isa = PBXFileReference; fileEncoding = 4; lastKnownFileType = sourcecode.cpp.cpp; path = FixBlack.cpp; sourceTree = "<group>"; };
		F9667D6B2608EE010026EB06 /* ColorToolsUIController.h */ = {isa = PBXFileReference; fileEncoding = 4; lastKnownFileType = sourcecode.c.h; path = ColorToolsUIController.h; sourceTree = "<group>"; };
		F9667D6C2608EE010026EB06 /* ReplaceDataBuilder.cpp */ = {isa = PBXFileReference; fileEncoding = 4; lastKnownFileType = sourcecode.cpp.cpp; path = ReplaceDataBuilder.cpp; sourceTree = "<group>"; };
		F9667D6D2608EE010026EB06 /* ReplaceData.cpp */ = {isa = PBXFileReference; fileEncoding = 4; lastKnownFileType = sourcecode.cpp.cpp; path = ReplaceData.cpp; sourceTree = "<group>"; };
		F9667D6E2608EE010026EB06 /* ReplaceData.h */ = {isa = PBXFileReference; fileEncoding = 4; lastKnownFileType = sourcecode.c.h; path = ReplaceData.h; sourceTree = "<group>"; };
		F9667D702608EE010026EB06 /* BleedInfoController.hpp */ = {isa = PBXFileReference; fileEncoding = 4; lastKnownFileType = sourcecode.cpp.h; path = BleedInfoController.hpp; sourceTree = "<group>"; };
		F9667D712608EE010026EB06 /* BleedInfoWriter.cpp */ = {isa = PBXFileReference; fileEncoding = 4; lastKnownFileType = sourcecode.cpp.cpp; path = BleedInfoWriter.cpp; sourceTree = "<group>"; };
		F9667D722608EE010026EB06 /* SafeguardJobFileDTO.cpp */ = {isa = PBXFileReference; fileEncoding = 4; lastKnownFileType = sourcecode.cpp.cpp; path = SafeguardJobFileDTO.cpp; sourceTree = "<group>"; };
		F9667D732608EE010026EB06 /* BleedTextInfoDrawer.cpp */ = {isa = PBXFileReference; fileEncoding = 4; lastKnownFileType = sourcecode.cpp.cpp; path = BleedTextInfoDrawer.cpp; sourceTree = "<group>"; };
		F9667D742608EE010026EB06 /* ColorListDrawer.h */ = {isa = PBXFileReference; fileEncoding = 4; lastKnownFileType = sourcecode.c.h; path = ColorListDrawer.h; sourceTree = "<group>"; };
		F9667D752608EE010026EB06 /* TickMarkDrawer.cpp */ = {isa = PBXFileReference; fileEncoding = 4; lastKnownFileType = sourcecode.cpp.cpp; path = TickMarkDrawer.cpp; sourceTree = "<group>"; };
		F9667D762608EE010026EB06 /* BleedInfoPluginArtToArtboardMatcher.cpp */ = {isa = PBXFileReference; fileEncoding = 4; lastKnownFileType = sourcecode.cpp.cpp; path = BleedInfoPluginArtToArtboardMatcher.cpp; sourceTree = "<group>"; };
		F9667D772608EE010026EB06 /* RequiredLayersCreator.cpp */ = {isa = PBXFileReference; fileEncoding = 4; lastKnownFileType = sourcecode.cpp.cpp; path = RequiredLayersCreator.cpp; sourceTree = "<group>"; };
		F9667D782608EE010026EB06 /* BleedInfoDrawableController.h */ = {isa = PBXFileReference; fileEncoding = 4; lastKnownFileType = sourcecode.c.h; path = BleedInfoDrawableController.h; sourceTree = "<group>"; };
		F9667D792608EE010026EB06 /* BleedInfo.h */ = {isa = PBXFileReference; fileEncoding = 4; lastKnownFileType = sourcecode.c.h; path = BleedInfo.h; sourceTree = "<group>"; };
		F9667D7A2608EE010026EB06 /* BleedTextInfoDrawer.h */ = {isa = PBXFileReference; fileEncoding = 4; lastKnownFileType = sourcecode.c.h; path = BleedTextInfoDrawer.h; sourceTree = "<group>"; };
		F9667D7B2608EE010026EB06 /* TickMarkSettings.cpp */ = {isa = PBXFileReference; fileEncoding = 4; lastKnownFileType = sourcecode.cpp.cpp; path = TickMarkSettings.cpp; sourceTree = "<group>"; };
		F9667D7C2608EE010026EB06 /* FileNameDateDrawer.cpp */ = {isa = PBXFileReference; fileEncoding = 4; lastKnownFileType = sourcecode.cpp.cpp; path = FileNameDateDrawer.cpp; sourceTree = "<group>"; };
		F9667D7D2608EE010026EB06 /* SgSymbolDrawer.hpp */ = {isa = PBXFileReference; fileEncoding = 4; lastKnownFileType = sourcecode.cpp.h; path = SgSymbolDrawer.hpp; sourceTree = "<group>"; };
		F9667D7E2608EE010026EB06 /* PlateBleedInfoUIController.hpp */ = {isa = PBXFileReference; fileEncoding = 4; lastKnownFileType = sourcecode.cpp.h; path = PlateBleedInfoUIController.hpp; sourceTree = "<group>"; };
		F9667D7F2608EE010026EB06 /* ColorListDrawer.cpp */ = {isa = PBXFileReference; fileEncoding = 4; lastKnownFileType = sourcecode.cpp.cpp; path = ColorListDrawer.cpp; sourceTree = "<group>"; };
		F9667D802608EE010026EB06 /* BleedInfo.cpp */ = {isa = PBXFileReference; fileEncoding = 4; lastKnownFileType = sourcecode.cpp.cpp; path = BleedInfo.cpp; sourceTree = "<group>"; };
		F9667D812608EE010026EB06 /* BleedInfoPluginArtToArtboardMatcher.hpp */ = {isa = PBXFileReference; fileEncoding = 4; lastKnownFileType = sourcecode.cpp.h; path = BleedInfoPluginArtToArtboardMatcher.hpp; sourceTree = "<group>"; };
		F9667D822608EE010026EB06 /* RequiredLayersCreator.hpp */ = {isa = PBXFileReference; fileEncoding = 4; lastKnownFileType = sourcecode.cpp.h; path = RequiredLayersCreator.hpp; sourceTree = "<group>"; };
		F9667D832608EE010026EB06 /* BleedInfoDrawableController.cpp */ = {isa = PBXFileReference; fileEncoding = 4; lastKnownFileType = sourcecode.cpp.cpp; path = BleedInfoDrawableController.cpp; sourceTree = "<group>"; };
		F9667D842608EE010026EB06 /* TickMarkSettings.hpp */ = {isa = PBXFileReference; fileEncoding = 4; lastKnownFileType = sourcecode.cpp.h; path = TickMarkSettings.hpp; sourceTree = "<group>"; };
		F9667D852608EE010026EB06 /* SgSymbolDrawer.cpp */ = {isa = PBXFileReference; fileEncoding = 4; lastKnownFileType = sourcecode.cpp.cpp; path = SgSymbolDrawer.cpp; sourceTree = "<group>"; };
		F9667D862608EE010026EB06 /* PlateBleedInfoUIController.cpp */ = {isa = PBXFileReference; fileEncoding = 4; lastKnownFileType = sourcecode.cpp.cpp; path = PlateBleedInfoUIController.cpp; sourceTree = "<group>"; };
		F9667D872608EE010026EB06 /* BleedInfoController.cpp */ = {isa = PBXFileReference; fileEncoding = 4; lastKnownFileType = sourcecode.cpp.cpp; path = BleedInfoController.cpp; sourceTree = "<group>"; };
		F9667D882608EE010026EB06 /* BleedInfoWriter.hpp */ = {isa = PBXFileReference; fileEncoding = 4; lastKnownFileType = sourcecode.cpp.h; path = BleedInfoWriter.hpp; sourceTree = "<group>"; };
		F9667D892608EE010026EB06 /* SafeguardJobFileDTO.hpp */ = {isa = PBXFileReference; fileEncoding = 4; lastKnownFileType = sourcecode.cpp.h; path = SafeguardJobFileDTO.hpp; sourceTree = "<group>"; };
		F9667D8A2608EE010026EB06 /* FileNameDateDrawer.h */ = {isa = PBXFileReference; fileEncoding = 4; lastKnownFileType = sourcecode.c.h; path = FileNameDateDrawer.h; sourceTree = "<group>"; };
		F9667D8B2608EE010026EB06 /* TickMarkDrawer.h */ = {isa = PBXFileReference; fileEncoding = 4; lastKnownFileType = sourcecode.c.h; path = TickMarkDrawer.h; sourceTree = "<group>"; };
		F9667D8D2608EE010026EB06 /* DictionaryWriter.cpp */ = {isa = PBXFileReference; fileEncoding = 4; lastKnownFileType = sourcecode.cpp.cpp; path = DictionaryWriter.cpp; sourceTree = "<group>"; };
		F9667D8E2608EE010026EB06 /* DictionaryWriter.h */ = {isa = PBXFileReference; fileEncoding = 4; lastKnownFileType = sourcecode.c.h; path = DictionaryWriter.h; sourceTree = "<group>"; };
		F9667DE42608EE570026EB06 /* com.gosafeguard.SafeguardTools */ = {isa = PBXFileReference; lastKnownFileType = folder; path = com.gosafeguard.SafeguardTools; sourceTree = "<group>"; };
		F9667DF82608F0790026EB06 /* sg_Symbols.ai */ = {isa = PBXFileReference; fileEncoding = 4; lastKnownFileType = text; path = sg_Symbols.ai; sourceTree = "<group>"; };
		F9667DFA2608F0790026EB06 /* fontlist.txt */ = {isa = PBXFileReference; fileEncoding = 4; lastKnownFileType = text; path = fontlist.txt; sourceTree = "<group>"; };
		F9667DFC2608F0790026EB06 /* IDAutomationC39XS.otf */ = {isa = PBXFileReference; lastKnownFileType = file; path = IDAutomationC39XS.otf; sourceTree = "<group>"; };
		F9667E07260B83C80026EB06 /* AppContext.cpp */ = {isa = PBXFileReference; fileEncoding = 4; lastKnownFileType = sourcecode.cpp.cpp; name = AppContext.cpp; path = "../Adobe Illustrator SDK/samplecode/common/source/AppContext.cpp"; sourceTree = "<group>"; };
		F9667E08260B83C80026EB06 /* FlashUIController.cpp */ = {isa = PBXFileReference; fileEncoding = 4; lastKnownFileType = sourcecode.cpp.cpp; name = FlashUIController.cpp; path = "../Adobe Illustrator SDK/samplecode/common/source/FlashUIController.cpp"; sourceTree = "<group>"; };
		F9667E09260B83C80026EB06 /* SDKErrors.cpp */ = {isa = PBXFileReference; fileEncoding = 4; lastKnownFileType = sourcecode.cpp.cpp; name = SDKErrors.cpp; path = "../Adobe Illustrator SDK/samplecode/common/source/SDKErrors.cpp"; sourceTree = "<group>"; };
		F9667E0A260B83C90026EB06 /* IllustratorSDK.cpp */ = {isa = PBXFileReference; fileEncoding = 4; lastKnownFileType = sourcecode.cpp.cpp; name = IllustratorSDK.cpp; path = "../Adobe Illustrator SDK/samplecode/common/source/IllustratorSDK.cpp"; sourceTree = "<group>"; };
		F9667E0B260B83C90026EB06 /* Suites.cpp */ = {isa = PBXFileReference; fileEncoding = 4; lastKnownFileType = sourcecode.cpp.cpp; name = Suites.cpp; path = "../Adobe Illustrator SDK/samplecode/common/source/Suites.cpp"; sourceTree = "<group>"; };
		F9667E0C260B83C90026EB06 /* SDKPlugPlug.cpp */ = {isa = PBXFileReference; fileEncoding = 4; lastKnownFileType = sourcecode.cpp.cpp; name = SDKPlugPlug.cpp; path = "../Adobe Illustrator SDK/samplecode/common/source/SDKPlugPlug.cpp"; sourceTree = "<group>"; };
		F9667E0D260B83C90026EB06 /* Main.cpp */ = {isa = PBXFileReference; fileEncoding = 4; lastKnownFileType = sourcecode.cpp.cpp; name = Main.cpp; path = "../Adobe Illustrator SDK/samplecode/common/source/Main.cpp"; sourceTree = "<group>"; };
		F9667E0E260B83C90026EB06 /* Plugin.cpp */ = {isa = PBXFileReference; fileEncoding = 4; lastKnownFileType = sourcecode.cpp.cpp; name = Plugin.cpp; path = "../Adobe Illustrator SDK/samplecode/common/source/Plugin.cpp"; sourceTree = "<group>"; };
/* End PBXFileReference section */

/* Begin PBXFrameworksBuildPhase section */
		508817D209F0C9AD0071BF1A /* Frameworks */ = {
			isa = PBXFrameworksBuildPhase;
			buildActionMask = 2147483647;
			files = (
				F9667C0B2608DE8B0026EB06 /* libboost_system.a in Frameworks */,
				F9667C092608DE7B0026EB06 /* libboost_filesystem.a in Frameworks */,
				F945372D260E27AB00C14943 /* Cocoa.framework in Frameworks */,
			);
			runOnlyForDeploymentPostprocessing = 0;
		};
/* End PBXFrameworksBuildPhase section */

/* Begin PBXGroup section */
		508817C209F0C9740071BF1A = {
			isa = PBXGroup;
			children = (
				F94536E9260CD64E00C14943 /* SafeguardTools.Debug.xcconfig */,
				F94536EA260CE96100C14943 /* SafeguardTools.Release.xcconfig */,
				F945372C260E27AB00C14943 /* Cocoa.framework */,
				5088180609F0CDD00071BF1A /* Libraries */,
				F9667DE42608EE570026EB06 /* com.gosafeguard.SafeguardTools */,
				508817F509F0CAB50071BF1A /* Sources */,
				6EE2BA590A40BDD300CC7CE2 /* Resources */,
				508817D509F0C9AD0071BF1A /* Products */,
			);
			sourceTree = "<group>";
		};
		508817D509F0C9AD0071BF1A /* Products */ = {
			isa = PBXGroup;
			children = (
				6EE2BA530A40BB2600CC7CE2 /* SafeguardTools.aip */,
			);
			name = Products;
			sourceTree = "<group>";
		};
		508817F509F0CAB50071BF1A /* Sources */ = {
			isa = PBXGroup;
			children = (
				F9667D642608EE010026EB06 /* ColorTools */,
				F9667D8C2608EE010026EB06 /* DictionaryWriter */,
				F9667D562608EE010026EB06 /* ListFonts */,
				F9667D592608EE010026EB06 /* PlaceFileSearch */,
				F9667D6F2608EE010026EB06 /* PlateBleedInfo */,
				F9667D602608EE010026EB06 /* PreferenceWriter */,
				F9667D442608EE010026EB06 /* PrintToPdf */,
				F9667D382608EE000026EB06 /* SafeguardFile */,
				F9667D332608EE000026EB06 /* TextTools */,
				F9667C552608E2B70026EB06 /* utility-headers */,
				F9667C1A2608DF840026EB06 /* SafeguardToolsID.h */,
				F9667C162608DF840026EB06 /* SafeguardToolsPlugin.cpp */,
				F9667C172608DF840026EB06 /* SafeguardToolsPlugin.h */,
				F9667C192608DF840026EB06 /* SafeguardToolsSuites.cpp */,
				F9667C182608DF840026EB06 /* SafeguardToolsSuites.h */,
				F9069B1B0BA567FF001B8F28 /* Shared */,
			);
			name = Sources;
			sourceTree = "<group>";
		};
		5088180609F0CDD00071BF1A /* Libraries */ = {
			isa = PBXGroup;
			children = (
				F9667C0A2608DE8B0026EB06 /* libboost_system.a */,
				F9667C082608DE7B0026EB06 /* libboost_filesystem.a */,
				F9667C072608DE510026EB06 /* CoreFoundation.framework */,
			);
			name = Libraries;
			sourceTree = "<group>";
		};
		6EE2BA590A40BDD300CC7CE2 /* Resources */ = {
			isa = PBXGroup;
			children = (
				F9667DF72608F0790026EB06 /* AiFile */,
				F9667DFB2608F0790026EB06 /* Fonts */,
				F9667DF92608F0790026EB06 /* ListFonts */,
				DA576AF816E8A8BD00C0AD7E /* SafeguardTools2x.r */,
				F938CB920B8B9E6D0039754D /* SafeguardTools.r */,
				6E81FF0A0A8CBABC002569B5 /* Info.plist */,
			);
			name = Resources;
			sourceTree = "<group>";
		};
		F9069B1B0BA567FF001B8F28 /* Shared */ = {
			isa = PBXGroup;
			children = (
				F9667E07260B83C80026EB06 /* AppContext.cpp */,
				F9667E08260B83C80026EB06 /* FlashUIController.cpp */,
				F9667E0A260B83C90026EB06 /* IllustratorSDK.cpp */,
				F9667E0D260B83C90026EB06 /* Main.cpp */,
				F9667E0E260B83C90026EB06 /* Plugin.cpp */,
				F9667E09260B83C80026EB06 /* SDKErrors.cpp */,
				F9667E0C260B83C90026EB06 /* SDKPlugPlug.cpp */,
				F9667E0B260B83C90026EB06 /* Suites.cpp */,
				F9667C2A2608E1690026EB06 /* IAIArtboards.cpp */,
				F9667C2C2608E1690026EB06 /* IAIFilePath.cpp */,
				F9667C2B2608E1690026EB06 /* IAIUnicodeString.cpp */,
				F9667C322608E1850026EB06 /* IText.cpp */,
				F9667C312608E1850026EB06 /* IThrowException.cpp */,
			);
			name = Shared;
			sourceTree = "<group>";
		};
		F9667C552608E2B70026EB06 /* utility-headers */ = {
			isa = PBXGroup;
			children = (
				F9667C6A2608E2B80026EB06 /* AIArtboardMessage.h */,
				F9667C972608E2B80026EB06 /* ArtboardNameRetriever.hpp */,
				F9667C7C2608E2B80026EB06 /* ArtObjectFilter.cpp */,
				F9667C872608E2B80026EB06 /* ArtObjectFilter.hpp */,
				F9667C842608E2B80026EB06 /* ArtTree.cpp */,
				F9667C952608E2B80026EB06 /* ArtTree.h */,
				F9667C7B2608E2B80026EB06 /* ATEFuncs.cpp */,
				F9667C7A2608E2B80026EB06 /* ATEFuncs.h */,
				F9667C602608E2B80026EB06 /* BtAiMenuItem.cpp */,
				F9667C7E2608E2B80026EB06 /* BtAiMenuItem.h */,
				F9667C662608E2B80026EB06 /* BtAiMenuItemHandles.cpp */,
				F9667C9A2608E2B80026EB06 /* BtAiMenuItemHandles.h */,
				F9667C992608E2B80026EB06 /* BtArtboardRange.cpp */,
				F9667C862608E2B80026EB06 /* BtArtboardRange.h */,
				F9667C832608E2B80026EB06 /* BtArtHandle.cpp */,
				F9667C672608E2B80026EB06 /* BtArtHandle.hpp */,
				F9667C5B2608E2B70026EB06 /* BtAteTextFeatures.cpp */,
				F9667C5C2608E2B70026EB06 /* BtAteTextFeatures.h */,
				F9667C982608E2B80026EB06 /* BtColor.cpp */,
				F9667C592608E2B70026EB06 /* BtColor.tpp */,
				F9667C802608E2B80026EB06 /* BtColor.h */,
				F9667C852608E2B80026EB06 /* BtDocumentView.cpp */,
				F9667C792608E2B80026EB06 /* BtDocumentView.hpp */,
				F9667C882608E2B80026EB06 /* BtLayer.cpp */,
				F9667C562608E2B70026EB06 /* BtLayer.hpp */,
				F9667C692608E2B80026EB06 /* BtSwatchList.cpp */,
				F9667C942608E2B80026EB06 /* BtSwatchList.h */,
				F9667C5A2608E2B70026EB06 /* BtTransformArt.cpp */,
				F9667C962608E2B80026EB06 /* BtTransformArt.hpp */,
				F9667C622608E2B80026EB06 /* ColorEnumerator.cpp */,
				F9667C7F2608E2B80026EB06 /* ColorEnumerator.hpp */,
				F9667C822608E2B80026EB06 /* ColorFuncs.cpp */,
				F9667C5D2608E2B70026EB06 /* ColorFuncs.h */,
				F9667C682608E2B80026EB06 /* ColorList.cpp */,
				F9667C572608E2B70026EB06 /* ColorList.h */,
				F9667C812608E2B80026EB06 /* ColorListChecker.cpp */,
				F9667C652608E2B80026EB06 /* ColorListChecker.hpp */,
				F9667C6B2608E2B80026EB06 /* Filesystem */,
				F9667C7D2608E2B80026EB06 /* GetIllustratorErrorCode.h */,
				F9667C582608E2B70026EB06 /* ICanBeTextRange.h */,
				F9667C642608E2B80026EB06 /* IBtCommand.hpp */,
				F9667C892608E2B80026EB06 /* Commands */,
				F9667C5E2608E2B70026EB06 /* IDrawer.h */,
				F9667C632608E2B80026EB06 /* IDrawable.hpp */,
				F9667C5F2608E2B80026EB06 /* VPB.cpp */,
				F9667C612608E2B80026EB06 /* VPB.h */,
			);
			name = "utility-headers";
			path = "Source/utility-headers";
			sourceTree = "<group>";
		};
		F9667C6B2608E2B80026EB06 /* Filesystem */ = {
			isa = PBXGroup;
			children = (
				F9667C6C2608E2B80026EB06 /* ExistingFileDeleter.cpp */,
				F9667C6D2608E2B80026EB06 /* ExistingFileDeleter.h */,
				F9667C6E2608E2B80026EB06 /* DirectoryChooser.hpp */,
				F9667C6F2608E2B80026EB06 /* FilesystemResults.hpp */,
				F9667C702608E2B80026EB06 /* SgPathConstants.hpp */,
				F9667C712608E2B80026EB06 /* PathCreator.cpp */,
				F9667C722608E2B80026EB06 /* CommandLineDirectoryChooser.hpp */,
				F9667C732608E2B80026EB06 /* CurrentFilenameRetriever.hpp */,
				F9667C742608E2B80026EB06 /* FilesystemResults.cpp */,
				F9667C752608E2B80026EB06 /* PathBuilder.h */,
				F9667C762608E2B80026EB06 /* PathBuilder.cpp */,
				F9667C772608E2B80026EB06 /* AiDirectoryChooser.hpp */,
				F9667C782608E2B80026EB06 /* PathCreator.h */,
			);
			path = Filesystem;
			sourceTree = "<group>";
		};
		F9667C892608E2B80026EB06 /* Commands */ = {
			isa = PBXGroup;
			children = (
				F9667C8A2608E2B80026EB06 /* FilesystemCommand.cpp */,
				F9667C8B2608E2B80026EB06 /* ColorListCommand.cpp */,
				F9667C8C2608E2B80026EB06 /* DrawDrawableCommand.hpp */,
				F9667C8D2608E2B80026EB06 /* PrintToPdfCommand.cpp */,
				F9667C8E2608E2B80026EB06 /* ArtObjectCommand.cpp */,
				F9667C8F2608E2B80026EB06 /* DrawDrawableCommand.cpp */,
				F9667C902608E2B80026EB06 /* ColorListCommand.hpp */,
				F9667C912608E2B80026EB06 /* PrintToPdfCommand.hpp */,
				F9667C922608E2B80026EB06 /* ArtObjectCommand.hpp */,
				F9667C932608E2B80026EB06 /* FilesystemCommand.hpp */,
			);
			path = Commands;
			sourceTree = "<group>";
		};
		F9667D332608EE000026EB06 /* TextTools */ = {
			isa = PBXGroup;
			children = (
				F9667D342608EE000026EB06 /* TextTools.h */,
				F9667D352608EE000026EB06 /* TextTools.cpp */,
				F9667D362608EE000026EB06 /* FixFreehandType.h */,
				F9667D372608EE000026EB06 /* FixFreehandType.cpp */,
			);
			name = TextTools;
			path = Source/TextTools;
			sourceTree = "<group>";
		};
		F9667D382608EE000026EB06 /* SafeguardFile */ = {
			isa = PBXGroup;
			children = (
				F9667D392608EE000026EB06 /* Plate.cpp */,
				F9667D3A2608EE010026EB06 /* TokenCreator.hpp */,
				F9667D3B2608EE010026EB06 /* PlateNumberToATETextRangeConverter.hpp */,
				F9667D3C2608EE010026EB06 /* PlateNumber.h */,
				F9667D3D2608EE010026EB06 /* SafeguardJobFile.h */,
				F9667D3E2608EE010026EB06 /* PlateNumberToATETextRangeConverter.cpp */,
				F9667D3F2608EE010026EB06 /* SafeguardJobFile.cpp */,
				F9667D402608EE010026EB06 /* Plate.h */,
				F9667D412608EE010026EB06 /* PlateNumber.cpp */,
				F9667D422608EE010026EB06 /* SafeguardFileConstants.h */,
				F9667D432608EE010026EB06 /* TokenCreator.cpp */,
			);
			name = SafeguardFile;
			path = Source/SafeguardFile;
			sourceTree = "<group>";
		};
		F9667D442608EE010026EB06 /* PrintToPdf */ = {
			isa = PBXGroup;
			children = (
				F9667D452608EE010026EB06 /* PdfPrinter.cpp */,
				F9667D462608EE010026EB06 /* PasswordRetriever.cpp */,
				F9667D472608EE010026EB06 /* TypeToPathsConverter.hpp */,
				F9667D482608EE010026EB06 /* PrintToPdfUIController.cpp */,
				F9667D492608EE010026EB06 /* PdfSettings.cpp */,
				F9667D4A2608EE010026EB06 /* PdfArtObjectCommand.cpp */,
				F9667D4B2608EE010026EB06 /* PrintToPdfFolderPrefsUIController.cpp */,
				F9667D4C2608EE010026EB06 /* LayerVisibility.cpp */,
				F9667D4D2608EE010026EB06 /* PdfSettings.h */,
				F9667D4E2608EE010026EB06 /* PasswordRetriever.h */,
				F9667D4F2608EE010026EB06 /* PdfArtObjectCommand.hpp */,
				F9667D502608EE010026EB06 /* PrintToPdfFolderPrefsUIController.hpp */,
				F9667D512608EE010026EB06 /* PrintToPdfConstants.h */,
				F9667D522608EE010026EB06 /* LayerVisibility.hpp */,
				F9667D532608EE010026EB06 /* PrintToPdfUIController.h */,
				F9667D542608EE010026EB06 /* PdfPrinter.h */,
				F9667D552608EE010026EB06 /* TypeToPathsConverter.cpp */,
			);
			name = PrintToPdf;
			path = Source/PrintToPdf;
			sourceTree = "<group>";
		};
		F9667D562608EE010026EB06 /* ListFonts */ = {
			isa = PBXGroup;
			children = (
				F9667D572608EE010026EB06 /* ListFonts.h */,
				F9667D582608EE010026EB06 /* ListFonts.cpp */,
			);
			name = ListFonts;
			path = Source/ListFonts;
			sourceTree = "<group>";
		};
		F9667D592608EE010026EB06 /* PlaceFileSearch */ = {
			isa = PBXGroup;
			children = (
				F9667D5A2608EE010026EB06 /* PlaceFileSearcher.hpp */,
				F9667D5B2608EE010026EB06 /* FilePlacer.cpp */,
				F9667D5C2608EE010026EB06 /* PlaceFileSearchUIController.cpp */,
				F9667D5D2608EE010026EB06 /* FilePlacer.hpp */,
				F9667D5E2608EE010026EB06 /* PlaceFileSearchUIController.hpp */,
				F9667D5F2608EE010026EB06 /* PlaceFileSearcher.cpp */,
			);
			name = PlaceFileSearch;
			path = Source/PlaceFileSearch;
			sourceTree = "<group>";
		};
		F9667D602608EE010026EB06 /* PreferenceWriter */ = {
			isa = PBXGroup;
			children = (
				F9667D612608EE010026EB06 /* PreferenceWriter.hpp */,
				F9667D622608EE010026EB06 /* CommandLinePreferenceWriter.hpp */,
				F9667D632608EE010026EB06 /* AiPreferenceWriter.hpp */,
			);
			name = PreferenceWriter;
			path = Source/PreferenceWriter;
			sourceTree = "<group>";
		};
		F9667D642608EE010026EB06 /* ColorTools */ = {
			isa = PBXGroup;
			children = (
				F9667D652608EE010026EB06 /* ColorToolsUIController.cpp */,
				F9667D662608EE010026EB06 /* FindReplaceGraphics.cpp */,
				F9667D672608EE010026EB06 /* FixBlack.h */,
				F9667D682608EE010026EB06 /* FindReplaceGraphics.h */,
				F9667D692608EE010026EB06 /* ReplaceDataBuilder.h */,
				F9667D6A2608EE010026EB06 /* FixBlack.cpp */,
				F9667D6B2608EE010026EB06 /* ColorToolsUIController.h */,
				F9667D6C2608EE010026EB06 /* ReplaceDataBuilder.cpp */,
				F9667D6D2608EE010026EB06 /* ReplaceData.cpp */,
				F9667D6E2608EE010026EB06 /* ReplaceData.h */,
			);
			name = ColorTools;
			path = Source/ColorTools;
			sourceTree = "<group>";
		};
		F9667D6F2608EE010026EB06 /* PlateBleedInfo */ = {
			isa = PBXGroup;
			children = (
				F9667D702608EE010026EB06 /* BleedInfoController.hpp */,
				F9667D712608EE010026EB06 /* BleedInfoWriter.cpp */,
				F9667D722608EE010026EB06 /* SafeguardJobFileDTO.cpp */,
				F9667D732608EE010026EB06 /* BleedTextInfoDrawer.cpp */,
				F9667D742608EE010026EB06 /* ColorListDrawer.h */,
				F9667D752608EE010026EB06 /* TickMarkDrawer.cpp */,
				F9667D762608EE010026EB06 /* BleedInfoPluginArtToArtboardMatcher.cpp */,
				F9667D772608EE010026EB06 /* RequiredLayersCreator.cpp */,
				F9667D782608EE010026EB06 /* BleedInfoDrawableController.h */,
				F9667D792608EE010026EB06 /* BleedInfo.h */,
				F9667D7A2608EE010026EB06 /* BleedTextInfoDrawer.h */,
				F9667D7B2608EE010026EB06 /* TickMarkSettings.cpp */,
				F9667D7C2608EE010026EB06 /* FileNameDateDrawer.cpp */,
				F9667D7D2608EE010026EB06 /* SgSymbolDrawer.hpp */,
				F9667D7E2608EE010026EB06 /* PlateBleedInfoUIController.hpp */,
				F9667D7F2608EE010026EB06 /* ColorListDrawer.cpp */,
				F9667D802608EE010026EB06 /* BleedInfo.cpp */,
				F9667D812608EE010026EB06 /* BleedInfoPluginArtToArtboardMatcher.hpp */,
				F9667D822608EE010026EB06 /* RequiredLayersCreator.hpp */,
				F9667D832608EE010026EB06 /* BleedInfoDrawableController.cpp */,
				F9667D842608EE010026EB06 /* TickMarkSettings.hpp */,
				F9667D852608EE010026EB06 /* SgSymbolDrawer.cpp */,
				F9667D862608EE010026EB06 /* PlateBleedInfoUIController.cpp */,
				F9667D872608EE010026EB06 /* BleedInfoController.cpp */,
				F9667D882608EE010026EB06 /* BleedInfoWriter.hpp */,
				F9667D892608EE010026EB06 /* SafeguardJobFileDTO.hpp */,
				F9667D8A2608EE010026EB06 /* FileNameDateDrawer.h */,
				F9667D8B2608EE010026EB06 /* TickMarkDrawer.h */,
			);
			name = PlateBleedInfo;
			path = Source/PlateBleedInfo;
			sourceTree = "<group>";
		};
		F9667D8C2608EE010026EB06 /* DictionaryWriter */ = {
			isa = PBXGroup;
			children = (
				F9667D8D2608EE010026EB06 /* DictionaryWriter.cpp */,
				F9667D8E2608EE010026EB06 /* DictionaryWriter.h */,
			);
			name = DictionaryWriter;
			path = Source/DictionaryWriter;
			sourceTree = "<group>";
		};
		F9667DF72608F0790026EB06 /* AiFile */ = {
			isa = PBXGroup;
			children = (
				F9667DF82608F0790026EB06 /* sg_Symbols.ai */,
			);
			name = AiFile;
			path = Resources/Mac/AiFile;
			sourceTree = "<group>";
		};
		F9667DF92608F0790026EB06 /* ListFonts */ = {
			isa = PBXGroup;
			children = (
				F9667DFA2608F0790026EB06 /* fontlist.txt */,
			);
			name = ListFonts;
			path = Resources/Mac/ListFonts;
			sourceTree = "<group>";
		};
		F9667DFB2608F0790026EB06 /* Fonts */ = {
			isa = PBXGroup;
			children = (
				F9667DFC2608F0790026EB06 /* IDAutomationC39XS.otf */,
			);
			name = Fonts;
			path = Resources/Mac/Fonts;
			sourceTree = "<group>";
		};
/* End PBXGroup section */

/* Begin PBXHeadersBuildPhase section */
		6EE2BA0A0A40B76300CC7CE2 /* Headers */ = {
			isa = PBXHeadersBuildPhase;
			buildActionMask = 2147483647;
			files = (
				F9667D942608EE010026EB06 /* TokenCreator.hpp in Headers */,
				F9667DBD2608EE010026EB06 /* FindReplaceGraphics.h in Headers */,
				F9667DDD2608EE010026EB06 /* SafeguardJobFileDTO.hpp in Headers */,
				F9667CD92608E2B80026EB06 /* BtAiMenuItem.h in Headers */,
				F9667CC32608E2B80026EB06 /* BtArtHandle.hpp in Headers */,
				F9667DA92608EE010026EB06 /* PrintToPdfFolderPrefsUIController.hpp in Headers */,
				F9667CD22608E2B80026EB06 /* AiDirectoryChooser.hpp in Headers */,
				F9667DC02608EE010026EB06 /* ColorToolsUIController.h in Headers */,
				F9667CB92608E2B80026EB06 /* ColorFuncs.h in Headers */,
				F9667DD52608EE010026EB06 /* BleedInfoPluginArtToArtboardMatcher.hpp in Headers */,
				F9667DB72608EE010026EB06 /* PreferenceWriter.hpp in Headers */,
				F9667DB52608EE010026EB06 /* PlaceFileSearchUIController.hpp in Headers */,
				F9667CED2608E2B80026EB06 /* FilesystemCommand.hpp in Headers */,
				F9667CBF2608E2B80026EB06 /* IDrawable.hpp in Headers */,
				F9667DB92608EE010026EB06 /* AiPreferenceWriter.hpp in Headers */,
				F9667CF42608E2B80026EB06 /* BtAiMenuItemHandles.h in Headers */,
				F9667CB32608E2B80026EB06 /* ColorList.h in Headers */,
				F9667DB82608EE010026EB06 /* CommandLinePreferenceWriter.hpp in Headers */,
				F9667CCA2608E2B80026EB06 /* FilesystemResults.hpp in Headers */,
				F9667CF12608E2B80026EB06 /* ArtboardNameRetriever.hpp in Headers */,
				F9667CEF2608E2B80026EB06 /* ArtTree.h in Headers */,
				F9667DA02608EE010026EB06 /* TypeToPathsConverter.hpp in Headers */,
				F9667CF02608E2B80026EB06 /* BtTransformArt.hpp in Headers */,
				F9667DAF2608EE010026EB06 /* ListFonts.h in Headers */,
				F9667DC82608EE010026EB06 /* ColorListDrawer.h in Headers */,
				F9667D9C2608EE010026EB06 /* SafeguardFileConstants.h in Headers */,
				F9667D9A2608EE010026EB06 /* Plate.h in Headers */,
				F9667CB82608E2B80026EB06 /* BtAteTextFeatures.h in Headers */,
				F9667CD52608E2B80026EB06 /* ATEFuncs.h in Headers */,
				F9667DD12608EE010026EB06 /* SgSymbolDrawer.hpp in Headers */,
				F9667CEE2608E2B80026EB06 /* BtSwatchList.h in Headers */,
				F9667D952608EE010026EB06 /* PlateNumberToATETextRangeConverter.hpp in Headers */,
				F9667DCC2608EE010026EB06 /* BleedInfoDrawableController.h in Headers */,
				F9667CBD2608E2B80026EB06 /* VPB.h in Headers */,
				F9667CEB2608E2B80026EB06 /* PrintToPdfCommand.hpp in Headers */,
				F9667DD82608EE010026EB06 /* TickMarkSettings.hpp in Headers */,
				F9667CE62608E2B80026EB06 /* DrawDrawableCommand.hpp in Headers */,
				F9667DDC2608EE010026EB06 /* BleedInfoWriter.hpp in Headers */,
				F9667D8F2608EE010026EB06 /* TextTools.h in Headers */,
				F9667D972608EE010026EB06 /* SafeguardJobFile.h in Headers */,
				F9667DAD2608EE010026EB06 /* PdfPrinter.h in Headers */,
				F9667DC32608EE010026EB06 /* ReplaceData.h in Headers */,
				F9667DAA2608EE010026EB06 /* PrintToPdfConstants.h in Headers */,
				F9667CD32608E2B80026EB06 /* PathCreator.h in Headers */,
				F9667CB22608E2B80026EB06 /* BtLayer.hpp in Headers */,
				F9667DB42608EE010026EB06 /* FilePlacer.hpp in Headers */,
				F9667CDB2608E2B80026EB06 /* BtColor.h in Headers */,
				F9667CE22608E2B80026EB06 /* ArtObjectFilter.hpp in Headers */,
				F9667CCD2608E2B80026EB06 /* CommandLineDirectoryChooser.hpp in Headers */,
				F9667DAC2608EE010026EB06 /* PrintToPdfUIController.h in Headers */,
				F9667DA62608EE010026EB06 /* PdfSettings.h in Headers */,
				F9667CC62608E2B80026EB06 /* AIArtboardMessage.h in Headers */,
				F9667CE12608E2B80026EB06 /* BtArtboardRange.h in Headers */,
				F9667DA72608EE010026EB06 /* PasswordRetriever.h in Headers */,
				F9667DCE2608EE010026EB06 /* BleedTextInfoDrawer.h in Headers */,
				F9667CCB2608E2B80026EB06 /* SgPathConstants.hpp in Headers */,
				F9667CBA2608E2B80026EB06 /* IDrawer.h in Headers */,
				F9667DC42608EE010026EB06 /* BleedInfoController.hpp in Headers */,
				F9667DD22608EE010026EB06 /* PlateBleedInfoUIController.hpp in Headers */,
				F9667C1D2608DF840026EB06 /* SafeguardToolsSuites.h in Headers */,
				F9667C1C2608DF840026EB06 /* SafeguardToolsPlugin.h in Headers */,
				F9667DAB2608EE010026EB06 /* LayerVisibility.hpp in Headers */,
				F9667D962608EE010026EB06 /* PlateNumber.h in Headers */,
				F9667CC82608E2B80026EB06 /* ExistingFileDeleter.h in Headers */,
				F9667DDF2608EE010026EB06 /* TickMarkDrawer.h in Headers */,
				F9667DE12608EE010026EB06 /* DictionaryWriter.h in Headers */,
				F9667C1F2608DF840026EB06 /* SafeguardToolsID.h in Headers */,
				F9667DB12608EE010026EB06 /* PlaceFileSearcher.hpp in Headers */,
				F9667DDE2608EE010026EB06 /* FileNameDateDrawer.h in Headers */,
				F9667CC02608E2B80026EB06 /* IBtCommand.hpp in Headers */,
				F9667DD62608EE010026EB06 /* RequiredLayersCreator.hpp in Headers */,
				F9667CD82608E2B80026EB06 /* GetIllustratorErrorCode.h in Headers */,
				F9667CDA2608E2B80026EB06 /* ColorEnumerator.hpp in Headers */,
				F9667CCE2608E2B80026EB06 /* CurrentFilenameRetriever.hpp in Headers */,
				F9667CD42608E2B80026EB06 /* BtDocumentView.hpp in Headers */,
				F9667D912608EE010026EB06 /* FixFreehandType.h in Headers */,
				F9667CB42608E2B80026EB06 /* ICanBeTextRange.h in Headers */,
				F9667DA82608EE010026EB06 /* PdfArtObjectCommand.hpp in Headers */,
				F9667CEA2608E2B80026EB06 /* ColorListCommand.hpp in Headers */,
				F9667CC12608E2B80026EB06 /* ColorListChecker.hpp in Headers */,
				F9667DCD2608EE010026EB06 /* BleedInfo.h in Headers */,
				F9667CC92608E2B80026EB06 /* DirectoryChooser.hpp in Headers */,
				F9667DBE2608EE010026EB06 /* ReplaceDataBuilder.h in Headers */,
				F9667DBC2608EE010026EB06 /* FixBlack.h in Headers */,
				F9667CD02608E2B80026EB06 /* PathBuilder.h in Headers */,
				F9667CEC2608E2B80026EB06 /* ArtObjectCommand.hpp in Headers */,
			);
			runOnlyForDeploymentPostprocessing = 0;
		};
/* End PBXHeadersBuildPhase section */

/* Begin PBXNativeTarget section */
		508817D309F0C9AD0071BF1A /* SafeguardTools */ = {
			isa = PBXNativeTarget;
			buildConfigurationList = 508817D709F0C9AE0071BF1A /* Build configuration list for PBXNativeTarget "SafeguardTools" */;
			buildPhases = (
				ECF5F03F2191A1FA00415A01 /* Run Script */,
				6EE2BA0A0A40B76300CC7CE2 /* Headers */,
				508817D109F0C9AD0071BF1A /* Sources */,
				508817D009F0C9AD0071BF1A /* Resources */,
				F9667DEC2608EED70026EB06 /* CopyFiles */,
				F9667DEF2608EF1E0026EB06 /* CopyFiles */,
				F9667DF32608EFB00026EB06 /* CopyFiles */,
				508817D209F0C9AD0071BF1A /* Frameworks */,
				6EE2BA0C0A40B77400CC7CE2 /* Rez */,
				FA13BD4217E7212E00496E84 /* ShellScript */,
			);
			buildRules = (
			);
			dependencies = (
			);
			name = SafeguardTools;
			productName = SafeguardTools;
			productReference = 6EE2BA530A40BB2600CC7CE2 /* SafeguardTools.aip */;
			productType = "com.apple.product-type.bundle";
		};
/* End PBXNativeTarget section */

/* Begin PBXProject section */
		508817C409F0C9740071BF1A /* Project object */ = {
			isa = PBXProject;
			attributes = {
			};
			buildConfigurationList = 508817C509F0C9740071BF1A /* Build configuration list for PBXProject "SafeguardTools" */;
			compatibilityVersion = "Xcode 3.2";
			developmentRegion = English;
			hasScannedForEncodings = 0;
			knownRegions = (
				English,
				Japanese,
				French,
				German,
			);
			mainGroup = 508817C209F0C9740071BF1A;
			productRefGroup = 508817D509F0C9AD0071BF1A /* Products */;
			projectDirPath = "";
			projectRoot = "";
			targets = (
				508817D309F0C9AD0071BF1A /* SafeguardTools */,
			);
		};
/* End PBXProject section */

/* Begin PBXResourcesBuildPhase section */
		508817D009F0C9AD0071BF1A /* Resources */ = {
			isa = PBXResourcesBuildPhase;
			buildActionMask = 2147483647;
			files = (
				F94536EB260CE96100C14943 /* SafeguardTools.Release.xcconfig in Resources */,
				F9667DFE2608F0790026EB06 /* fontlist.txt in Resources */,
			);
			runOnlyForDeploymentPostprocessing = 0;
		};
/* End PBXResourcesBuildPhase section */

/* Begin PBXRezBuildPhase section */
		6EE2BA0C0A40B77400CC7CE2 /* Rez */ = {
			isa = PBXRezBuildPhase;
			buildActionMask = 2147483647;
			files = (
				F938CB930B8B9E6D0039754D /* SafeguardTools.r in Rez */,
				DA576AF916E8A8BD00C0AD7E /* SafeguardTools2x.r in Rez */,
			);
			runOnlyForDeploymentPostprocessing = 0;
		};
/* End PBXRezBuildPhase section */

/* Begin PBXShellScriptBuildPhase section */
		ECF5F03F2191A1FA00415A01 /* Run Script */ = {
			isa = PBXShellScriptBuildPhase;
			buildActionMask = 2147483647;
			files = (
			);
			inputPaths = (
			);
			name = "Run Script";
			outputPaths = (
			);
			runOnlyForDeploymentPostprocessing = 0;
			shellPath = /bin/sh;
			shellScript = "python \"/Users/t431962/Desktop/Adobe Illustrator SDK/tools/pipl/create_pipl.py\" -input '[{\"name\":\"SafeguardTools\"}]' \n";
		};
		FA13BD4217E7212E00496E84 /* ShellScript */ = {
			isa = PBXShellScriptBuildPhase;
			buildActionMask = 2147483647;
			files = (
			);
			inputPaths = (
			);
			outputPaths = (
			);
			runOnlyForDeploymentPostprocessing = 0;
			shellPath = /bin/sh;
			shellScript = "mkdir -p \"${CONFIGURATION_BUILD_DIR}/${PRODUCT_NAME}.aip/Contents/Resources/svg\"\nmkdir -p \"${CONFIGURATION_BUILD_DIR}/${PRODUCT_NAME}.aip/Contents/Resources/txt\"\ncp -f \"./Resources/raw/S_SDKSafeguardToolsLineTool_Lg_N@2x.svg\" \"${CONFIGURATION_BUILD_DIR}/${PRODUCT_NAME}.aip/Contents/Resources/svg/S_SDKSafeguardToolsLineTool_Lg_N@2x.svg\"\ncp -f \"./Resources/raw/IDToFile.txt\" \"${CONFIGURATION_BUILD_DIR}/${PRODUCT_NAME}.aip/Contents/Resources/txt/IDToFile.txt\"\nmkdir -p \"${CONFIGURATION_BUILD_DIR}/${PRODUCT_NAME}.aip/Contents/Resources/pipl\"\ncp -f \"plugin.pipl\" \"${CONFIGURATION_BUILD_DIR}/${PRODUCT_NAME}.aip/Contents/Resources/pipl/plugin.pipl\"\n\nexit\n";
		};
/* End PBXShellScriptBuildPhase section */

/* Begin PBXSourcesBuildPhase section */
		508817D109F0C9AD0071BF1A /* Sources */ = {
			isa = PBXSourcesBuildPhase;
			buildActionMask = 2147483647;
			files = (
				F9667CC22608E2B80026EB06 /* BtAiMenuItemHandles.cpp in Sources */,
				F9667CD12608E2B80026EB06 /* PathBuilder.cpp in Sources */,
				F9667CD62608E2B80026EB06 /* ATEFuncs.cpp in Sources */,
				F9667DA32608EE010026EB06 /* PdfArtObjectCommand.cpp in Sources */,
				F9667CBB2608E2B80026EB06 /* VPB.cpp in Sources */,
				F9667CBC2608E2B80026EB06 /* BtAiMenuItem.cpp in Sources */,
				F9667CCC2608E2B80026EB06 /* PathCreator.cpp in Sources */,
				F9667E14260B83C90026EB06 /* SDKPlugPlug.cpp in Sources */,
				F9667C332608E1850026EB06 /* IThrowException.cpp in Sources */,
				F9667DB02608EE010026EB06 /* ListFonts.cpp in Sources */,
				F9667DA12608EE010026EB06 /* PrintToPdfUIController.cpp in Sources */,
				F9667D982608EE010026EB06 /* PlateNumberToATETextRangeConverter.cpp in Sources */,
				F9667DCB2608EE010026EB06 /* RequiredLayersCreator.cpp in Sources */,
				F9667E13260B83C90026EB06 /* Suites.cpp in Sources */,
				F9667E15260B83C90026EB06 /* Main.cpp in Sources */,
				F9667DBB2608EE010026EB06 /* FindReplaceGraphics.cpp in Sources */,
				F9667C2D2608E1690026EB06 /* IAIArtboards.cpp in Sources */,
				F9667DD42608EE010026EB06 /* BleedInfo.cpp in Sources */,
				F9667DB22608EE010026EB06 /* FilePlacer.cpp in Sources */,
				F9667D902608EE010026EB06 /* TextTools.cpp in Sources */,
				F9667CDD2608E2B80026EB06 /* ColorFuncs.cpp in Sources */,
				F9667CDE2608E2B80026EB06 /* BtArtHandle.cpp in Sources */,
				F9667D9D2608EE010026EB06 /* TokenCreator.cpp in Sources */,
				F9667CE42608E2B80026EB06 /* FilesystemCommand.cpp in Sources */,
				F9667C2F2608E1690026EB06 /* IAIFilePath.cpp in Sources */,
				F9667DE02608EE010026EB06 /* DictionaryWriter.cpp in Sources */,
				F9667CE82608E2B80026EB06 /* ArtObjectCommand.cpp in Sources */,
				F9667CC52608E2B80026EB06 /* BtSwatchList.cpp in Sources */,
				F9667CDF2608E2B80026EB06 /* ArtTree.cpp in Sources */,
				F9667D9F2608EE010026EB06 /* PasswordRetriever.cpp in Sources */,
				F9667DC62608EE010026EB06 /* SafeguardJobFileDTO.cpp in Sources */,
				F9667DBA2608EE010026EB06 /* ColorToolsUIController.cpp in Sources */,
				F9667DDB2608EE010026EB06 /* BleedInfoController.cpp in Sources */,
				F9667CE02608E2B80026EB06 /* BtDocumentView.cpp in Sources */,
				F9667CBE2608E2B80026EB06 /* ColorEnumerator.cpp in Sources */,
				F9667DCF2608EE010026EB06 /* TickMarkSettings.cpp in Sources */,
				F9667CC72608E2B80026EB06 /* ExistingFileDeleter.cpp in Sources */,
				F9667DA22608EE010026EB06 /* PdfSettings.cpp in Sources */,
				F9667DC52608EE010026EB06 /* BleedInfoWriter.cpp in Sources */,
				F9667DA52608EE010026EB06 /* LayerVisibility.cpp in Sources */,
				F9667DC92608EE010026EB06 /* TickMarkDrawer.cpp in Sources */,
				F9667DD02608EE010026EB06 /* FileNameDateDrawer.cpp in Sources */,
				F9667E10260B83C90026EB06 /* FlashUIController.cpp in Sources */,
				F9667DCA2608EE010026EB06 /* BleedInfoPluginArtToArtboardMatcher.cpp in Sources */,
				F9667E11260B83C90026EB06 /* SDKErrors.cpp in Sources */,
				F9667CB72608E2B80026EB06 /* BtAteTextFeatures.cpp in Sources */,
				F9667CE52608E2B80026EB06 /* ColorListCommand.cpp in Sources */,
				F9667CF32608E2B80026EB06 /* BtArtboardRange.cpp in Sources */,
				F9667CD72608E2B80026EB06 /* ArtObjectFilter.cpp in Sources */,
				F9667DB62608EE010026EB06 /* PlaceFileSearcher.cpp in Sources */,
				F9667DC12608EE010026EB06 /* ReplaceDataBuilder.cpp in Sources */,
				F9667C342608E1850026EB06 /* IText.cpp in Sources */,
				F9667DA42608EE010026EB06 /* PrintToPdfFolderPrefsUIController.cpp in Sources */,
				F9667CC42608E2B80026EB06 /* ColorList.cpp in Sources */,
				F9667CE92608E2B80026EB06 /* DrawDrawableCommand.cpp in Sources */,
				F9667CCF2608E2B80026EB06 /* FilesystemResults.cpp in Sources */,
				F9667DB32608EE010026EB06 /* PlaceFileSearchUIController.cpp in Sources */,
				F9667DD92608EE010026EB06 /* SgSymbolDrawer.cpp in Sources */,
				F9667DBF2608EE010026EB06 /* FixBlack.cpp in Sources */,
				F9667CB62608E2B80026EB06 /* BtTransformArt.cpp in Sources */,
				F9667CE32608E2B80026EB06 /* BtLayer.cpp in Sources */,
				F9667D992608EE010026EB06 /* SafeguardJobFile.cpp in Sources */,
				F9667DC72608EE010026EB06 /* BleedTextInfoDrawer.cpp in Sources */,
				F9667DC22608EE010026EB06 /* ReplaceData.cpp in Sources */,
				F9667CF22608E2B80026EB06 /* BtColor.cpp in Sources */,
				F9667CE72608E2B80026EB06 /* PrintToPdfCommand.cpp in Sources */,
				F9667E12260B83C90026EB06 /* IllustratorSDK.cpp in Sources */,
				F9667C1B2608DF840026EB06 /* SafeguardToolsPlugin.cpp in Sources */,
				F9667C2E2608E1690026EB06 /* IAIUnicodeString.cpp in Sources */,
				F9667E0F260B83C90026EB06 /* AppContext.cpp in Sources */,
				F9667D932608EE010026EB06 /* Plate.cpp in Sources */,
				F9667C1E2608DF840026EB06 /* SafeguardToolsSuites.cpp in Sources */,
				F9667DD32608EE010026EB06 /* ColorListDrawer.cpp in Sources */,
				F9667DAE2608EE010026EB06 /* TypeToPathsConverter.cpp in Sources */,
				F9667D922608EE010026EB06 /* FixFreehandType.cpp in Sources */,
				F9667E16260B83C90026EB06 /* Plugin.cpp in Sources */,
				F9667DDA2608EE010026EB06 /* PlateBleedInfoUIController.cpp in Sources */,
				F9667CDC2608E2B80026EB06 /* ColorListChecker.cpp in Sources */,
				F9667DD72608EE010026EB06 /* BleedInfoDrawableController.cpp in Sources */,
				F9667D9B2608EE010026EB06 /* PlateNumber.cpp in Sources */,
				F9667D9E2608EE010026EB06 /* PdfPrinter.cpp in Sources */,
			);
			runOnlyForDeploymentPostprocessing = 0;
		};
/* End PBXSourcesBuildPhase section */

/* Begin XCBuildConfiguration section */
		508817C609F0C9740071BF1A /* debug */ = {
			isa = XCBuildConfiguration;
			baseConfigurationReference = F94536E9260CD64E00C14943 /* SafeguardTools.Debug.xcconfig */;
			buildSettings = {
				OBJROOT = .;
			};
			name = debug;
		};
		508817C709F0C9740071BF1A /* release */ = {
			isa = XCBuildConfiguration;
			baseConfigurationReference = F94536EA260CE96100C14943 /* SafeguardTools.Release.xcconfig */;
			buildSettings = {
				OBJROOT = .;
			};
			name = release;
		};
		508817D809F0C9AE0071BF1A /* debug */ = {
			isa = XCBuildConfiguration;
			buildSettings = {
			};
			name = debug;
		};
		508817D909F0C9AE0071BF1A /* release */ = {
			isa = XCBuildConfiguration;
			buildSettings = {
			};
			name = release;
		};
/* End XCBuildConfiguration section */

/* Begin XCConfigurationList section */
		508817C509F0C9740071BF1A /* Build configuration list for PBXProject "SafeguardTools" */ = {
			isa = XCConfigurationList;
			buildConfigurations = (
				508817C609F0C9740071BF1A /* debug */,
				508817C709F0C9740071BF1A /* release */,
			);
			defaultConfigurationIsVisible = 0;
			defaultConfigurationName = debug;
		};
		508817D709F0C9AE0071BF1A /* Build configuration list for PBXNativeTarget "SafeguardTools" */ = {
			isa = XCConfigurationList;
			buildConfigurations = (
				508817D809F0C9AE0071BF1A /* debug */,
				508817D909F0C9AE0071BF1A /* release */,
			);
			defaultConfigurationIsVisible = 0;
			defaultConfigurationName = debug;
		};
/* End XCConfigurationList section */
	};
	rootObject = 508817C409F0C9740071BF1A /* Project object */;
}
