// !$*UTF8*$!
{
	archiveVersion = 1;
	classes = {
	};
	objectVersion = 46;
	objects = {

/* Begin PBXBuildFile section */
		6868C925150BA192003DAAF2 /* SafeguardToolsID.h in Headers */ = {isa = PBXBuildFile; fileRef = 6868C920150BA192003DAAF2 /* SafeguardToolsID.h */; };
		6868C926150BA192003DAAF2 /* SafeguardToolsPlugin.cpp in Sources */ = {isa = PBXBuildFile; fileRef = 6868C921150BA192003DAAF2 /* SafeguardToolsPlugin.cpp */; };
		6868C927150BA192003DAAF2 /* SafeguardToolsPlugin.h in Headers */ = {isa = PBXBuildFile; fileRef = 6868C922150BA192003DAAF2 /* SafeguardToolsPlugin.h */; };
		6868C928150BA192003DAAF2 /* SafeguardToolsSuites.cpp in Sources */ = {isa = PBXBuildFile; fileRef = 6868C923150BA192003DAAF2 /* SafeguardToolsSuites.cpp */; };
		6868C929150BA192003DAAF2 /* SafeguardToolsSuites.h in Headers */ = {isa = PBXBuildFile; fileRef = 6868C924150BA192003DAAF2 /* SafeguardToolsSuites.h */; };
		C4A3F955134C5AA500128D2D /* Cocoa.framework in Frameworks */ = {isa = PBXBuildFile; fileRef = C4A3F954134C5AA500128D2D /* Cocoa.framework */; };
		F90AE3F21CAAF8AF0076A9BC /* BtAiMenuItemHandles.cpp in Sources */ = {isa = PBXBuildFile; fileRef = F90AE3F01CAAF8AF0076A9BC /* BtAiMenuItemHandles.cpp */; };
		F90AE3F31CAAF8AF0076A9BC /* BtAiMenuItemHandles.h in Headers */ = {isa = PBXBuildFile; fileRef = F90AE3F11CAAF8AF0076A9BC /* BtAiMenuItemHandles.h */; };
		F90E3F9D1CA475880081C333 /* ATEFuncs.cpp in Sources */ = {isa = PBXBuildFile; fileRef = F90E3F951CA475880081C333 /* ATEFuncs.cpp */; };
		F90E3F9E1CA475880081C333 /* ATEFuncs.h in Headers */ = {isa = PBXBuildFile; fileRef = F90E3F961CA475880081C333 /* ATEFuncs.h */; };
		F90E3F9F1CA475880081C333 /* BtColor.cpp in Sources */ = {isa = PBXBuildFile; fileRef = F90E3F971CA475880081C333 /* BtColor.cpp */; };
		F90E3FA01CA475880081C333 /* BtColor.h in Headers */ = {isa = PBXBuildFile; fileRef = F90E3F981CA475880081C333 /* BtColor.h */; };
		F90E3FA11CA475880081C333 /* BtSwatchList.cpp in Sources */ = {isa = PBXBuildFile; fileRef = F90E3F991CA475880081C333 /* BtSwatchList.cpp */; };
		F90E3FA21CA475880081C333 /* BtSwatchList.h in Headers */ = {isa = PBXBuildFile; fileRef = F90E3F9A1CA475880081C333 /* BtSwatchList.h */; };
		F90E3FA31CA475880081C333 /* ColorFuncs.cpp in Sources */ = {isa = PBXBuildFile; fileRef = F90E3F9B1CA475880081C333 /* ColorFuncs.cpp */; };
		F90E3FA41CA475880081C333 /* ColorFuncs.h in Headers */ = {isa = PBXBuildFile; fileRef = F90E3F9C1CA475880081C333 /* ColorFuncs.h */; };
		F9138E971D01EE4D00D23C1F /* PasswordRetriever.cpp in Sources */ = {isa = PBXBuildFile; fileRef = F9138E891D01EE4D00D23C1F /* PasswordRetriever.cpp */; };
		F9138E981D01EE4D00D23C1F /* PasswordRetriever.h in Headers */ = {isa = PBXBuildFile; fileRef = F9138E8A1D01EE4D00D23C1F /* PasswordRetriever.h */; };
		F9138E991D01EE4D00D23C1F /* passwords.h in Headers */ = {isa = PBXBuildFile; fileRef = F9138E8B1D01EE4D00D23C1F /* passwords.h */; };
		F9138E9A1D01EE4D00D23C1F /* PdfResults.cpp in Sources */ = {isa = PBXBuildFile; fileRef = F9138E8C1D01EE4D00D23C1F /* PdfResults.cpp */; };
		F9138E9B1D01EE4D00D23C1F /* PdfResults.h in Headers */ = {isa = PBXBuildFile; fileRef = F9138E8D1D01EE4D00D23C1F /* PdfResults.h */; };
		F9138E9C1D01EE4D00D23C1F /* PdfSettings.cpp in Sources */ = {isa = PBXBuildFile; fileRef = F9138E8E1D01EE4D00D23C1F /* PdfSettings.cpp */; };
		F9138E9D1D01EE4D00D23C1F /* PdfSettings.h in Headers */ = {isa = PBXBuildFile; fileRef = F9138E8F1D01EE4D00D23C1F /* PdfSettings.h */; };
		F9138E9E1D01EE4D00D23C1F /* PrintToPdf.cpp in Sources */ = {isa = PBXBuildFile; fileRef = F9138E901D01EE4D00D23C1F /* PrintToPdf.cpp */; };
		F9138E9F1D01EE4D00D23C1F /* PrintToPdf.h in Headers */ = {isa = PBXBuildFile; fileRef = F9138E911D01EE4D00D23C1F /* PrintToPdf.h */; };
		F9138EA01D01EE4D00D23C1F /* PrintToPdfConstants.h in Headers */ = {isa = PBXBuildFile; fileRef = F9138E921D01EE4D00D23C1F /* PrintToPdfConstants.h */; };
		F9138EA11D01EE4D00D23C1F /* PrintToPdfUIController.cpp in Sources */ = {isa = PBXBuildFile; fileRef = F9138E931D01EE4D00D23C1F /* PrintToPdfUIController.cpp */; };
		F9138EA21D01EE4D00D23C1F /* PrintToPdfUIController.h in Headers */ = {isa = PBXBuildFile; fileRef = F9138E941D01EE4D00D23C1F /* PrintToPdfUIController.h */; };
		F9138EA31D01EE4D00D23C1F /* SavePathCreator.cpp in Sources */ = {isa = PBXBuildFile; fileRef = F9138E951D01EE4D00D23C1F /* SavePathCreator.cpp */; };
		F9138EA41D01EE4D00D23C1F /* SavePathCreator.h in Headers */ = {isa = PBXBuildFile; fileRef = F9138E961D01EE4D00D23C1F /* SavePathCreator.h */; };
		F9138EA71D02111800D23C1F /* libboost_filesystem.a in Frameworks */ = {isa = PBXBuildFile; fileRef = F9138EA51D02111800D23C1F /* libboost_filesystem.a */; };
		F9138EA81D02111800D23C1F /* libboost_system.a in Frameworks */ = {isa = PBXBuildFile; fileRef = F9138EA61D02111800D23C1F /* libboost_system.a */; };
		F93027D91CA46E7D00D3B41E /* SafeguardTools.r in Rez */ = {isa = PBXBuildFile; fileRef = F93027D81CA46E7D00D3B41E /* SafeguardTools.r */; };
		F934B1581CC9645A002EAB43 /* ReplaceDataBuilder.cpp in Sources */ = {isa = PBXBuildFile; fileRef = F934B1561CC9645A002EAB43 /* ReplaceDataBuilder.cpp */; };
		F934B1591CC9645A002EAB43 /* ReplaceDataBuilder.h in Headers */ = {isa = PBXBuildFile; fileRef = F934B1571CC9645A002EAB43 /* ReplaceDataBuilder.h */; };
		F947263F1CB2E1F400649020 /* VPB.h in Headers */ = {isa = PBXBuildFile; fileRef = F947263D1CB2E1F400649020 /* VPB.h */; };
		F94726401CB2E1F400649020 /* VPB.cpp in Sources */ = {isa = PBXBuildFile; fileRef = F947263E1CB2E1F400649020 /* VPB.cpp */; };
		F9681E3B1CA47AC400A02A58 /* DictFuncs.cpp in Sources */ = {isa = PBXBuildFile; fileRef = F9681E391CA47AC400A02A58 /* DictFuncs.cpp */; };
		F9681E3C1CA47AC400A02A58 /* DictFuncs.h in Headers */ = {isa = PBXBuildFile; fileRef = F9681E3A1CA47AC400A02A58 /* DictFuncs.h */; };
		F9681E411CA47AFC00A02A58 /* FixFreehandType.cpp in Sources */ = {isa = PBXBuildFile; fileRef = F9681E3D1CA47AFC00A02A58 /* FixFreehandType.cpp */; };
		F9681E421CA47AFC00A02A58 /* FixFreehandType.h in Headers */ = {isa = PBXBuildFile; fileRef = F9681E3E1CA47AFC00A02A58 /* FixFreehandType.h */; };
		F9681E431CA47AFC00A02A58 /* TextTools.cpp in Sources */ = {isa = PBXBuildFile; fileRef = F9681E3F1CA47AFC00A02A58 /* TextTools.cpp */; };
		F9681E441CA47AFC00A02A58 /* TextTools.h in Headers */ = {isa = PBXBuildFile; fileRef = F9681E401CA47AFC00A02A58 /* TextTools.h */; };
		F9681E491CA47B6E00A02A58 /* Node.h in Headers */ = {isa = PBXBuildFile; fileRef = F9681E451CA47B6E00A02A58 /* Node.h */; };
		F9681E4A1CA47B6E00A02A58 /* Node.mm in Sources */ = {isa = PBXBuildFile; fileRef = F9681E461CA47B6E00A02A58 /* Node.mm */; };
		F9681E4B1CA47B6E00A02A58 /* Plate.h in Headers */ = {isa = PBXBuildFile; fileRef = F9681E471CA47B6E00A02A58 /* Plate.h */; };
		F9681E4C1CA47B6E00A02A58 /* Plate.mm in Sources */ = {isa = PBXBuildFile; fileRef = F9681E481CA47B6E00A02A58 /* Plate.mm */; };
		F96D30731CB6D73500274BDE /* PlateNumber.cpp in Sources */ = {isa = PBXBuildFile; fileRef = F96D30711CB6D73500274BDE /* PlateNumber.cpp */; };
		F96D30741CB6D73500274BDE /* PlateNumber.h in Headers */ = {isa = PBXBuildFile; fileRef = F96D30721CB6D73500274BDE /* PlateNumber.h */; };
		F979B5FB1CA31DE5004BA4AD /* IAIUnicodeString.cpp in Sources */ = {isa = PBXBuildFile; fileRef = F979B5FA1CA31DE5004BA4AD /* IAIUnicodeString.cpp */; };
		F979B5FD1CA31DF5004BA4AD /* IAIFilePath.cpp in Sources */ = {isa = PBXBuildFile; fileRef = F979B5FC1CA31DF5004BA4AD /* IAIFilePath.cpp */; };
		F979B5FF1CA31E72004BA4AD /* AppContext.cpp in Sources */ = {isa = PBXBuildFile; fileRef = F979B5FE1CA31E72004BA4AD /* AppContext.cpp */; };
		F979B6011CA31E78004BA4AD /* SDKPlugPlug.cpp in Sources */ = {isa = PBXBuildFile; fileRef = F979B6001CA31E78004BA4AD /* SDKPlugPlug.cpp */; };
		F979B6031CA31E81004BA4AD /* FlashUIController.cpp in Sources */ = {isa = PBXBuildFile; fileRef = F979B6021CA31E81004BA4AD /* FlashUIController.cpp */; };
		F979B6051CA31E87004BA4AD /* Main.cpp in Sources */ = {isa = PBXBuildFile; fileRef = F979B6041CA31E87004BA4AD /* Main.cpp */; };
		F979B6071CA31E8B004BA4AD /* Plugin.cpp in Sources */ = {isa = PBXBuildFile; fileRef = F979B6061CA31E8B004BA4AD /* Plugin.cpp */; };
		F979B6091CA31E8E004BA4AD /* Suites.cpp in Sources */ = {isa = PBXBuildFile; fileRef = F979B6081CA31E8E004BA4AD /* Suites.cpp */; };
		F979B60B1CA31E92004BA4AD /* IllustratorSDK.cpp in Sources */ = {isa = PBXBuildFile; fileRef = F979B60A1CA31E92004BA4AD /* IllustratorSDK.cpp */; };
		F989A8E81CA460CE0050C071 /* ColorToolsUIController.cpp in Sources */ = {isa = PBXBuildFile; fileRef = F989A8E01CA460CE0050C071 /* ColorToolsUIController.cpp */; };
		F989A8E91CA460CE0050C071 /* ColorToolsUIController.h in Headers */ = {isa = PBXBuildFile; fileRef = F989A8E11CA460CE0050C071 /* ColorToolsUIController.h */; };
		F989A8EA1CA460CE0050C071 /* FindReplaceGraphics.cpp in Sources */ = {isa = PBXBuildFile; fileRef = F989A8E21CA460CE0050C071 /* FindReplaceGraphics.cpp */; };
		F989A8EB1CA460CE0050C071 /* FindReplaceGraphics.h in Headers */ = {isa = PBXBuildFile; fileRef = F989A8E31CA460CE0050C071 /* FindReplaceGraphics.h */; };
		F989A8EC1CA460CE0050C071 /* FixBlack.cpp in Sources */ = {isa = PBXBuildFile; fileRef = F989A8E41CA460CE0050C071 /* FixBlack.cpp */; };
		F989A8ED1CA460CE0050C071 /* FixBlack.h in Headers */ = {isa = PBXBuildFile; fileRef = F989A8E51CA460CE0050C071 /* FixBlack.h */; };
		F989A8EE1CA460CE0050C071 /* ReplaceData.cpp in Sources */ = {isa = PBXBuildFile; fileRef = F989A8E61CA460CE0050C071 /* ReplaceData.cpp */; };
		F989A8EF1CA460CE0050C071 /* ReplaceData.h in Headers */ = {isa = PBXBuildFile; fileRef = F989A8E71CA460CE0050C071 /* ReplaceData.h */; };
		F989A8F11CA465890050C071 /* IText.cpp in Sources */ = {isa = PBXBuildFile; fileRef = F989A8F01CA465890050C071 /* IText.cpp */; };
		F989A8F31CA465F30050C071 /* IThrowException.cpp in Sources */ = {isa = PBXBuildFile; fileRef = F989A8F21CA465F30050C071 /* IThrowException.cpp */; };
		F98BAED91CA99DB500965D86 /* CException.h in Headers */ = {isa = PBXBuildFile; fileRef = F98BAED71CA99DB500965D86 /* CException.h */; };
		F98BAEDA1CA99DB500965D86 /* CException.mm in Sources */ = {isa = PBXBuildFile; fileRef = F98BAED81CA99DB500965D86 /* CException.mm */; };
		F98BAEDD1CA99E1E00965D86 /* ArtTree.cpp in Sources */ = {isa = PBXBuildFile; fileRef = F98BAEDB1CA99E1E00965D86 /* ArtTree.cpp */; };
		F98BAEDE1CA99E1E00965D86 /* ArtTree.h in Headers */ = {isa = PBXBuildFile; fileRef = F98BAEDC1CA99E1E00965D86 /* ArtTree.h */; };
		F98BAEE11CA9A0D100965D86 /* BtAiMenuItem.cpp in Sources */ = {isa = PBXBuildFile; fileRef = F98BAEDF1CA9A0D100965D86 /* BtAiMenuItem.cpp */; };
		F98BAEE21CA9A0D100965D86 /* BtAiMenuItem.h in Headers */ = {isa = PBXBuildFile; fileRef = F98BAEE01CA9A0D100965D86 /* BtAiMenuItem.h */; };
		F9F55E531CB42D2900FA20EC /* SDKErrors.cpp in Sources */ = {isa = PBXBuildFile; fileRef = F9F55E521CB42D2900FA20EC /* SDKErrors.cpp */; };
		F9FAE8FE1CBD87E700938893 /* BtArtboardRange.cpp in Sources */ = {isa = PBXBuildFile; fileRef = F9FAE8FC1CBD87E700938893 /* BtArtboardRange.cpp */; };
		F9FAE8FF1CBD87E700938893 /* BtArtboardRange.h in Headers */ = {isa = PBXBuildFile; fileRef = F9FAE8FD1CBD87E700938893 /* BtArtboardRange.h */; };
		F9FEC8291CB576280097473A /* IAIArtboards.cpp in Sources */ = {isa = PBXBuildFile; fileRef = F9FEC8281CB576280097473A /* IAIArtboards.cpp */; };
/* End PBXBuildFile section */

/* Begin PBXFileReference section */
		6868C920150BA192003DAAF2 /* SafeguardToolsID.h */ = {isa = PBXFileReference; fileEncoding = 4; lastKnownFileType = sourcecode.c.h; name = SafeguardToolsID.h; path = Source/SafeguardToolsID.h; sourceTree = "<group>"; };
		6868C921150BA192003DAAF2 /* SafeguardToolsPlugin.cpp */ = {isa = PBXFileReference; fileEncoding = 4; lastKnownFileType = sourcecode.cpp.cpp; name = SafeguardToolsPlugin.cpp; path = Source/SafeguardToolsPlugin.cpp; sourceTree = "<group>"; };
		6868C922150BA192003DAAF2 /* SafeguardToolsPlugin.h */ = {isa = PBXFileReference; fileEncoding = 4; lastKnownFileType = sourcecode.c.h; name = SafeguardToolsPlugin.h; path = Source/SafeguardToolsPlugin.h; sourceTree = "<group>"; };
		6868C923150BA192003DAAF2 /* SafeguardToolsSuites.cpp */ = {isa = PBXFileReference; fileEncoding = 4; lastKnownFileType = sourcecode.cpp.cpp; name = SafeguardToolsSuites.cpp; path = Source/SafeguardToolsSuites.cpp; sourceTree = "<group>"; };
		6868C924150BA192003DAAF2 /* SafeguardToolsSuites.h */ = {isa = PBXFileReference; fileEncoding = 4; lastKnownFileType = sourcecode.c.h; name = SafeguardToolsSuites.h; path = Source/SafeguardToolsSuites.h; sourceTree = "<group>"; };
		6EE2BA530A40BB2600CC7CE2 /* SafeguardTools.aip */ = {isa = PBXFileReference; explicitFileType = wrapper.cfbundle; includeInIndex = 0; path = SafeguardTools.aip; sourceTree = BUILT_PRODUCTS_DIR; };
		C4A3F954134C5AA500128D2D /* Cocoa.framework */ = {isa = PBXFileReference; lastKnownFileType = wrapper.framework; name = Cocoa.framework; path = /System/Library/Frameworks/Cocoa.framework; sourceTree = "<absolute>"; };
		F90AE3F01CAAF8AF0076A9BC /* BtAiMenuItemHandles.cpp */ = {isa = PBXFileReference; fileEncoding = 4; lastKnownFileType = sourcecode.cpp.cpp; name = BtAiMenuItemHandles.cpp; path = "../My Custom Headers/BtAiMenuItemHandles.cpp"; sourceTree = "<group>"; };
		F90AE3F11CAAF8AF0076A9BC /* BtAiMenuItemHandles.h */ = {isa = PBXFileReference; fileEncoding = 4; lastKnownFileType = sourcecode.c.h; name = BtAiMenuItemHandles.h; path = "../My Custom Headers/BtAiMenuItemHandles.h"; sourceTree = "<group>"; };
		F90E3F951CA475880081C333 /* ATEFuncs.cpp */ = {isa = PBXFileReference; fileEncoding = 4; lastKnownFileType = sourcecode.cpp.cpp; name = ATEFuncs.cpp; path = "../My Custom Headers/ATEFuncs.cpp"; sourceTree = "<group>"; };
		F90E3F961CA475880081C333 /* ATEFuncs.h */ = {isa = PBXFileReference; fileEncoding = 4; lastKnownFileType = sourcecode.c.h; name = ATEFuncs.h; path = "../My Custom Headers/ATEFuncs.h"; sourceTree = "<group>"; };
		F90E3F971CA475880081C333 /* BtColor.cpp */ = {isa = PBXFileReference; fileEncoding = 4; lastKnownFileType = sourcecode.cpp.cpp; name = BtColor.cpp; path = "../My Custom Headers/BtColor.cpp"; sourceTree = "<group>"; };
		F90E3F981CA475880081C333 /* BtColor.h */ = {isa = PBXFileReference; fileEncoding = 4; lastKnownFileType = sourcecode.c.h; name = BtColor.h; path = "../My Custom Headers/BtColor.h"; sourceTree = "<group>"; };
		F90E3F991CA475880081C333 /* BtSwatchList.cpp */ = {isa = PBXFileReference; fileEncoding = 4; lastKnownFileType = sourcecode.cpp.cpp; name = BtSwatchList.cpp; path = "../My Custom Headers/BtSwatchList.cpp"; sourceTree = "<group>"; };
		F90E3F9A1CA475880081C333 /* BtSwatchList.h */ = {isa = PBXFileReference; fileEncoding = 4; lastKnownFileType = sourcecode.c.h; name = BtSwatchList.h; path = "../My Custom Headers/BtSwatchList.h"; sourceTree = "<group>"; };
		F90E3F9B1CA475880081C333 /* ColorFuncs.cpp */ = {isa = PBXFileReference; fileEncoding = 4; lastKnownFileType = sourcecode.cpp.cpp; name = ColorFuncs.cpp; path = "../My Custom Headers/ColorFuncs.cpp"; sourceTree = "<group>"; };
		F90E3F9C1CA475880081C333 /* ColorFuncs.h */ = {isa = PBXFileReference; fileEncoding = 4; lastKnownFileType = sourcecode.c.h; name = ColorFuncs.h; path = "../My Custom Headers/ColorFuncs.h"; sourceTree = "<group>"; };
		F9138E891D01EE4D00D23C1F /* PasswordRetriever.cpp */ = {isa = PBXFileReference; fileEncoding = 4; lastKnownFileType = sourcecode.cpp.cpp; name = PasswordRetriever.cpp; path = Source/PrintToPdf/PasswordRetriever.cpp; sourceTree = "<group>"; };
		F9138E8A1D01EE4D00D23C1F /* PasswordRetriever.h */ = {isa = PBXFileReference; fileEncoding = 4; lastKnownFileType = sourcecode.c.h; name = PasswordRetriever.h; path = Source/PrintToPdf/PasswordRetriever.h; sourceTree = "<group>"; };
		F9138E8B1D01EE4D00D23C1F /* passwords.h */ = {isa = PBXFileReference; fileEncoding = 4; lastKnownFileType = sourcecode.c.h; name = passwords.h; path = Source/PrintToPdf/passwords.h; sourceTree = "<group>"; };
		F9138E8C1D01EE4D00D23C1F /* PdfResults.cpp */ = {isa = PBXFileReference; fileEncoding = 4; lastKnownFileType = sourcecode.cpp.cpp; name = PdfResults.cpp; path = Source/PrintToPdf/PdfResults.cpp; sourceTree = "<group>"; };
		F9138E8D1D01EE4D00D23C1F /* PdfResults.h */ = {isa = PBXFileReference; fileEncoding = 4; lastKnownFileType = sourcecode.c.h; name = PdfResults.h; path = Source/PrintToPdf/PdfResults.h; sourceTree = "<group>"; };
		F9138E8E1D01EE4D00D23C1F /* PdfSettings.cpp */ = {isa = PBXFileReference; fileEncoding = 4; lastKnownFileType = sourcecode.cpp.cpp; name = PdfSettings.cpp; path = Source/PrintToPdf/PdfSettings.cpp; sourceTree = "<group>"; };
		F9138E8F1D01EE4D00D23C1F /* PdfSettings.h */ = {isa = PBXFileReference; fileEncoding = 4; lastKnownFileType = sourcecode.c.h; name = PdfSettings.h; path = Source/PrintToPdf/PdfSettings.h; sourceTree = "<group>"; };
		F9138E901D01EE4D00D23C1F /* PrintToPdf.cpp */ = {isa = PBXFileReference; fileEncoding = 4; lastKnownFileType = sourcecode.cpp.cpp; name = PrintToPdf.cpp; path = Source/PrintToPdf/PrintToPdf.cpp; sourceTree = "<group>"; };
		F9138E911D01EE4D00D23C1F /* PrintToPdf.h */ = {isa = PBXFileReference; fileEncoding = 4; lastKnownFileType = sourcecode.c.h; name = PrintToPdf.h; path = Source/PrintToPdf/PrintToPdf.h; sourceTree = "<group>"; };
		F9138E921D01EE4D00D23C1F /* PrintToPdfConstants.h */ = {isa = PBXFileReference; fileEncoding = 4; lastKnownFileType = sourcecode.c.h; name = PrintToPdfConstants.h; path = Source/PrintToPdf/PrintToPdfConstants.h; sourceTree = "<group>"; };
		F9138E931D01EE4D00D23C1F /* PrintToPdfUIController.cpp */ = {isa = PBXFileReference; fileEncoding = 4; lastKnownFileType = sourcecode.cpp.cpp; name = PrintToPdfUIController.cpp; path = Source/PrintToPdf/PrintToPdfUIController.cpp; sourceTree = "<group>"; };
		F9138E941D01EE4D00D23C1F /* PrintToPdfUIController.h */ = {isa = PBXFileReference; fileEncoding = 4; lastKnownFileType = sourcecode.c.h; name = PrintToPdfUIController.h; path = Source/PrintToPdf/PrintToPdfUIController.h; sourceTree = "<group>"; };
		F9138E951D01EE4D00D23C1F /* SavePathCreator.cpp */ = {isa = PBXFileReference; fileEncoding = 4; lastKnownFileType = sourcecode.cpp.cpp; name = SavePathCreator.cpp; path = Source/PrintToPdf/SavePathCreator.cpp; sourceTree = "<group>"; };
		F9138E961D01EE4D00D23C1F /* SavePathCreator.h */ = {isa = PBXFileReference; fileEncoding = 4; lastKnownFileType = sourcecode.c.h; name = SavePathCreator.h; path = Source/PrintToPdf/SavePathCreator.h; sourceTree = "<group>"; };
		F9138EA51D02111800D23C1F /* libboost_filesystem.a */ = {isa = PBXFileReference; lastKnownFileType = archive.ar; name = libboost_filesystem.a; path = ../boost_1_60_0/stage/lib/libboost_filesystem.a; sourceTree = "<group>"; };
		F9138EA61D02111800D23C1F /* libboost_system.a */ = {isa = PBXFileReference; lastKnownFileType = archive.ar; name = libboost_system.a; path = ../boost_1_60_0/stage/lib/libboost_system.a; sourceTree = "<group>"; };
		F93027D81CA46E7D00D3B41E /* SafeguardTools.r */ = {isa = PBXFileReference; fileEncoding = 4; lastKnownFileType = sourcecode.rez; name = SafeguardTools.r; path = Resources/Mac/SafeguardTools.r; sourceTree = "<group>"; };
		F934B1561CC9645A002EAB43 /* ReplaceDataBuilder.cpp */ = {isa = PBXFileReference; fileEncoding = 4; lastKnownFileType = sourcecode.cpp.cpp; name = ReplaceDataBuilder.cpp; path = Source/ReplaceDataBuilder.cpp; sourceTree = "<group>"; };
		F934B1571CC9645A002EAB43 /* ReplaceDataBuilder.h */ = {isa = PBXFileReference; fileEncoding = 4; lastKnownFileType = sourcecode.c.h; name = ReplaceDataBuilder.h; path = Source/ReplaceDataBuilder.h; sourceTree = "<group>"; };
		F947263D1CB2E1F400649020 /* VPB.h */ = {isa = PBXFileReference; fileEncoding = 4; lastKnownFileType = sourcecode.c.h; name = VPB.h; path = "../My Custom Headers/VPB.h"; sourceTree = "<group>"; };
		F947263E1CB2E1F400649020 /* VPB.cpp */ = {isa = PBXFileReference; fileEncoding = 4; lastKnownFileType = sourcecode.cpp.cpp; name = VPB.cpp; path = "../My Custom Headers/VPB.cpp"; sourceTree = "<group>"; };
		F9681E391CA47AC400A02A58 /* DictFuncs.cpp */ = {isa = PBXFileReference; fileEncoding = 4; lastKnownFileType = sourcecode.cpp.cpp; name = DictFuncs.cpp; path = "../My Custom Headers/DictFuncs.cpp"; sourceTree = "<group>"; };
		F9681E3A1CA47AC400A02A58 /* DictFuncs.h */ = {isa = PBXFileReference; fileEncoding = 4; lastKnownFileType = sourcecode.c.h; name = DictFuncs.h; path = "../My Custom Headers/DictFuncs.h"; sourceTree = "<group>"; };
		F9681E3D1CA47AFC00A02A58 /* FixFreehandType.cpp */ = {isa = PBXFileReference; fileEncoding = 4; lastKnownFileType = sourcecode.cpp.cpp; name = FixFreehandType.cpp; path = Source/FixFreehandType.cpp; sourceTree = "<group>"; };
		F9681E3E1CA47AFC00A02A58 /* FixFreehandType.h */ = {isa = PBXFileReference; fileEncoding = 4; lastKnownFileType = sourcecode.c.h; name = FixFreehandType.h; path = Source/FixFreehandType.h; sourceTree = "<group>"; };
		F9681E3F1CA47AFC00A02A58 /* TextTools.cpp */ = {isa = PBXFileReference; fileEncoding = 4; lastKnownFileType = sourcecode.cpp.cpp; name = TextTools.cpp; path = Source/TextTools.cpp; sourceTree = "<group>"; };
		F9681E401CA47AFC00A02A58 /* TextTools.h */ = {isa = PBXFileReference; fileEncoding = 4; lastKnownFileType = sourcecode.c.h; name = TextTools.h; path = Source/TextTools.h; sourceTree = "<group>"; };
		F9681E451CA47B6E00A02A58 /* Node.h */ = {isa = PBXFileReference; fileEncoding = 4; lastKnownFileType = sourcecode.c.h; name = Node.h; path = "../My Custom Headers/Node.h"; sourceTree = "<group>"; };
		F9681E461CA47B6E00A02A58 /* Node.mm */ = {isa = PBXFileReference; fileEncoding = 4; lastKnownFileType = sourcecode.cpp.objcpp; name = Node.mm; path = "../My Custom Headers/Node.mm"; sourceTree = "<group>"; };
		F9681E471CA47B6E00A02A58 /* Plate.h */ = {isa = PBXFileReference; fileEncoding = 4; lastKnownFileType = sourcecode.c.h; name = Plate.h; path = "../My Custom Headers/Plate.h"; sourceTree = "<group>"; };
		F9681E481CA47B6E00A02A58 /* Plate.mm */ = {isa = PBXFileReference; fileEncoding = 4; lastKnownFileType = sourcecode.cpp.objcpp; name = Plate.mm; path = "../My Custom Headers/Plate.mm"; sourceTree = "<group>"; };
		F96D30711CB6D73500274BDE /* PlateNumber.cpp */ = {isa = PBXFileReference; fileEncoding = 4; lastKnownFileType = sourcecode.cpp.cpp; name = PlateNumber.cpp; path = "../My Custom Headers/PlateNumber.cpp"; sourceTree = "<group>"; };
		F96D30721CB6D73500274BDE /* PlateNumber.h */ = {isa = PBXFileReference; fileEncoding = 4; lastKnownFileType = sourcecode.c.h; name = PlateNumber.h; path = "../My Custom Headers/PlateNumber.h"; sourceTree = "<group>"; };
		F979B5FA1CA31DE5004BA4AD /* IAIUnicodeString.cpp */ = {isa = PBXFileReference; fileEncoding = 4; lastKnownFileType = sourcecode.cpp.cpp; name = IAIUnicodeString.cpp; path = "../Adobe Illustrator CC 2015 SDK/illustratorapi/illustrator/IAIUnicodeString.cpp"; sourceTree = "<group>"; };
		F979B5FC1CA31DF5004BA4AD /* IAIFilePath.cpp */ = {isa = PBXFileReference; fileEncoding = 4; lastKnownFileType = sourcecode.cpp.cpp; name = IAIFilePath.cpp; path = "../Adobe Illustrator CC 2015 SDK/illustratorapi/illustrator/IAIFilePath.cpp"; sourceTree = "<group>"; };
		F979B5FE1CA31E72004BA4AD /* AppContext.cpp */ = {isa = PBXFileReference; fileEncoding = 4; lastKnownFileType = sourcecode.cpp.cpp; name = AppContext.cpp; path = "../Adobe Illustrator CC 2015 SDK/samplecode/common/source/AppContext.cpp"; sourceTree = "<group>"; };
		F979B6001CA31E78004BA4AD /* SDKPlugPlug.cpp */ = {isa = PBXFileReference; fileEncoding = 4; lastKnownFileType = sourcecode.cpp.cpp; name = SDKPlugPlug.cpp; path = "../Adobe Illustrator CC 2015 SDK/samplecode/common/source/SDKPlugPlug.cpp"; sourceTree = "<group>"; };
		F979B6021CA31E81004BA4AD /* FlashUIController.cpp */ = {isa = PBXFileReference; fileEncoding = 4; lastKnownFileType = sourcecode.cpp.cpp; name = FlashUIController.cpp; path = "../Adobe Illustrator CC 2015 SDK/samplecode/common/source/FlashUIController.cpp"; sourceTree = "<group>"; };
		F979B6041CA31E87004BA4AD /* Main.cpp */ = {isa = PBXFileReference; fileEncoding = 4; lastKnownFileType = sourcecode.cpp.cpp; name = Main.cpp; path = "../Adobe Illustrator CC 2015 SDK/samplecode/common/source/Main.cpp"; sourceTree = "<group>"; };
		F979B6061CA31E8B004BA4AD /* Plugin.cpp */ = {isa = PBXFileReference; fileEncoding = 4; lastKnownFileType = sourcecode.cpp.cpp; name = Plugin.cpp; path = "../Adobe Illustrator CC 2015 SDK/samplecode/common/source/Plugin.cpp"; sourceTree = "<group>"; };
		F979B6081CA31E8E004BA4AD /* Suites.cpp */ = {isa = PBXFileReference; fileEncoding = 4; lastKnownFileType = sourcecode.cpp.cpp; name = Suites.cpp; path = "../Adobe Illustrator CC 2015 SDK/samplecode/common/source/Suites.cpp"; sourceTree = "<group>"; };
		F979B60A1CA31E92004BA4AD /* IllustratorSDK.cpp */ = {isa = PBXFileReference; fileEncoding = 4; lastKnownFileType = sourcecode.cpp.cpp; name = IllustratorSDK.cpp; path = "../Adobe Illustrator CC 2015 SDK/samplecode/common/source/IllustratorSDK.cpp"; sourceTree = "<group>"; };
		F989A8E01CA460CE0050C071 /* ColorToolsUIController.cpp */ = {isa = PBXFileReference; fileEncoding = 4; lastKnownFileType = sourcecode.cpp.cpp; name = ColorToolsUIController.cpp; path = Source/ColorToolsUIController.cpp; sourceTree = "<group>"; };
		F989A8E11CA460CE0050C071 /* ColorToolsUIController.h */ = {isa = PBXFileReference; fileEncoding = 4; lastKnownFileType = sourcecode.c.h; name = ColorToolsUIController.h; path = Source/ColorToolsUIController.h; sourceTree = "<group>"; };
		F989A8E21CA460CE0050C071 /* FindReplaceGraphics.cpp */ = {isa = PBXFileReference; fileEncoding = 4; lastKnownFileType = sourcecode.cpp.cpp; name = FindReplaceGraphics.cpp; path = Source/FindReplaceGraphics.cpp; sourceTree = "<group>"; };
		F989A8E31CA460CE0050C071 /* FindReplaceGraphics.h */ = {isa = PBXFileReference; fileEncoding = 4; lastKnownFileType = sourcecode.c.h; name = FindReplaceGraphics.h; path = Source/FindReplaceGraphics.h; sourceTree = "<group>"; };
		F989A8E41CA460CE0050C071 /* FixBlack.cpp */ = {isa = PBXFileReference; fileEncoding = 4; lastKnownFileType = sourcecode.cpp.cpp; name = FixBlack.cpp; path = Source/FixBlack.cpp; sourceTree = "<group>"; };
		F989A8E51CA460CE0050C071 /* FixBlack.h */ = {isa = PBXFileReference; fileEncoding = 4; lastKnownFileType = sourcecode.c.h; name = FixBlack.h; path = Source/FixBlack.h; sourceTree = "<group>"; };
		F989A8E61CA460CE0050C071 /* ReplaceData.cpp */ = {isa = PBXFileReference; fileEncoding = 4; lastKnownFileType = sourcecode.cpp.cpp; name = ReplaceData.cpp; path = Source/ReplaceData.cpp; sourceTree = "<group>"; };
		F989A8E71CA460CE0050C071 /* ReplaceData.h */ = {isa = PBXFileReference; fileEncoding = 4; lastKnownFileType = sourcecode.c.h; name = ReplaceData.h; path = Source/ReplaceData.h; sourceTree = "<group>"; };
		F989A8F01CA465890050C071 /* IText.cpp */ = {isa = PBXFileReference; fileEncoding = 4; lastKnownFileType = sourcecode.cpp.cpp; name = IText.cpp; path = "../Adobe Illustrator CC 2015 SDK/illustratorapi/ate/IText.cpp"; sourceTree = "<group>"; };
		F989A8F21CA465F30050C071 /* IThrowException.cpp */ = {isa = PBXFileReference; fileEncoding = 4; lastKnownFileType = sourcecode.cpp.cpp; name = IThrowException.cpp; path = "../Adobe Illustrator CC 2015 SDK/illustratorapi/ate/IThrowException.cpp"; sourceTree = "<group>"; };
		F98BAED71CA99DB500965D86 /* CException.h */ = {isa = PBXFileReference; fileEncoding = 4; lastKnownFileType = sourcecode.c.h; name = CException.h; path = "../My Custom Headers/CException.h"; sourceTree = "<group>"; };
		F98BAED81CA99DB500965D86 /* CException.mm */ = {isa = PBXFileReference; fileEncoding = 4; lastKnownFileType = sourcecode.cpp.objcpp; name = CException.mm; path = "../My Custom Headers/CException.mm"; sourceTree = "<group>"; };
		F98BAEDB1CA99E1E00965D86 /* ArtTree.cpp */ = {isa = PBXFileReference; fileEncoding = 4; lastKnownFileType = sourcecode.cpp.cpp; name = ArtTree.cpp; path = "../My Custom Headers/ArtTree.cpp"; sourceTree = "<group>"; };
		F98BAEDC1CA99E1E00965D86 /* ArtTree.h */ = {isa = PBXFileReference; fileEncoding = 4; lastKnownFileType = sourcecode.c.h; name = ArtTree.h; path = "../My Custom Headers/ArtTree.h"; sourceTree = "<group>"; };
		F98BAEDF1CA9A0D100965D86 /* BtAiMenuItem.cpp */ = {isa = PBXFileReference; fileEncoding = 4; lastKnownFileType = sourcecode.cpp.cpp; name = BtAiMenuItem.cpp; path = "../My Custom Headers/BtAiMenuItem.cpp"; sourceTree = "<group>"; };
		F98BAEE01CA9A0D100965D86 /* BtAiMenuItem.h */ = {isa = PBXFileReference; fileEncoding = 4; lastKnownFileType = sourcecode.c.h; name = BtAiMenuItem.h; path = "../My Custom Headers/BtAiMenuItem.h"; sourceTree = "<group>"; };
		F9F55E521CB42D2900FA20EC /* SDKErrors.cpp */ = {isa = PBXFileReference; fileEncoding = 4; lastKnownFileType = sourcecode.cpp.cpp; name = SDKErrors.cpp; path = "../Adobe Illustrator CC 2015 SDK/samplecode/common/source/SDKErrors.cpp"; sourceTree = "<group>"; };
		F9FAE8FC1CBD87E700938893 /* BtArtboardRange.cpp */ = {isa = PBXFileReference; fileEncoding = 4; lastKnownFileType = sourcecode.cpp.cpp; name = BtArtboardRange.cpp; path = "../My Custom Headers/BtArtboardRange.cpp"; sourceTree = "<group>"; };
		F9FAE8FD1CBD87E700938893 /* BtArtboardRange.h */ = {isa = PBXFileReference; fileEncoding = 4; lastKnownFileType = sourcecode.c.h; name = BtArtboardRange.h; path = "../My Custom Headers/BtArtboardRange.h"; sourceTree = "<group>"; };
		F9FEC8281CB576280097473A /* IAIArtboards.cpp */ = {isa = PBXFileReference; fileEncoding = 4; lastKnownFileType = sourcecode.cpp.cpp; name = IAIArtboards.cpp; path = "../Adobe Illustrator CC 2015 SDK/illustratorapi/illustrator/IAIArtboards.cpp"; sourceTree = "<group>"; };
/* End PBXFileReference section */

/* Begin PBXFrameworksBuildPhase section */
		508817D209F0C9AD0071BF1A /* Frameworks */ = {
			isa = PBXFrameworksBuildPhase;
			buildActionMask = 2147483647;
			files = (
				F9138EA81D02111800D23C1F /* libboost_system.a in Frameworks */,
				F9138EA71D02111800D23C1F /* libboost_filesystem.a in Frameworks */,
				C4A3F955134C5AA500128D2D /* Cocoa.framework in Frameworks */,
			);
			runOnlyForDeploymentPostprocessing = 0;
		};
/* End PBXFrameworksBuildPhase section */

/* Begin PBXGroup section */
		2A7772AA0BE6387700A9D493 /* Shared */ = {
			isa = PBXGroup;
			children = (
				F979B5FE1CA31E72004BA4AD /* AppContext.cpp */,
				F979B6021CA31E81004BA4AD /* FlashUIController.cpp */,
				F9FEC8281CB576280097473A /* IAIArtboards.cpp */,
				F979B5FC1CA31DF5004BA4AD /* IAIFilePath.cpp */,
				F979B5FA1CA31DE5004BA4AD /* IAIUnicodeString.cpp */,
				F979B60A1CA31E92004BA4AD /* IllustratorSDK.cpp */,
				F989A8F01CA465890050C071 /* IText.cpp */,
				F989A8F21CA465F30050C071 /* IThrowException.cpp */,
				F979B6041CA31E87004BA4AD /* Main.cpp */,
				F979B6061CA31E8B004BA4AD /* Plugin.cpp */,
				F9F55E521CB42D2900FA20EC /* SDKErrors.cpp */,
				F979B6001CA31E78004BA4AD /* SDKPlugPlug.cpp */,
				F979B6081CA31E8E004BA4AD /* Suites.cpp */,
			);
			name = Shared;
			sourceTree = "<group>";
		};
		2AE97C910BBC0FAB0041212F /* Sources */ = {
			isa = PBXGroup;
			children = (
				F989A8CF1CA4606E0050C071 /* My Headers */,
				F963C91C1CC7D3AA00A0D519 /* ColorTools */,
				F91180761CE3B37600AA7AC8 /* PrintToPdf */,
				F91180771CE3B3D100AA7AC8 /* TextTools */,
				6868C920150BA192003DAAF2 /* SafeguardToolsID.h */,
				6868C921150BA192003DAAF2 /* SafeguardToolsPlugin.cpp */,
				6868C922150BA192003DAAF2 /* SafeguardToolsPlugin.h */,
				6868C923150BA192003DAAF2 /* SafeguardToolsSuites.cpp */,
				6868C924150BA192003DAAF2 /* SafeguardToolsSuites.h */,
				2A7772AA0BE6387700A9D493 /* Shared */,
			);
			name = Sources;
			sourceTree = "<group>";
		};
		508817C209F0C9740071BF1A = {
			isa = PBXGroup;
			children = (
				C4A3F94D134C5A7F00128D2D /* Libraries */,
				2AE97C910BBC0FAB0041212F /* Sources */,
				6EE2BA590A40BDD300CC7CE2 /* Resources */,
				508817D509F0C9AD0071BF1A /* Products */,
			);
			sourceTree = "<group>";
		};
		508817D509F0C9AD0071BF1A /* Products */ = {
			isa = PBXGroup;
			children = (
				6EE2BA530A40BB2600CC7CE2 /* SafeguardTools.aip */,
			);
			name = Products;
			sourceTree = "<group>";
		};
		6EE2BA590A40BDD300CC7CE2 /* Resources */ = {
			isa = PBXGroup;
			children = (
				F93027D81CA46E7D00D3B41E /* SafeguardTools.r */,
			);
			name = Resources;
			sourceTree = "<group>";
		};
		C4A3F94D134C5A7F00128D2D /* Libraries */ = {
			isa = PBXGroup;
			children = (
				F9138EA51D02111800D23C1F /* libboost_filesystem.a */,
				F9138EA61D02111800D23C1F /* libboost_system.a */,
				C4A3F954134C5AA500128D2D /* Cocoa.framework */,
			);
			name = Libraries;
			sourceTree = "<group>";
		};
		F91180761CE3B37600AA7AC8 /* PrintToPdf */ = {
			isa = PBXGroup;
			children = (
				F9138E891D01EE4D00D23C1F /* PasswordRetriever.cpp */,
				F9138E8A1D01EE4D00D23C1F /* PasswordRetriever.h */,
				F9138E8B1D01EE4D00D23C1F /* passwords.h */,
				F9138E8C1D01EE4D00D23C1F /* PdfResults.cpp */,
				F9138E8D1D01EE4D00D23C1F /* PdfResults.h */,
				F9138E8E1D01EE4D00D23C1F /* PdfSettings.cpp */,
				F9138E8F1D01EE4D00D23C1F /* PdfSettings.h */,
				F9138E901D01EE4D00D23C1F /* PrintToPdf.cpp */,
				F9138E911D01EE4D00D23C1F /* PrintToPdf.h */,
				F9138E921D01EE4D00D23C1F /* PrintToPdfConstants.h */,
				F9138E931D01EE4D00D23C1F /* PrintToPdfUIController.cpp */,
				F9138E941D01EE4D00D23C1F /* PrintToPdfUIController.h */,
				F9138E951D01EE4D00D23C1F /* SavePathCreator.cpp */,
				F9138E961D01EE4D00D23C1F /* SavePathCreator.h */,
			);
			name = PrintToPdf;
			sourceTree = "<group>";
		};
		F91180771CE3B3D100AA7AC8 /* TextTools */ = {
			isa = PBXGroup;
			children = (
				F9681E3D1CA47AFC00A02A58 /* FixFreehandType.cpp */,
				F9681E3E1CA47AFC00A02A58 /* FixFreehandType.h */,
				F9681E3F1CA47AFC00A02A58 /* TextTools.cpp */,
				F9681E401CA47AFC00A02A58 /* TextTools.h */,
			);
			name = TextTools;
			sourceTree = "<group>";
		};
		F963C91C1CC7D3AA00A0D519 /* ColorTools */ = {
			isa = PBXGroup;
			children = (
				F989A8E01CA460CE0050C071 /* ColorToolsUIController.cpp */,
				F989A8E11CA460CE0050C071 /* ColorToolsUIController.h */,
				F989A8E21CA460CE0050C071 /* FindReplaceGraphics.cpp */,
				F989A8E31CA460CE0050C071 /* FindReplaceGraphics.h */,
				F989A8E41CA460CE0050C071 /* FixBlack.cpp */,
				F989A8E51CA460CE0050C071 /* FixBlack.h */,
				F989A8E61CA460CE0050C071 /* ReplaceData.cpp */,
				F989A8E71CA460CE0050C071 /* ReplaceData.h */,
				F934B1561CC9645A002EAB43 /* ReplaceDataBuilder.cpp */,
				F934B1571CC9645A002EAB43 /* ReplaceDataBuilder.h */,
			);
			name = ColorTools;
			sourceTree = "<group>";
		};
		F989A8CF1CA4606E0050C071 /* My Headers */ = {
			isa = PBXGroup;
			children = (
				F98BAEDB1CA99E1E00965D86 /* ArtTree.cpp */,
				F98BAEDC1CA99E1E00965D86 /* ArtTree.h */,
				F90E3F951CA475880081C333 /* ATEFuncs.cpp */,
				F90E3F961CA475880081C333 /* ATEFuncs.h */,
				F98BAEDF1CA9A0D100965D86 /* BtAiMenuItem.cpp */,
				F98BAEE01CA9A0D100965D86 /* BtAiMenuItem.h */,
				F90AE3F01CAAF8AF0076A9BC /* BtAiMenuItemHandles.cpp */,
				F90AE3F11CAAF8AF0076A9BC /* BtAiMenuItemHandles.h */,
				F9FAE8FC1CBD87E700938893 /* BtArtboardRange.cpp */,
				F9FAE8FD1CBD87E700938893 /* BtArtboardRange.h */,
				F90E3F971CA475880081C333 /* BtColor.cpp */,
				F90E3F981CA475880081C333 /* BtColor.h */,
				F90E3F991CA475880081C333 /* BtSwatchList.cpp */,
				F90E3F9A1CA475880081C333 /* BtSwatchList.h */,
				F98BAED71CA99DB500965D86 /* CException.h */,
				F98BAED81CA99DB500965D86 /* CException.mm */,
				F90E3F9B1CA475880081C333 /* ColorFuncs.cpp */,
				F90E3F9C1CA475880081C333 /* ColorFuncs.h */,
				F9681E391CA47AC400A02A58 /* DictFuncs.cpp */,
				F9681E3A1CA47AC400A02A58 /* DictFuncs.h */,
				F9681E451CA47B6E00A02A58 /* Node.h */,
				F9681E461CA47B6E00A02A58 /* Node.mm */,
				F9681E471CA47B6E00A02A58 /* Plate.h */,
				F9681E481CA47B6E00A02A58 /* Plate.mm */,
				F96D30711CB6D73500274BDE /* PlateNumber.cpp */,
				F96D30721CB6D73500274BDE /* PlateNumber.h */,
				F947263E1CB2E1F400649020 /* VPB.cpp */,
				F947263D1CB2E1F400649020 /* VPB.h */,
			);
			name = "My Headers";
			sourceTree = "<group>";
		};
/* End PBXGroup section */

/* Begin PBXHeadersBuildPhase section */
		6EE2BA0A0A40B76300CC7CE2 /* Headers */ = {
			isa = PBXHeadersBuildPhase;
			buildActionMask = 2147483647;
			files = (
				F9138E9F1D01EE4D00D23C1F /* PrintToPdf.h in Headers */,
				F989A8ED1CA460CE0050C071 /* FixBlack.h in Headers */,
				F90E3F9E1CA475880081C333 /* ATEFuncs.h in Headers */,
				F90AE3F31CAAF8AF0076A9BC /* BtAiMenuItemHandles.h in Headers */,
				F98BAEDE1CA99E1E00965D86 /* ArtTree.h in Headers */,
				F9FAE8FF1CBD87E700938893 /* BtArtboardRange.h in Headers */,
				F989A8E91CA460CE0050C071 /* ColorToolsUIController.h in Headers */,
				F9138E9D1D01EE4D00D23C1F /* PdfSettings.h in Headers */,
				F9681E4B1CA47B6E00A02A58 /* Plate.h in Headers */,
				F989A8EB1CA460CE0050C071 /* FindReplaceGraphics.h in Headers */,
				F9681E3C1CA47AC400A02A58 /* DictFuncs.h in Headers */,
				F9681E441CA47AFC00A02A58 /* TextTools.h in Headers */,
				F989A8EF1CA460CE0050C071 /* ReplaceData.h in Headers */,
				6868C925150BA192003DAAF2 /* SafeguardToolsID.h in Headers */,
				F98BAED91CA99DB500965D86 /* CException.h in Headers */,
				F934B1591CC9645A002EAB43 /* ReplaceDataBuilder.h in Headers */,
				F90E3FA41CA475880081C333 /* ColorFuncs.h in Headers */,
				F9138EA21D01EE4D00D23C1F /* PrintToPdfUIController.h in Headers */,
				F9138E981D01EE4D00D23C1F /* PasswordRetriever.h in Headers */,
				F90E3FA01CA475880081C333 /* BtColor.h in Headers */,
				F9681E491CA47B6E00A02A58 /* Node.h in Headers */,
				F9138EA01D01EE4D00D23C1F /* PrintToPdfConstants.h in Headers */,
				F96D30741CB6D73500274BDE /* PlateNumber.h in Headers */,
				F9138E9B1D01EE4D00D23C1F /* PdfResults.h in Headers */,
				F947263F1CB2E1F400649020 /* VPB.h in Headers */,
				F98BAEE21CA9A0D100965D86 /* BtAiMenuItem.h in Headers */,
				F9681E421CA47AFC00A02A58 /* FixFreehandType.h in Headers */,
				F9138E991D01EE4D00D23C1F /* passwords.h in Headers */,
				F9138EA41D01EE4D00D23C1F /* SavePathCreator.h in Headers */,
				6868C927150BA192003DAAF2 /* SafeguardToolsPlugin.h in Headers */,
				F90E3FA21CA475880081C333 /* BtSwatchList.h in Headers */,
				6868C929150BA192003DAAF2 /* SafeguardToolsSuites.h in Headers */,
			);
			runOnlyForDeploymentPostprocessing = 0;
		};
/* End PBXHeadersBuildPhase section */

/* Begin PBXNativeTarget section */
		508817D309F0C9AD0071BF1A /* SafeguardTools */ = {
			isa = PBXNativeTarget;
			buildConfigurationList = 508817D709F0C9AE0071BF1A /* Build configuration list for PBXNativeTarget "SafeguardTools" */;
			buildPhases = (
				6EE2BA0A0A40B76300CC7CE2 /* Headers */,
				508817D109F0C9AD0071BF1A /* Sources */,
				508817D009F0C9AD0071BF1A /* Resources */,
				508817D209F0C9AD0071BF1A /* Frameworks */,
				6EE2BA0C0A40B77400CC7CE2 /* Rez */,
			);
			buildRules = (
			);
			dependencies = (
			);
			name = SafeguardTools;
			productName = SafeguardTools;
			productReference = 6EE2BA530A40BB2600CC7CE2 /* SafeguardTools.aip */;
			productType = "com.apple.product-type.bundle";
		};
/* End PBXNativeTarget section */

/* Begin PBXProject section */
		508817C409F0C9740071BF1A /* Project object */ = {
			isa = PBXProject;
			attributes = {
				LastUpgradeCheck = 0620;
			};
			buildConfigurationList = 508817C509F0C9740071BF1A /* Build configuration list for PBXProject "SafeguardTools" */;
			compatibilityVersion = "Xcode 3.2";
			developmentRegion = English;
			hasScannedForEncodings = 0;
			knownRegions = (
				English,
				Japanese,
				French,
				German,
			);
			mainGroup = 508817C209F0C9740071BF1A;
			productRefGroup = 508817D509F0C9AD0071BF1A /* Products */;
			projectDirPath = "";
			projectRoot = "";
			targets = (
				508817D309F0C9AD0071BF1A /* SafeguardTools */,
			);
		};
/* End PBXProject section */

/* Begin PBXResourcesBuildPhase section */
		508817D009F0C9AD0071BF1A /* Resources */ = {
			isa = PBXResourcesBuildPhase;
			buildActionMask = 2147483647;
			files = (
			);
			runOnlyForDeploymentPostprocessing = 0;
		};
/* End PBXResourcesBuildPhase section */

/* Begin PBXRezBuildPhase section */
		6EE2BA0C0A40B77400CC7CE2 /* Rez */ = {
			isa = PBXRezBuildPhase;
			buildActionMask = 2147483647;
			files = (
				F93027D91CA46E7D00D3B41E /* SafeguardTools.r in Rez */,
			);
			runOnlyForDeploymentPostprocessing = 0;
		};
/* End PBXRezBuildPhase section */

/* Begin PBXSourcesBuildPhase section */
		508817D109F0C9AD0071BF1A /* Sources */ = {
			isa = PBXSourcesBuildPhase;
			buildActionMask = 2147483647;
			files = (
				F989A8F11CA465890050C071 /* IText.cpp in Sources */,
				F979B5FF1CA31E72004BA4AD /* AppContext.cpp in Sources */,
				F9138E9A1D01EE4D00D23C1F /* PdfResults.cpp in Sources */,
				F9681E4C1CA47B6E00A02A58 /* Plate.mm in Sources */,
				F979B6091CA31E8E004BA4AD /* Suites.cpp in Sources */,
				F9F55E531CB42D2900FA20EC /* SDKErrors.cpp in Sources */,
				F979B6011CA31E78004BA4AD /* SDKPlugPlug.cpp in Sources */,
				F979B5FD1CA31DF5004BA4AD /* IAIFilePath.cpp in Sources */,
				F979B6051CA31E87004BA4AD /* Main.cpp in Sources */,
				F9FEC8291CB576280097473A /* IAIArtboards.cpp in Sources */,
				F90AE3F21CAAF8AF0076A9BC /* BtAiMenuItemHandles.cpp in Sources */,
				F9FAE8FE1CBD87E700938893 /* BtArtboardRange.cpp in Sources */,
				F989A8F31CA465F30050C071 /* IThrowException.cpp in Sources */,
				F989A8EC1CA460CE0050C071 /* FixBlack.cpp in Sources */,
				F9681E411CA47AFC00A02A58 /* FixFreehandType.cpp in Sources */,
				F90E3FA31CA475880081C333 /* ColorFuncs.cpp in Sources */,
				F9138E971D01EE4D00D23C1F /* PasswordRetriever.cpp in Sources */,
				F90E3F9F1CA475880081C333 /* BtColor.cpp in Sources */,
				F98BAEE11CA9A0D100965D86 /* BtAiMenuItem.cpp in Sources */,
				F989A8EA1CA460CE0050C071 /* FindReplaceGraphics.cpp in Sources */,
				F9138E9C1D01EE4D00D23C1F /* PdfSettings.cpp in Sources */,
				F90E3F9D1CA475880081C333 /* ATEFuncs.cpp in Sources */,
				F979B6031CA31E81004BA4AD /* FlashUIController.cpp in Sources */,
				F989A8EE1CA460CE0050C071 /* ReplaceData.cpp in Sources */,
				F98BAEDA1CA99DB500965D86 /* CException.mm in Sources */,
				F979B5FB1CA31DE5004BA4AD /* IAIUnicodeString.cpp in Sources */,
				F9138EA11D01EE4D00D23C1F /* PrintToPdfUIController.cpp in Sources */,
				F934B1581CC9645A002EAB43 /* ReplaceDataBuilder.cpp in Sources */,
				F9138EA31D01EE4D00D23C1F /* SavePathCreator.cpp in Sources */,
				F979B60B1CA31E92004BA4AD /* IllustratorSDK.cpp in Sources */,
				F96D30731CB6D73500274BDE /* PlateNumber.cpp in Sources */,
				F94726401CB2E1F400649020 /* VPB.cpp in Sources */,
				F98BAEDD1CA99E1E00965D86 /* ArtTree.cpp in Sources */,
				F9681E4A1CA47B6E00A02A58 /* Node.mm in Sources */,
				F9138E9E1D01EE4D00D23C1F /* PrintToPdf.cpp in Sources */,
				F979B6071CA31E8B004BA4AD /* Plugin.cpp in Sources */,
				6868C926150BA192003DAAF2 /* SafeguardToolsPlugin.cpp in Sources */,
				6868C928150BA192003DAAF2 /* SafeguardToolsSuites.cpp in Sources */,
				F9681E431CA47AFC00A02A58 /* TextTools.cpp in Sources */,
				F989A8E81CA460CE0050C071 /* ColorToolsUIController.cpp in Sources */,
				F90E3FA11CA475880081C333 /* BtSwatchList.cpp in Sources */,
				F9681E3B1CA47AC400A02A58 /* DictFuncs.cpp in Sources */,
			);
			runOnlyForDeploymentPostprocessing = 0;
		};
/* End PBXSourcesBuildPhase section */

/* Begin XCBuildConfiguration section */
		508817C609F0C9740071BF1A /* debug */ = {
			isa = XCBuildConfiguration;
			buildSettings = {
				AI_CONFIGURATION = debug;
				AI_LOCALE = en_US;
				AI_PLATFORM = xcode;
				ALWAYS_SEARCH_USER_PATHS = YES;
				CONFIGURATION_BUILD_DIR = "$(PATH_TO_SDK_SAMPLECODE_FOLDER)/output/mac/$(AI_CONFIGURATION)";
				CONFIGURATION_TEMP_DIR = "$(PROJECT_TEMP_DIR)/Default";
				COPY_PHASE_STRIP = YES;
				DEAD_CODE_STRIPPING = YES;
				DEBUG_INFORMATION_FORMAT = dwarf;
				DSTROOT = "/tmp/$(PROJECT_NAME).dst";
				EXPORTED_SYMBOLS_FILE = "";
				FRAMEWORK_SEARCH_PATHS = "$(FRAMEWORK_SEARCH_PATHS_QUOTED_1)";
				GCC_DEBUGGING_SYMBOLS = used;
				GCC_INCREASE_PRECOMPILED_HEADER_SHARING = YES;
				GCC_INPUT_FILETYPE = sourcecode.cpp.cpp;
				GCC_OPTIMIZATION_LEVEL = 0;
				GCC_PRECOMPILE_PREFIX_HEADER = YES;
				GCC_PREFIX_HEADER = "$(PATH_TO_SDK_SAMPLECODE_FOLDER)/common/includes/IllustratorSDK$(AI_CONFIGURATION).pch";
				GCC_SYMBOLS_PRIVATE_EXTERN = YES;
				GCC_WARN_ABOUT_MISSING_PROTOTYPES = YES;
				GCC_WARN_UNKNOWN_PRAGMAS = YES;
				GCC_WARN_UNUSED_VARIABLE = YES;
				GENERATE_PKGINFO_FILE = YES;
				HEADER_SEARCH_PATHS = (
					"\"$(PATH_TO_SDK_ILLUSTRATORAPI_FOLDER)\"/**",
					"/Developer/Headers/FlatCarbon/**",
					"./**",
					"\"$(PATH_TO_SDK_SAMPLECODE_FOLDER)/common\"/**",
				);
				INFOPLIST_FILE = "$(PATH_TO_SDK_SAMPLECODE_FOLDER)/common/mac/Info.plist";
				INFOPLIST_PREFIX_HEADER = "$(PATH_TO_SDK_SAMPLECODE_FOLDER)/common/includes/SDKDef.h";
				INFOPLIST_PREPROCESS = YES;
				LIBRARY_SEARCH_PATHS = "";
				MACOSX_DEPLOYMENT_TARGET = 10.9;
				OBJROOT = .;
				ONLY_LINK_ESSENTIAL_SYMBOLS = YES;
				OTHER_LDFLAGS = "";
				PATH_TO_SDK_ILLUSTRATORAPI_FOLDER = "/Users/t431962/Desktop/Adobe Illustrator CC 2015 SDK/illustratorapi";
				PATH_TO_SDK_SAMPLECODE_FOLDER = "/Users/t431962/Desktop/Adobe Illustrator CC 2015 SDK/samplecode";
				PREBINDING = NO;
				PRECOMPS_INCLUDE_HEADERS_FROM_BUILT_PRODUCTS_DIR = NO;
				PRESERVE_DEAD_CODE_INITS_AND_TERMS = NO;
				PRODUCT_NAME = SafeguardTools;
				PROJECTNAME = SafeguardTools;
				REZ_SEARCH_PATHS = "";
				SCAN_ALL_SOURCE_FILES_FOR_INCLUDES = YES;
				SDKROOT = macosx;
				SEPARATE_STRIP = NO;
				SHARED_PRECOMPS_DIR = "$(SRCROOT)/output/mac/sharedprecompiledheaders/$(AI_CONFIGURATION)";
				SKIP_INSTALL = NO;
				STRIP_INSTALLED_PRODUCT = YES;
				STRIP_STYLE = all;
				SYMROOT = "$(SRCROOT)/output/mac/$(AI_CONFIGURATION)";
				VALID_ARCHS = "i386 x86_64";
				WRAPPER_EXTENSION = aip;
				ZERO_LINK = NO;
			};
			name = debug;
		};
		508817C709F0C9740071BF1A /* release */ = {
			isa = XCBuildConfiguration;
			buildSettings = {
				AI_CONFIGURATION = release;
				AI_LOCALE = en_US;
				AI_PLATFORM = xcode;
				ALWAYS_SEARCH_USER_PATHS = YES;
				CONFIGURATION_BUILD_DIR = "$(PATH_TO_SDK_SAMPLECODE_FOLDER)/output/mac/$(AI_CONFIGURATION)";
				CONFIGURATION_TEMP_DIR = "$(PROJECT_TEMP_DIR)/Default";
				COPY_PHASE_STRIP = YES;
				DEAD_CODE_STRIPPING = YES;
				DEBUG_INFORMATION_FORMAT = dwarf;
				DSTROOT = "/tmp/$(PROJECT_NAME).dst";
				EXPORTED_SYMBOLS_FILE = "";
				FRAMEWORK_SEARCH_PATHS = "$(FRAMEWORK_SEARCH_PATHS_QUOTED_1)";
				GCC_DEBUGGING_SYMBOLS = used;
				GCC_INCREASE_PRECOMPILED_HEADER_SHARING = YES;
				GCC_INPUT_FILETYPE = sourcecode.cpp.cpp;
				GCC_OPTIMIZATION_LEVEL = 3;
				GCC_PRECOMPILE_PREFIX_HEADER = YES;
				GCC_PREFIX_HEADER = "$(PATH_TO_SDK_SAMPLECODE_FOLDER)/common/includes/IllustratorSDK$(AI_CONFIGURATION).pch";
				GCC_SYMBOLS_PRIVATE_EXTERN = YES;
				GCC_WARN_ABOUT_MISSING_PROTOTYPES = YES;
				GCC_WARN_UNKNOWN_PRAGMAS = YES;
				GCC_WARN_UNUSED_VARIABLE = YES;
				GENERATE_PKGINFO_FILE = YES;
				HEADER_SEARCH_PATHS = (
					"\"$(PATH_TO_SDK_ILLUSTRATORAPI_FOLDER)\"/**",
					"/Developer/Headers/FlatCarbon/**",
					"./**",
					"\"$(PATH_TO_SDK_SAMPLECODE_FOLDER)/common\"/**",
				);
				INFOPLIST_FILE = "$(PATH_TO_SDK_SAMPLECODE_FOLDER)/common/mac/Info.plist";
				INFOPLIST_PREFIX_HEADER = "$(PATH_TO_SDK_SAMPLECODE_FOLDER)/common/includes/SDKDef.h";
				INFOPLIST_PREPROCESS = YES;
				LIBRARY_SEARCH_PATHS = "";
				MACOSX_DEPLOYMENT_TARGET = 10.9;
				OBJROOT = .;
				ONLY_LINK_ESSENTIAL_SYMBOLS = YES;
				OTHER_LDFLAGS = "";
				PATH_TO_SDK_ILLUSTRATORAPI_FOLDER = "/Users/t431962/Desktop/Adobe Illustrator CC 2015 SDK/illustratorapi";
				PATH_TO_SDK_SAMPLECODE_FOLDER = "/Users/t431962/Desktop/Adobe Illustrator CC 2015 SDK/samplecode";
				PREBINDING = NO;
				PRECOMPS_INCLUDE_HEADERS_FROM_BUILT_PRODUCTS_DIR = NO;
				PRESERVE_DEAD_CODE_INITS_AND_TERMS = NO;
				PRODUCT_NAME = SafeguardTools;
				PROJECTNAME = SafeguardTools;
				REZ_SEARCH_PATHS = "";
				SCAN_ALL_SOURCE_FILES_FOR_INCLUDES = YES;
				SDKROOT = macosx;
				SEPARATE_STRIP = NO;
				SHARED_PRECOMPS_DIR = "$(SRCROOT)/output/mac/sharedprecompiledheaders/$(AI_CONFIGURATION)";
				SKIP_INSTALL = NO;
				STRIP_INSTALLED_PRODUCT = YES;
				STRIP_STYLE = all;
				SYMROOT = "$(SRCROOT)/output/mac/$(AI_CONFIGURATION)";
				VALID_ARCHS = "i386 x86_64";
				WRAPPER_EXTENSION = aip;
				ZERO_LINK = NO;
			};
			name = release;
		};
		508817D809F0C9AE0071BF1A /* debug */ = {
			isa = XCBuildConfiguration;
			buildSettings = {
				CLANG_CXX_LANGUAGE_STANDARD = "c++14";
				CLANG_CXX_LIBRARY = "libc++";
				COMBINE_HIDPI_IMAGES = YES;
				CONFIGURATION_BUILD_DIR = "$(SRCROOT)/output/mac/$(AI_CONFIGURATION)";
				GCC_INPUT_FILETYPE = sourcecode.cpp.objcpp;
				GCC_VERSION = com.apple.compilers.llvm.clang.1_0;
				GCC_WARN_ABOUT_MISSING_PROTOTYPES = NO;
				HEADER_SEARCH_PATHS = (
					"\"$(PATH_TO_SDK_ILLUSTRATORAPI_FOLDER)\"/**",
					"/Developer/Headers/FlatCarbon/**",
					"./**",
					"\"$(PATH_TO_SDK_SAMPLECODE_FOLDER)/common\"/**",
					/Users/t431962/Desktop/rapidjson/include/rapidjson,
					/Users/t431962/Desktop/boost_1_60_0,
				);
				LIBRARY_SEARCH_PATHS = /Users/t431962/Desktop/boost_1_60_0/stage/lib;
				OTHER_LDFLAGS = "-lboost_system";
				SDKROOT = macosx;
				SHARED_PRECOMPS_DIR = "$(SRCROOT)/output/mac/sharedprecompiledheaders/$(AI_CONFIGURATION)";
				STRIP_STYLE = "non-global";
				SYMROOT = "$(SRCROOT)/output/mac/$(AI_CONFIGURATION)";
			};
			name = debug;
		};
		508817D909F0C9AE0071BF1A /* release */ = {
			isa = XCBuildConfiguration;
			buildSettings = {
				CLANG_CXX_LANGUAGE_STANDARD = "c++14";
				CLANG_CXX_LIBRARY = "libc++";
				COMBINE_HIDPI_IMAGES = YES;
				CONFIGURATION_BUILD_DIR = "$(SRCROOT)/output/mac/$(AI_CONFIGURATION)";
				GCC_INPUT_FILETYPE = sourcecode.cpp.objcpp;
				GCC_VERSION = com.apple.compilers.llvm.clang.1_0;
				GCC_WARN_ABOUT_MISSING_PROTOTYPES = NO;
				HEADER_SEARCH_PATHS = (
					"\"$(PATH_TO_SDK_ILLUSTRATORAPI_FOLDER)\"/**",
					"/Developer/Headers/FlatCarbon/**",
					"./**",
					"\"$(PATH_TO_SDK_SAMPLECODE_FOLDER)/common\"/**",
					/Users/t431962/Desktop/rapidjson/include/rapidjson,
					/Users/t431962/Desktop/boost_1_60_0,
				);
				LIBRARY_SEARCH_PATHS = /Users/t431962/Desktop/boost_1_60_0/stage/lib;
				OTHER_LDFLAGS = "-lboost_system";
				SDKROOT = macosx;
				SHARED_PRECOMPS_DIR = "$(SRCROOT)/output/mac/sharedprecompiledheaders/$(AI_CONFIGURATION)";
				STRIP_STYLE = "non-global";
				SYMROOT = "$(SRCROOT)/output/mac/$(AI_CONFIGURATION)";
			};
			name = release;
		};
/* End XCBuildConfiguration section */

/* Begin XCConfigurationList section */
		508817C509F0C9740071BF1A /* Build configuration list for PBXProject "SafeguardTools" */ = {
			isa = XCConfigurationList;
			buildConfigurations = (
				508817C609F0C9740071BF1A /* debug */,
				508817C709F0C9740071BF1A /* release */,
			);
			defaultConfigurationIsVisible = 0;
			defaultConfigurationName = debug;
		};
		508817D709F0C9AE0071BF1A /* Build configuration list for PBXNativeTarget "SafeguardTools" */ = {
			isa = XCConfigurationList;
			buildConfigurations = (
				508817D809F0C9AE0071BF1A /* debug */,
				508817D909F0C9AE0071BF1A /* release */,
			);
			defaultConfigurationIsVisible = 0;
			defaultConfigurationName = debug;
		};
/* End XCConfigurationList section */
	};
	rootObject = 508817C409F0C9740071BF1A /* Project object */;
}
